
Microsoft Visual Studio Solution File, Format Version 12.00
# Visual Studio Version 17
VisualStudioVersion = 17.1.32421.90
MinimumVisualStudioVersion = 10.0.40219.1
Project("{8BC9CEB8-8B4A-11D0-8D11-00A0C91BC942}") = "draw2d_cairo", "..\..\..\source\app\draw2d_cairo\nord_draw2d_cairo.vcxproj", "{06207BC4-C08B-4A2D-B754-F3BD46AD3098}"
	ProjectSection(ProjectDependencies) = postProject
		{AAB9136F-66DB-4CD3-9D6B-2085E951739A} = {AAB9136F-66DB-4CD3-9D6B-2085E951739A}
	EndProjectSection
EndProject
Project("{8BC9CEB8-8B4A-11D0-8D11-00A0C91BC942}") = "aura", "..\..\..\source\app\aura\nord_aura.vcxproj", "{AAB9136F-66DB-4CD3-9D6B-2085E951739A}"
EndProject
Project("{8BC9CEB8-8B4A-11D0-8D11-00A0C91BC942}") = "experience_core", "..\..\..\source\app\experience_core\nord_experience_core.vcxproj", "{0365BD5F-5C57-4DB4-9270-D850D2A84FBB}"
EndProject
Project("{8BC9CEB8-8B4A-11D0-8D11-00A0C91BC942}") = "app_simple_application", "..\..\..\source\app-simple\application\nord_app_simple_application.vcxproj", "{02E544AB-AA7C-4DB5-A078-657DF991214F}"
	ProjectSection(ProjectDependencies) = postProject
		{0365BD5F-5C57-4DB4-9270-D850D2A84FBB} = {0365BD5F-5C57-4DB4-9270-D850D2A84FBB}
		{AAB9136F-66DB-4CD3-9D6B-2085E951739A} = {AAB9136F-66DB-4CD3-9D6B-2085E951739A}
		{06207BC4-C08B-4A2D-B754-F3BD46AD3098} = {06207BC4-C08B-4A2D-B754-F3BD46AD3098}
	EndProjectSection
EndProject
Project("{8BC9CEB8-8B4A-11D0-8D11-00A0C91BC942}") = "app_simple_drawing", "..\..\..\source\app-simple\drawing\nord_app_simple_drawing.vcxproj", "{FECCEAED-349F-4FEB-890D-EDBCF451F310}"
	ProjectSection(ProjectDependencies) = postProject
		{0365BD5F-5C57-4DB4-9270-D850D2A84FBB} = {0365BD5F-5C57-4DB4-9270-D850D2A84FBB}
		{AAB9136F-66DB-4CD3-9D6B-2085E951739A} = {AAB9136F-66DB-4CD3-9D6B-2085E951739A}
		{06207BC4-C08B-4A2D-B754-F3BD46AD3098} = {06207BC4-C08B-4A2D-B754-F3BD46AD3098}
	EndProjectSection
EndProject
Project("{39E2626F-3545-4960-A6E8-258AD8476CE5}") = "android_app_simple_application", "..\..\seed-android\app-simple\application\android_app_simple_application.androidproj", "{69DDB6C0-589E-4E7D-94F0-02164144B8BA}"
EndProject
Project("{39E2626F-3545-4960-A6E8-258AD8476CE5}") = "android_app_simple_drawing", "..\..\seed-android\app-simple\drawing\android_app_simple_drawing.androidproj", "{FB3AC07E-9EBC-43EA-AEAD-F9773D154BFC}"
EndProject
Project("{8BC9CEB8-8B4A-11D0-8D11-00A0C91BC942}") = "acme", "..\..\..\source\app\acme\nord_acme.vcxproj", "{ECB0620D-BFA8-4F9B-B2AD-9D9C20A44FE9}"
EndProject
Project("{8BC9CEB8-8B4A-11D0-8D11-00A0C91BC942}") = "apex", "..\..\..\source\app\apex\nord_apex.vcxproj", "{9D102BB4-2054-4D90-A3E7-DD63BDF83982}"
EndProject
Project("{8BC9CEB8-8B4A-11D0-8D11-00A0C91BC942}") = "aqua", "..\..\..\source\app\aqua\nord_aqua.vcxproj", "{576B7916-147F-49F2-84B8-360D703894B5}"
EndProject
Project("{8BC9CEB8-8B4A-11D0-8D11-00A0C91BC942}") = "axis", "..\..\..\source\app\axis\nord_axis.vcxproj", "{6F5C86B4-07BB-45A5-9FB9-B7921BCBBF36}"
EndProject
Project("{8BC9CEB8-8B4A-11D0-8D11-00A0C91BC942}") = "base", "..\..\..\source\app\base\nord_base.vcxproj", "{15CCBA90-45F6-46FA-A1FD-AF4C40595697}"
EndProject
Project("{8BC9CEB8-8B4A-11D0-8D11-00A0C91BC942}") = "imaging_freeimage", "..\..\..\source\app\imaging_freeimage\nord_imaging_freeimage.vcxproj", "{3C4A93D3-9B9B-4EA9-8BCF-A53BE3A0F9B5}"
EndProject
Project("{39E2626F-3545-4960-A6E8-258AD8476CE5}") = "android_ace_ace", "..\..\seed-android\ace\ace\android_ace_ace.androidproj", "{48185620-E3EC-4BFB-BC89-E3F8321679C1}"
EndProject
Project("{8BC9CEB8-8B4A-11D0-8D11-00A0C91BC942}") = "acme_posix", "..\..\operating-system-posix\acme_posix\nord_acme_posix.vcxproj", "{92F2D035-26C5-48AE-8090-3E7E3AEC3D45}"
EndProject
Project("{8BC9CEB8-8B4A-11D0-8D11-00A0C91BC942}") = "apex_posix", "..\..\operating-system-posix\apex_posix\nord_apex_posix.vcxproj", "{7588CDD0-E83B-46A2-9910-0DA2E8D37E6D}"
EndProject
Project("{8BC9CEB8-8B4A-11D0-8D11-00A0C91BC942}") = "aura_posix", "..\..\operating-system-posix\aura_posix\nord_aura_posix.vcxproj", "{B23268D6-75CD-4F51-B3A7-FBFCE1552C7D}"
EndProject
Project("{8BC9CEB8-8B4A-11D0-8D11-00A0C91BC942}") = "acme_android", "..\acme_android\nord_acme_android.vcxproj", "{C296392C-DC67-41F2-BADC-7AD2F2F0FB3E}"
EndProject
Project("{8BC9CEB8-8B4A-11D0-8D11-00A0C91BC942}") = "apex_android", "..\apex_android\nord_apex_android.vcxproj", "{4220BCF1-DAC7-4A08-B434-437CC8F763B7}"
EndProject
Project("{8BC9CEB8-8B4A-11D0-8D11-00A0C91BC942}") = "aura_android", "..\aura_android\nord_aura_android.vcxproj", "{DF3B00C6-A62E-427E-AA59-233B10F9F933}"
EndProject
Project("{8BC9CEB8-8B4A-11D0-8D11-00A0C91BC942}") = "windowing_android", "..\windowing_android\nord_windowing_android.vcxproj", "{C8ABDF79-52B6-4FD1-92FF-42C9E6C253A7}"
EndProject
Project("{8BC9CEB8-8B4A-11D0-8D11-00A0C91BC942}") = "write_text_android", "..\write_text_android\nord_write_text_android.vcxproj", "{4991A865-CAA8-40C4-8DA6-CCB3A0F9BC47}"
EndProject
Project("{8BC9CEB8-8B4A-11D0-8D11-00A0C91BC942}") = "node_android", "..\node_android\nord_node_android.vcxproj", "{E31EDCB1-A35F-4D04-AFFE-6F37135D3BF9}"
EndProject
Project("{8BC9CEB8-8B4A-11D0-8D11-00A0C91BC942}") = "crypto_openssl", "..\..\..\source\app\crypto_openssl\nord_crypto_openssl.vcxproj", "{D2DC518F-3219-41B4-89F1-AC6055677ED0}"
EndProject
Project("{8BC9CEB8-8B4A-11D0-8D11-00A0C91BC942}") = "folder_zip", "..\..\..\source\app\folder_zip\nord_folder_zip.vcxproj", "{74CD7E4F-A9F4-4C9C-B7CE-0D8765201F66}"
EndProject
Project("{8BC9CEB8-8B4A-11D0-8D11-00A0C91BC942}") = "database_sqlite3", "..\..\..\source\app\database_sqlite3\nord_database_sqlite3.vcxproj", "{4F5ED26D-3B32-4BEC-8DE5-8CEA352438A4}"
EndProject
Project("{8BC9CEB8-8B4A-11D0-8D11-00A0C91BC942}") = "impl_app_simple_drawing", "..\..\..\source\app-simple\drawing\__implement\nord_impl_app_simple_drawing.vcxproj", "{CD623BB6-6398-4128-9755-3534AAC45895}"
EndProject
Project("{8BC9CEB8-8B4A-11D0-8D11-00A0C91BC942}") = "impl_app_simple_application", "..\..\..\source\app-simple\application\__implement\nord_impl_app_simple_application.vcxproj", "{7ABC4481-1476-4759-886C-26611E2E2FC9}"
EndProject
Global
	GlobalSection(SolutionConfigurationPlatforms) = preSolution
		Debug|Android = Debug|Android
		Debug|ARM = Debug|ARM
		Debug|ARM64 = Debug|ARM64
		Debug|x64 = Debug|x64
		Debug|x86 = Debug|x86
		Release|Android = Release|Android
		Release|ARM = Release|ARM
		Release|ARM64 = Release|ARM64
		Release|x64 = Release|x64
		Release|x86 = Release|x86
	EndGlobalSection
	GlobalSection(ProjectConfigurationPlatforms) = postSolution
		{06207BC4-C08B-4A2D-B754-F3BD46AD3098}.Debug|Android.ActiveCfg = Release|x86
		{06207BC4-C08B-4A2D-B754-F3BD46AD3098}.Debug|Android.Build.0 = Release|x86
		{06207BC4-C08B-4A2D-B754-F3BD46AD3098}.Debug|ARM.ActiveCfg = Release|ARM
		{06207BC4-C08B-4A2D-B754-F3BD46AD3098}.Debug|ARM.Build.0 = Release|ARM
		{06207BC4-C08B-4A2D-B754-F3BD46AD3098}.Debug|ARM64.ActiveCfg = Debug|x86
		{06207BC4-C08B-4A2D-B754-F3BD46AD3098}.Debug|ARM64.Build.0 = Debug|x86
		{06207BC4-C08B-4A2D-B754-F3BD46AD3098}.Debug|x64.ActiveCfg = Debug|x86
		{06207BC4-C08B-4A2D-B754-F3BD46AD3098}.Debug|x64.Build.0 = Debug|x86
		{06207BC4-C08B-4A2D-B754-F3BD46AD3098}.Debug|x86.ActiveCfg = Debug|x86
		{06207BC4-C08B-4A2D-B754-F3BD46AD3098}.Debug|x86.Build.0 = Debug|x86
		{06207BC4-C08B-4A2D-B754-F3BD46AD3098}.Release|Android.ActiveCfg = Release|x86
		{06207BC4-C08B-4A2D-B754-F3BD46AD3098}.Release|Android.Build.0 = Release|x86
		{06207BC4-C08B-4A2D-B754-F3BD46AD3098}.Release|ARM.ActiveCfg = Release|ARM
		{06207BC4-C08B-4A2D-B754-F3BD46AD3098}.Release|ARM.Build.0 = Release|ARM
		{06207BC4-C08B-4A2D-B754-F3BD46AD3098}.Release|ARM64.ActiveCfg = Release|x86
		{06207BC4-C08B-4A2D-B754-F3BD46AD3098}.Release|ARM64.Build.0 = Release|x86
		{06207BC4-C08B-4A2D-B754-F3BD46AD3098}.Release|x64.ActiveCfg = Release|x86
		{06207BC4-C08B-4A2D-B754-F3BD46AD3098}.Release|x64.Build.0 = Release|x86
		{06207BC4-C08B-4A2D-B754-F3BD46AD3098}.Release|x86.ActiveCfg = Release|x86
		{06207BC4-C08B-4A2D-B754-F3BD46AD3098}.Release|x86.Build.0 = Release|x86
		{AAB9136F-66DB-4CD3-9D6B-2085E951739A}.Debug|Android.ActiveCfg = Release|x86
		{AAB9136F-66DB-4CD3-9D6B-2085E951739A}.Debug|Android.Build.0 = Release|x86
		{AAB9136F-66DB-4CD3-9D6B-2085E951739A}.Debug|ARM.ActiveCfg = Release|ARM
		{AAB9136F-66DB-4CD3-9D6B-2085E951739A}.Debug|ARM.Build.0 = Release|ARM
		{AAB9136F-66DB-4CD3-9D6B-2085E951739A}.Debug|ARM64.ActiveCfg = Debug|x86
		{AAB9136F-66DB-4CD3-9D6B-2085E951739A}.Debug|ARM64.Build.0 = Debug|x86
		{AAB9136F-66DB-4CD3-9D6B-2085E951739A}.Debug|x64.ActiveCfg = Debug|x86
		{AAB9136F-66DB-4CD3-9D6B-2085E951739A}.Debug|x64.Build.0 = Debug|x86
		{AAB9136F-66DB-4CD3-9D6B-2085E951739A}.Debug|x86.ActiveCfg = Debug|x86
		{AAB9136F-66DB-4CD3-9D6B-2085E951739A}.Debug|x86.Build.0 = Debug|x86
		{AAB9136F-66DB-4CD3-9D6B-2085E951739A}.Release|Android.ActiveCfg = Release|x86
		{AAB9136F-66DB-4CD3-9D6B-2085E951739A}.Release|Android.Build.0 = Release|x86
		{AAB9136F-66DB-4CD3-9D6B-2085E951739A}.Release|ARM.ActiveCfg = Release|ARM
		{AAB9136F-66DB-4CD3-9D6B-2085E951739A}.Release|ARM.Build.0 = Release|ARM
		{AAB9136F-66DB-4CD3-9D6B-2085E951739A}.Release|ARM64.ActiveCfg = Release|x86
		{AAB9136F-66DB-4CD3-9D6B-2085E951739A}.Release|ARM64.Build.0 = Release|x86
		{AAB9136F-66DB-4CD3-9D6B-2085E951739A}.Release|x64.ActiveCfg = Release|x86
		{AAB9136F-66DB-4CD3-9D6B-2085E951739A}.Release|x64.Build.0 = Release|x86
		{AAB9136F-66DB-4CD3-9D6B-2085E951739A}.Release|x86.ActiveCfg = Release|x86
		{AAB9136F-66DB-4CD3-9D6B-2085E951739A}.Release|x86.Build.0 = Release|x86
		{0365BD5F-5C57-4DB4-9270-D850D2A84FBB}.Debug|Android.ActiveCfg = Release|ARM
		{0365BD5F-5C57-4DB4-9270-D850D2A84FBB}.Debug|Android.Build.0 = Release|ARM
		{0365BD5F-5C57-4DB4-9270-D850D2A84FBB}.Debug|ARM.ActiveCfg = Release|ARM
		{0365BD5F-5C57-4DB4-9270-D850D2A84FBB}.Debug|ARM.Build.0 = Release|ARM
		{0365BD5F-5C57-4DB4-9270-D850D2A84FBB}.Debug|ARM64.ActiveCfg = Debug|x86
		{0365BD5F-5C57-4DB4-9270-D850D2A84FBB}.Debug|ARM64.Build.0 = Debug|x86
		{0365BD5F-5C57-4DB4-9270-D850D2A84FBB}.Debug|x64.ActiveCfg = Debug|x86
		{0365BD5F-5C57-4DB4-9270-D850D2A84FBB}.Debug|x64.Build.0 = Debug|x86
		{0365BD5F-5C57-4DB4-9270-D850D2A84FBB}.Debug|x86.ActiveCfg = Debug|x86
		{0365BD5F-5C57-4DB4-9270-D850D2A84FBB}.Debug|x86.Build.0 = Debug|x86
		{0365BD5F-5C57-4DB4-9270-D850D2A84FBB}.Release|Android.ActiveCfg = Release|ARM
		{0365BD5F-5C57-4DB4-9270-D850D2A84FBB}.Release|Android.Build.0 = Release|ARM
		{0365BD5F-5C57-4DB4-9270-D850D2A84FBB}.Release|ARM.ActiveCfg = Release|ARM
		{0365BD5F-5C57-4DB4-9270-D850D2A84FBB}.Release|ARM.Build.0 = Release|ARM
		{0365BD5F-5C57-4DB4-9270-D850D2A84FBB}.Release|ARM64.ActiveCfg = Release|x86
		{0365BD5F-5C57-4DB4-9270-D850D2A84FBB}.Release|ARM64.Build.0 = Release|x86
		{0365BD5F-5C57-4DB4-9270-D850D2A84FBB}.Release|x64.ActiveCfg = Release|x86
		{0365BD5F-5C57-4DB4-9270-D850D2A84FBB}.Release|x64.Build.0 = Release|x86
		{0365BD5F-5C57-4DB4-9270-D850D2A84FBB}.Release|x86.ActiveCfg = Release|x86
		{0365BD5F-5C57-4DB4-9270-D850D2A84FBB}.Release|x86.Build.0 = Release|x86
		{02E544AB-AA7C-4DB5-A078-657DF991214F}.Debug|Android.ActiveCfg = Debug|x86
		{02E544AB-AA7C-4DB5-A078-657DF991214F}.Debug|ARM.ActiveCfg = Debug|ARM
		{02E544AB-AA7C-4DB5-A078-657DF991214F}.Debug|ARM.Build.0 = Debug|ARM
		{02E544AB-AA7C-4DB5-A078-657DF991214F}.Debug|ARM64.ActiveCfg = Debug|x86
		{02E544AB-AA7C-4DB5-A078-657DF991214F}.Debug|ARM64.Build.0 = Debug|x86
		{02E544AB-AA7C-4DB5-A078-657DF991214F}.Debug|x64.ActiveCfg = Debug|x86
		{02E544AB-AA7C-4DB5-A078-657DF991214F}.Debug|x64.Build.0 = Debug|x86
		{02E544AB-AA7C-4DB5-A078-657DF991214F}.Debug|x86.ActiveCfg = Debug|x86
		{02E544AB-AA7C-4DB5-A078-657DF991214F}.Debug|x86.Build.0 = Debug|x86
		{02E544AB-AA7C-4DB5-A078-657DF991214F}.Release|Android.ActiveCfg = Debug|x86
		{02E544AB-AA7C-4DB5-A078-657DF991214F}.Release|Android.Build.0 = Debug|x86
		{02E544AB-AA7C-4DB5-A078-657DF991214F}.Release|ARM.ActiveCfg = Debug|ARM
		{02E544AB-AA7C-4DB5-A078-657DF991214F}.Release|ARM.Build.0 = Debug|ARM
		{02E544AB-AA7C-4DB5-A078-657DF991214F}.Release|ARM64.ActiveCfg = Debug|x86
		{02E544AB-AA7C-4DB5-A078-657DF991214F}.Release|ARM64.Build.0 = Debug|x86
		{02E544AB-AA7C-4DB5-A078-657DF991214F}.Release|x64.ActiveCfg = Release|x86
		{02E544AB-AA7C-4DB5-A078-657DF991214F}.Release|x64.Build.0 = Release|x86
		{02E544AB-AA7C-4DB5-A078-657DF991214F}.Release|x86.ActiveCfg = Release|x86
		{02E544AB-AA7C-4DB5-A078-657DF991214F}.Release|x86.Build.0 = Release|x86
		{FECCEAED-349F-4FEB-890D-EDBCF451F310}.Debug|Android.ActiveCfg = Debug|x86
		{FECCEAED-349F-4FEB-890D-EDBCF451F310}.Debug|ARM.ActiveCfg = Debug|ARM
		{FECCEAED-349F-4FEB-890D-EDBCF451F310}.Debug|ARM.Build.0 = Debug|ARM
		{FECCEAED-349F-4FEB-890D-EDBCF451F310}.Debug|ARM64.ActiveCfg = Debug|x86
		{FECCEAED-349F-4FEB-890D-EDBCF451F310}.Debug|ARM64.Build.0 = Debug|x86
		{FECCEAED-349F-4FEB-890D-EDBCF451F310}.Debug|x64.ActiveCfg = Debug|x86
		{FECCEAED-349F-4FEB-890D-EDBCF451F310}.Debug|x64.Build.0 = Debug|x86
		{FECCEAED-349F-4FEB-890D-EDBCF451F310}.Debug|x86.ActiveCfg = Debug|x86
		{FECCEAED-349F-4FEB-890D-EDBCF451F310}.Debug|x86.Build.0 = Debug|x86
		{FECCEAED-349F-4FEB-890D-EDBCF451F310}.Release|Android.ActiveCfg = Debug|x86
		{FECCEAED-349F-4FEB-890D-EDBCF451F310}.Release|Android.Build.0 = Debug|x86
		{FECCEAED-349F-4FEB-890D-EDBCF451F310}.Release|ARM.ActiveCfg = Debug|ARM
		{FECCEAED-349F-4FEB-890D-EDBCF451F310}.Release|ARM.Build.0 = Debug|ARM
		{FECCEAED-349F-4FEB-890D-EDBCF451F310}.Release|ARM64.ActiveCfg = Debug|x86
		{FECCEAED-349F-4FEB-890D-EDBCF451F310}.Release|ARM64.Build.0 = Debug|x86
		{FECCEAED-349F-4FEB-890D-EDBCF451F310}.Release|x64.ActiveCfg = Release|x86
		{FECCEAED-349F-4FEB-890D-EDBCF451F310}.Release|x64.Build.0 = Release|x86
		{FECCEAED-349F-4FEB-890D-EDBCF451F310}.Release|x86.ActiveCfg = Release|x86
		{FECCEAED-349F-4FEB-890D-EDBCF451F310}.Release|x86.Build.0 = Release|x86
		{69DDB6C0-589E-4E7D-94F0-02164144B8BA}.Debug|Android.ActiveCfg = Release|x64
		{69DDB6C0-589E-4E7D-94F0-02164144B8BA}.Debug|Android.Build.0 = Release|x64
		{69DDB6C0-589E-4E7D-94F0-02164144B8BA}.Debug|Android.Deploy.0 = Release|x64
		{69DDB6C0-589E-4E7D-94F0-02164144B8BA}.Debug|ARM.ActiveCfg = Release|ARM
		{69DDB6C0-589E-4E7D-94F0-02164144B8BA}.Debug|ARM.Build.0 = Release|ARM
		{69DDB6C0-589E-4E7D-94F0-02164144B8BA}.Debug|ARM.Deploy.0 = Release|ARM
		{69DDB6C0-589E-4E7D-94F0-02164144B8BA}.Debug|ARM64.ActiveCfg = Debug|ARM64
		{69DDB6C0-589E-4E7D-94F0-02164144B8BA}.Debug|ARM64.Build.0 = Debug|ARM64
		{69DDB6C0-589E-4E7D-94F0-02164144B8BA}.Debug|ARM64.Deploy.0 = Debug|ARM64
		{69DDB6C0-589E-4E7D-94F0-02164144B8BA}.Debug|x64.ActiveCfg = Debug|x64
		{69DDB6C0-589E-4E7D-94F0-02164144B8BA}.Debug|x64.Build.0 = Debug|x64
		{69DDB6C0-589E-4E7D-94F0-02164144B8BA}.Debug|x64.Deploy.0 = Debug|x64
		{69DDB6C0-589E-4E7D-94F0-02164144B8BA}.Debug|x86.ActiveCfg = Debug|x86
		{69DDB6C0-589E-4E7D-94F0-02164144B8BA}.Debug|x86.Build.0 = Debug|x86
		{69DDB6C0-589E-4E7D-94F0-02164144B8BA}.Debug|x86.Deploy.0 = Debug|x86
		{69DDB6C0-589E-4E7D-94F0-02164144B8BA}.Release|Android.ActiveCfg = Release|x64
		{69DDB6C0-589E-4E7D-94F0-02164144B8BA}.Release|Android.Build.0 = Release|x64
		{69DDB6C0-589E-4E7D-94F0-02164144B8BA}.Release|Android.Deploy.0 = Release|x64
		{69DDB6C0-589E-4E7D-94F0-02164144B8BA}.Release|ARM.ActiveCfg = Release|ARM
		{69DDB6C0-589E-4E7D-94F0-02164144B8BA}.Release|ARM.Build.0 = Release|ARM
		{69DDB6C0-589E-4E7D-94F0-02164144B8BA}.Release|ARM.Deploy.0 = Release|ARM
		{69DDB6C0-589E-4E7D-94F0-02164144B8BA}.Release|ARM64.ActiveCfg = Release|ARM64
		{69DDB6C0-589E-4E7D-94F0-02164144B8BA}.Release|ARM64.Build.0 = Release|ARM64
		{69DDB6C0-589E-4E7D-94F0-02164144B8BA}.Release|ARM64.Deploy.0 = Release|ARM64
		{69DDB6C0-589E-4E7D-94F0-02164144B8BA}.Release|x64.ActiveCfg = Release|x64
		{69DDB6C0-589E-4E7D-94F0-02164144B8BA}.Release|x64.Build.0 = Release|x64
		{69DDB6C0-589E-4E7D-94F0-02164144B8BA}.Release|x64.Deploy.0 = Release|x64
		{69DDB6C0-589E-4E7D-94F0-02164144B8BA}.Release|x86.ActiveCfg = Release|x86
		{69DDB6C0-589E-4E7D-94F0-02164144B8BA}.Release|x86.Build.0 = Release|x86
		{69DDB6C0-589E-4E7D-94F0-02164144B8BA}.Release|x86.Deploy.0 = Release|x86
		{FB3AC07E-9EBC-43EA-AEAD-F9773D154BFC}.Debug|Android.ActiveCfg = Release|x64
		{FB3AC07E-9EBC-43EA-AEAD-F9773D154BFC}.Debug|Android.Build.0 = Release|x64
		{FB3AC07E-9EBC-43EA-AEAD-F9773D154BFC}.Debug|Android.Deploy.0 = Release|x64
		{FB3AC07E-9EBC-43EA-AEAD-F9773D154BFC}.Debug|ARM.ActiveCfg = Release|ARM
		{FB3AC07E-9EBC-43EA-AEAD-F9773D154BFC}.Debug|ARM.Build.0 = Release|ARM
		{FB3AC07E-9EBC-43EA-AEAD-F9773D154BFC}.Debug|ARM.Deploy.0 = Release|ARM
		{FB3AC07E-9EBC-43EA-AEAD-F9773D154BFC}.Debug|ARM64.ActiveCfg = Debug2|ARM64
		{FB3AC07E-9EBC-43EA-AEAD-F9773D154BFC}.Debug|x64.ActiveCfg = Debug|x64
		{FB3AC07E-9EBC-43EA-AEAD-F9773D154BFC}.Debug|x86.ActiveCfg = Debug|x86
		{FB3AC07E-9EBC-43EA-AEAD-F9773D154BFC}.Debug|x86.Build.0 = Debug|x86
		{FB3AC07E-9EBC-43EA-AEAD-F9773D154BFC}.Debug|x86.Deploy.0 = Debug|x86
		{FB3AC07E-9EBC-43EA-AEAD-F9773D154BFC}.Release|Android.ActiveCfg = Release|x64
		{FB3AC07E-9EBC-43EA-AEAD-F9773D154BFC}.Release|Android.Build.0 = Release|x64
		{FB3AC07E-9EBC-43EA-AEAD-F9773D154BFC}.Release|Android.Deploy.0 = Release|x64
		{FB3AC07E-9EBC-43EA-AEAD-F9773D154BFC}.Release|ARM.ActiveCfg = Release|ARM
		{FB3AC07E-9EBC-43EA-AEAD-F9773D154BFC}.Release|ARM.Build.0 = Release|ARM
		{FB3AC07E-9EBC-43EA-AEAD-F9773D154BFC}.Release|ARM.Deploy.0 = Release|ARM
		{FB3AC07E-9EBC-43EA-AEAD-F9773D154BFC}.Release|ARM64.ActiveCfg = Release|ARM64
		{FB3AC07E-9EBC-43EA-AEAD-F9773D154BFC}.Release|ARM64.Build.0 = Release|ARM64
		{FB3AC07E-9EBC-43EA-AEAD-F9773D154BFC}.Release|ARM64.Deploy.0 = Release|ARM64
		{FB3AC07E-9EBC-43EA-AEAD-F9773D154BFC}.Release|x64.ActiveCfg = Release|x64
		{FB3AC07E-9EBC-43EA-AEAD-F9773D154BFC}.Release|x64.Build.0 = Release|x64
		{FB3AC07E-9EBC-43EA-AEAD-F9773D154BFC}.Release|x64.Deploy.0 = Release|x64
		{FB3AC07E-9EBC-43EA-AEAD-F9773D154BFC}.Release|x86.ActiveCfg = Release|x86
		{FB3AC07E-9EBC-43EA-AEAD-F9773D154BFC}.Release|x86.Build.0 = Release|x86
		{FB3AC07E-9EBC-43EA-AEAD-F9773D154BFC}.Release|x86.Deploy.0 = Release|x86
		{ECB0620D-BFA8-4F9B-B2AD-9D9C20A44FE9}.Debug|Android.ActiveCfg = Debug|x86
		{ECB0620D-BFA8-4F9B-B2AD-9D9C20A44FE9}.Debug|ARM.ActiveCfg = Debug|ARM
		{ECB0620D-BFA8-4F9B-B2AD-9D9C20A44FE9}.Debug|ARM.Build.0 = Debug|ARM
		{ECB0620D-BFA8-4F9B-B2AD-9D9C20A44FE9}.Debug|ARM64.ActiveCfg = Debug|x86
		{ECB0620D-BFA8-4F9B-B2AD-9D9C20A44FE9}.Debug|ARM64.Build.0 = Debug|x86
		{ECB0620D-BFA8-4F9B-B2AD-9D9C20A44FE9}.Debug|x64.ActiveCfg = Debug|x86
		{ECB0620D-BFA8-4F9B-B2AD-9D9C20A44FE9}.Debug|x64.Build.0 = Debug|x86
		{ECB0620D-BFA8-4F9B-B2AD-9D9C20A44FE9}.Debug|x86.ActiveCfg = Debug|x86
		{ECB0620D-BFA8-4F9B-B2AD-9D9C20A44FE9}.Debug|x86.Build.0 = Debug|x86
		{ECB0620D-BFA8-4F9B-B2AD-9D9C20A44FE9}.Release|Android.ActiveCfg = Debug|x86
		{ECB0620D-BFA8-4F9B-B2AD-9D9C20A44FE9}.Release|Android.Build.0 = Debug|x86
		{ECB0620D-BFA8-4F9B-B2AD-9D9C20A44FE9}.Release|ARM.ActiveCfg = Release|ARM
		{ECB0620D-BFA8-4F9B-B2AD-9D9C20A44FE9}.Release|ARM.Build.0 = Release|ARM
		{ECB0620D-BFA8-4F9B-B2AD-9D9C20A44FE9}.Release|ARM64.ActiveCfg = Debug|x86
		{ECB0620D-BFA8-4F9B-B2AD-9D9C20A44FE9}.Release|ARM64.Build.0 = Debug|x86
		{ECB0620D-BFA8-4F9B-B2AD-9D9C20A44FE9}.Release|x64.ActiveCfg = Release|x86
		{ECB0620D-BFA8-4F9B-B2AD-9D9C20A44FE9}.Release|x64.Build.0 = Release|x86
		{ECB0620D-BFA8-4F9B-B2AD-9D9C20A44FE9}.Release|x86.ActiveCfg = Release|x86
		{ECB0620D-BFA8-4F9B-B2AD-9D9C20A44FE9}.Release|x86.Build.0 = Release|x86
		{9D102BB4-2054-4D90-A3E7-DD63BDF83982}.Debug|Android.ActiveCfg = Debug|x86
		{9D102BB4-2054-4D90-A3E7-DD63BDF83982}.Debug|ARM.ActiveCfg = Debug|ARM
		{9D102BB4-2054-4D90-A3E7-DD63BDF83982}.Debug|ARM.Build.0 = Debug|ARM
		{9D102BB4-2054-4D90-A3E7-DD63BDF83982}.Debug|ARM64.ActiveCfg = Debug|x86
		{9D102BB4-2054-4D90-A3E7-DD63BDF83982}.Debug|ARM64.Build.0 = Debug|x86
		{9D102BB4-2054-4D90-A3E7-DD63BDF83982}.Debug|x64.ActiveCfg = Debug|x86
		{9D102BB4-2054-4D90-A3E7-DD63BDF83982}.Debug|x64.Build.0 = Debug|x86
		{9D102BB4-2054-4D90-A3E7-DD63BDF83982}.Debug|x86.ActiveCfg = Debug|x86
		{9D102BB4-2054-4D90-A3E7-DD63BDF83982}.Debug|x86.Build.0 = Debug|x86
		{9D102BB4-2054-4D90-A3E7-DD63BDF83982}.Release|Android.ActiveCfg = Release|ARM
		{9D102BB4-2054-4D90-A3E7-DD63BDF83982}.Release|Android.Build.0 = Release|ARM
		{9D102BB4-2054-4D90-A3E7-DD63BDF83982}.Release|ARM.ActiveCfg = Release|ARM
		{9D102BB4-2054-4D90-A3E7-DD63BDF83982}.Release|ARM.Build.0 = Release|ARM
		{9D102BB4-2054-4D90-A3E7-DD63BDF83982}.Release|ARM64.ActiveCfg = Release|ARM
		{9D102BB4-2054-4D90-A3E7-DD63BDF83982}.Release|ARM64.Build.0 = Release|ARM
		{9D102BB4-2054-4D90-A3E7-DD63BDF83982}.Release|x64.ActiveCfg = Release|ARM
		{9D102BB4-2054-4D90-A3E7-DD63BDF83982}.Release|x64.Build.0 = Release|ARM
		{9D102BB4-2054-4D90-A3E7-DD63BDF83982}.Release|x86.ActiveCfg = Release|x86
		{9D102BB4-2054-4D90-A3E7-DD63BDF83982}.Release|x86.Build.0 = Release|x86
		{576B7916-147F-49F2-84B8-360D703894B5}.Debug|Android.ActiveCfg = Debug|x86
		{576B7916-147F-49F2-84B8-360D703894B5}.Debug|ARM.ActiveCfg = Debug|ARM
		{576B7916-147F-49F2-84B8-360D703894B5}.Debug|ARM.Build.0 = Debug|ARM
		{576B7916-147F-49F2-84B8-360D703894B5}.Debug|ARM64.ActiveCfg = Debug|x86
		{576B7916-147F-49F2-84B8-360D703894B5}.Debug|ARM64.Build.0 = Debug|x86
		{576B7916-147F-49F2-84B8-360D703894B5}.Debug|x64.ActiveCfg = Debug|x86
		{576B7916-147F-49F2-84B8-360D703894B5}.Debug|x64.Build.0 = Debug|x86
		{576B7916-147F-49F2-84B8-360D703894B5}.Debug|x86.ActiveCfg = Debug|x86
		{576B7916-147F-49F2-84B8-360D703894B5}.Debug|x86.Build.0 = Debug|x86
		{576B7916-147F-49F2-84B8-360D703894B5}.Release|Android.ActiveCfg = Release|ARM
		{576B7916-147F-49F2-84B8-360D703894B5}.Release|Android.Build.0 = Release|ARM
		{576B7916-147F-49F2-84B8-360D703894B5}.Release|ARM.ActiveCfg = Release|ARM
		{576B7916-147F-49F2-84B8-360D703894B5}.Release|ARM.Build.0 = Release|ARM
		{576B7916-147F-49F2-84B8-360D703894B5}.Release|ARM64.ActiveCfg = Release|ARM
		{576B7916-147F-49F2-84B8-360D703894B5}.Release|ARM64.Build.0 = Release|ARM
		{576B7916-147F-49F2-84B8-360D703894B5}.Release|x64.ActiveCfg = Release|ARM
		{576B7916-147F-49F2-84B8-360D703894B5}.Release|x64.Build.0 = Release|ARM
		{576B7916-147F-49F2-84B8-360D703894B5}.Release|x86.ActiveCfg = Release|x86
		{576B7916-147F-49F2-84B8-360D703894B5}.Release|x86.Build.0 = Release|x86
		{6F5C86B4-07BB-45A5-9FB9-B7921BCBBF36}.Debug|Android.ActiveCfg = Debug|x86
		{6F5C86B4-07BB-45A5-9FB9-B7921BCBBF36}.Debug|ARM.ActiveCfg = Debug|ARM
		{6F5C86B4-07BB-45A5-9FB9-B7921BCBBF36}.Debug|ARM.Build.0 = Debug|ARM
		{6F5C86B4-07BB-45A5-9FB9-B7921BCBBF36}.Debug|ARM64.ActiveCfg = Debug|x86
		{6F5C86B4-07BB-45A5-9FB9-B7921BCBBF36}.Debug|ARM64.Build.0 = Debug|x86
		{6F5C86B4-07BB-45A5-9FB9-B7921BCBBF36}.Debug|x64.ActiveCfg = Debug|x86
		{6F5C86B4-07BB-45A5-9FB9-B7921BCBBF36}.Debug|x64.Build.0 = Debug|x86
		{6F5C86B4-07BB-45A5-9FB9-B7921BCBBF36}.Debug|x86.ActiveCfg = Debug|x86
		{6F5C86B4-07BB-45A5-9FB9-B7921BCBBF36}.Debug|x86.Build.0 = Debug|x86
		{6F5C86B4-07BB-45A5-9FB9-B7921BCBBF36}.Release|Android.ActiveCfg = Debug|x86
		{6F5C86B4-07BB-45A5-9FB9-B7921BCBBF36}.Release|Android.Build.0 = Debug|x86
		{6F5C86B4-07BB-45A5-9FB9-B7921BCBBF36}.Release|ARM.ActiveCfg = Release|ARM
		{6F5C86B4-07BB-45A5-9FB9-B7921BCBBF36}.Release|ARM.Build.0 = Release|ARM
		{6F5C86B4-07BB-45A5-9FB9-B7921BCBBF36}.Release|ARM64.ActiveCfg = Debug|x86
		{6F5C86B4-07BB-45A5-9FB9-B7921BCBBF36}.Release|ARM64.Build.0 = Debug|x86
		{6F5C86B4-07BB-45A5-9FB9-B7921BCBBF36}.Release|x64.ActiveCfg = Release|x86
		{6F5C86B4-07BB-45A5-9FB9-B7921BCBBF36}.Release|x64.Build.0 = Release|x86
		{6F5C86B4-07BB-45A5-9FB9-B7921BCBBF36}.Release|x86.ActiveCfg = Release|x86
		{6F5C86B4-07BB-45A5-9FB9-B7921BCBBF36}.Release|x86.Build.0 = Release|x86
		{15CCBA90-45F6-46FA-A1FD-AF4C40595697}.Debug|Android.ActiveCfg = Debug|x86
		{15CCBA90-45F6-46FA-A1FD-AF4C40595697}.Debug|ARM.ActiveCfg = Debug|ARM
		{15CCBA90-45F6-46FA-A1FD-AF4C40595697}.Debug|ARM.Build.0 = Debug|ARM
		{15CCBA90-45F6-46FA-A1FD-AF4C40595697}.Debug|ARM64.ActiveCfg = Debug|x86
		{15CCBA90-45F6-46FA-A1FD-AF4C40595697}.Debug|ARM64.Build.0 = Debug|x86
		{15CCBA90-45F6-46FA-A1FD-AF4C40595697}.Debug|x64.ActiveCfg = Debug|x86
		{15CCBA90-45F6-46FA-A1FD-AF4C40595697}.Debug|x64.Build.0 = Debug|x86
		{15CCBA90-45F6-46FA-A1FD-AF4C40595697}.Debug|x86.ActiveCfg = Debug|x86
		{15CCBA90-45F6-46FA-A1FD-AF4C40595697}.Debug|x86.Build.0 = Debug|x86
		{15CCBA90-45F6-46FA-A1FD-AF4C40595697}.Release|Android.ActiveCfg = Debug|x86
		{15CCBA90-45F6-46FA-A1FD-AF4C40595697}.Release|Android.Build.0 = Debug|x86
		{15CCBA90-45F6-46FA-A1FD-AF4C40595697}.Release|ARM.ActiveCfg = Release|ARM
		{15CCBA90-45F6-46FA-A1FD-AF4C40595697}.Release|ARM.Build.0 = Release|ARM
		{15CCBA90-45F6-46FA-A1FD-AF4C40595697}.Release|ARM64.ActiveCfg = Debug|x86
		{15CCBA90-45F6-46FA-A1FD-AF4C40595697}.Release|ARM64.Build.0 = Debug|x86
		{15CCBA90-45F6-46FA-A1FD-AF4C40595697}.Release|x64.ActiveCfg = Release|x86
		{15CCBA90-45F6-46FA-A1FD-AF4C40595697}.Release|x64.Build.0 = Release|x86
		{15CCBA90-45F6-46FA-A1FD-AF4C40595697}.Release|x86.ActiveCfg = Release|x86
		{15CCBA90-45F6-46FA-A1FD-AF4C40595697}.Release|x86.Build.0 = Release|x86
		{3C4A93D3-9B9B-4EA9-8BCF-A53BE3A0F9B5}.Debug|Android.ActiveCfg = Debug|x86
		{3C4A93D3-9B9B-4EA9-8BCF-A53BE3A0F9B5}.Debug|ARM.ActiveCfg = Debug|ARM
		{3C4A93D3-9B9B-4EA9-8BCF-A53BE3A0F9B5}.Debug|ARM.Build.0 = Debug|ARM
		{3C4A93D3-9B9B-4EA9-8BCF-A53BE3A0F9B5}.Debug|ARM64.ActiveCfg = Debug|x86
		{3C4A93D3-9B9B-4EA9-8BCF-A53BE3A0F9B5}.Debug|ARM64.Build.0 = Debug|x86
		{3C4A93D3-9B9B-4EA9-8BCF-A53BE3A0F9B5}.Debug|x64.ActiveCfg = Debug|x86
		{3C4A93D3-9B9B-4EA9-8BCF-A53BE3A0F9B5}.Debug|x64.Build.0 = Debug|x86
		{3C4A93D3-9B9B-4EA9-8BCF-A53BE3A0F9B5}.Debug|x86.ActiveCfg = Debug|x86
		{3C4A93D3-9B9B-4EA9-8BCF-A53BE3A0F9B5}.Debug|x86.Build.0 = Debug|x86
		{3C4A93D3-9B9B-4EA9-8BCF-A53BE3A0F9B5}.Release|Android.ActiveCfg = Release|ARM
		{3C4A93D3-9B9B-4EA9-8BCF-A53BE3A0F9B5}.Release|Android.Build.0 = Release|ARM
		{3C4A93D3-9B9B-4EA9-8BCF-A53BE3A0F9B5}.Release|ARM.ActiveCfg = Release|ARM
		{3C4A93D3-9B9B-4EA9-8BCF-A53BE3A0F9B5}.Release|ARM.Build.0 = Release|ARM
		{3C4A93D3-9B9B-4EA9-8BCF-A53BE3A0F9B5}.Release|ARM64.ActiveCfg = Release|ARM
		{3C4A93D3-9B9B-4EA9-8BCF-A53BE3A0F9B5}.Release|ARM64.Build.0 = Release|ARM
		{3C4A93D3-9B9B-4EA9-8BCF-A53BE3A0F9B5}.Release|x64.ActiveCfg = Release|ARM
		{3C4A93D3-9B9B-4EA9-8BCF-A53BE3A0F9B5}.Release|x64.Build.0 = Release|ARM
		{3C4A93D3-9B9B-4EA9-8BCF-A53BE3A0F9B5}.Release|x86.ActiveCfg = Release|x86
		{3C4A93D3-9B9B-4EA9-8BCF-A53BE3A0F9B5}.Release|x86.Build.0 = Release|x86
		{48185620-E3EC-4BFB-BC89-E3F8321679C1}.Debug|Android.ActiveCfg = Debug|x86
		{48185620-E3EC-4BFB-BC89-E3F8321679C1}.Debug|Android.Build.0 = Debug|x86
		{48185620-E3EC-4BFB-BC89-E3F8321679C1}.Debug|ARM.ActiveCfg = Debug|ARM
		{48185620-E3EC-4BFB-BC89-E3F8321679C1}.Debug|ARM.Build.0 = Debug|ARM
		{48185620-E3EC-4BFB-BC89-E3F8321679C1}.Debug|ARM64.ActiveCfg = Debug|x86
		{48185620-E3EC-4BFB-BC89-E3F8321679C1}.Debug|ARM64.Build.0 = Debug|x86
		{48185620-E3EC-4BFB-BC89-E3F8321679C1}.Debug|x64.ActiveCfg = Debug|x86
		{48185620-E3EC-4BFB-BC89-E3F8321679C1}.Debug|x64.Build.0 = Debug|x86
		{48185620-E3EC-4BFB-BC89-E3F8321679C1}.Debug|x86.ActiveCfg = Debug|x86
		{48185620-E3EC-4BFB-BC89-E3F8321679C1}.Debug|x86.Build.0 = Debug|x86
		{48185620-E3EC-4BFB-BC89-E3F8321679C1}.Release|Android.ActiveCfg = Release|x86
		{48185620-E3EC-4BFB-BC89-E3F8321679C1}.Release|Android.Build.0 = Release|x86
		{48185620-E3EC-4BFB-BC89-E3F8321679C1}.Release|ARM.ActiveCfg = Release|ARM
		{48185620-E3EC-4BFB-BC89-E3F8321679C1}.Release|ARM.Build.0 = Release|ARM
		{48185620-E3EC-4BFB-BC89-E3F8321679C1}.Release|ARM64.ActiveCfg = Release|x86
		{48185620-E3EC-4BFB-BC89-E3F8321679C1}.Release|ARM64.Build.0 = Release|x86
		{48185620-E3EC-4BFB-BC89-E3F8321679C1}.Release|x64.ActiveCfg = Release|x86
		{48185620-E3EC-4BFB-BC89-E3F8321679C1}.Release|x64.Build.0 = Release|x86
		{48185620-E3EC-4BFB-BC89-E3F8321679C1}.Release|x86.ActiveCfg = Release|x86
		{48185620-E3EC-4BFB-BC89-E3F8321679C1}.Release|x86.Build.0 = Release|x86
		{92F2D035-26C5-48AE-8090-3E7E3AEC3D45}.Debug|Android.ActiveCfg = Debug|x86
		{92F2D035-26C5-48AE-8090-3E7E3AEC3D45}.Debug|Android.Build.0 = Debug|x86
		{92F2D035-26C5-48AE-8090-3E7E3AEC3D45}.Debug|ARM.ActiveCfg = Debug|ARM
		{92F2D035-26C5-48AE-8090-3E7E3AEC3D45}.Debug|ARM.Build.0 = Debug|ARM
		{92F2D035-26C5-48AE-8090-3E7E3AEC3D45}.Debug|ARM64.ActiveCfg = Debug|x86
		{92F2D035-26C5-48AE-8090-3E7E3AEC3D45}.Debug|ARM64.Build.0 = Debug|x86
		{92F2D035-26C5-48AE-8090-3E7E3AEC3D45}.Debug|x64.ActiveCfg = Debug|x86
		{92F2D035-26C5-48AE-8090-3E7E3AEC3D45}.Debug|x64.Build.0 = Debug|x86
		{92F2D035-26C5-48AE-8090-3E7E3AEC3D45}.Debug|x86.ActiveCfg = Debug|x86
		{92F2D035-26C5-48AE-8090-3E7E3AEC3D45}.Debug|x86.Build.0 = Debug|x86
		{92F2D035-26C5-48AE-8090-3E7E3AEC3D45}.Release|Android.ActiveCfg = Release|x86
		{92F2D035-26C5-48AE-8090-3E7E3AEC3D45}.Release|Android.Build.0 = Release|x86
		{92F2D035-26C5-48AE-8090-3E7E3AEC3D45}.Release|ARM.ActiveCfg = Release|ARM
		{92F2D035-26C5-48AE-8090-3E7E3AEC3D45}.Release|ARM.Build.0 = Release|ARM
		{92F2D035-26C5-48AE-8090-3E7E3AEC3D45}.Release|ARM64.ActiveCfg = Release|x86
		{92F2D035-26C5-48AE-8090-3E7E3AEC3D45}.Release|ARM64.Build.0 = Release|x86
		{92F2D035-26C5-48AE-8090-3E7E3AEC3D45}.Release|x64.ActiveCfg = Release|x86
		{92F2D035-26C5-48AE-8090-3E7E3AEC3D45}.Release|x64.Build.0 = Release|x86
		{92F2D035-26C5-48AE-8090-3E7E3AEC3D45}.Release|x86.ActiveCfg = Release|x86
		{92F2D035-26C5-48AE-8090-3E7E3AEC3D45}.Release|x86.Build.0 = Release|x86
		{7588CDD0-E83B-46A2-9910-0DA2E8D37E6D}.Debug|Android.ActiveCfg = Debug|x86
		{7588CDD0-E83B-46A2-9910-0DA2E8D37E6D}.Debug|Android.Build.0 = Debug|x86
		{7588CDD0-E83B-46A2-9910-0DA2E8D37E6D}.Debug|ARM.ActiveCfg = Debug|ARM
		{7588CDD0-E83B-46A2-9910-0DA2E8D37E6D}.Debug|ARM.Build.0 = Debug|ARM
		{7588CDD0-E83B-46A2-9910-0DA2E8D37E6D}.Debug|ARM64.ActiveCfg = Debug|x86
		{7588CDD0-E83B-46A2-9910-0DA2E8D37E6D}.Debug|ARM64.Build.0 = Debug|x86
		{7588CDD0-E83B-46A2-9910-0DA2E8D37E6D}.Debug|x64.ActiveCfg = Debug|x86
		{7588CDD0-E83B-46A2-9910-0DA2E8D37E6D}.Debug|x64.Build.0 = Debug|x86
		{7588CDD0-E83B-46A2-9910-0DA2E8D37E6D}.Debug|x86.ActiveCfg = Debug|x86
		{7588CDD0-E83B-46A2-9910-0DA2E8D37E6D}.Debug|x86.Build.0 = Debug|x86
		{7588CDD0-E83B-46A2-9910-0DA2E8D37E6D}.Release|Android.ActiveCfg = Release|x86
		{7588CDD0-E83B-46A2-9910-0DA2E8D37E6D}.Release|Android.Build.0 = Release|x86
		{7588CDD0-E83B-46A2-9910-0DA2E8D37E6D}.Release|ARM.ActiveCfg = Release|ARM
		{7588CDD0-E83B-46A2-9910-0DA2E8D37E6D}.Release|ARM.Build.0 = Release|ARM
		{7588CDD0-E83B-46A2-9910-0DA2E8D37E6D}.Release|ARM64.ActiveCfg = Release|x86
		{7588CDD0-E83B-46A2-9910-0DA2E8D37E6D}.Release|ARM64.Build.0 = Release|x86
		{7588CDD0-E83B-46A2-9910-0DA2E8D37E6D}.Release|x64.ActiveCfg = Release|x86
		{7588CDD0-E83B-46A2-9910-0DA2E8D37E6D}.Release|x64.Build.0 = Release|x86
		{7588CDD0-E83B-46A2-9910-0DA2E8D37E6D}.Release|x86.ActiveCfg = Release|x86
		{7588CDD0-E83B-46A2-9910-0DA2E8D37E6D}.Release|x86.Build.0 = Release|x86
		{B23268D6-75CD-4F51-B3A7-FBFCE1552C7D}.Debug|Android.ActiveCfg = Debug|x86
		{B23268D6-75CD-4F51-B3A7-FBFCE1552C7D}.Debug|Android.Build.0 = Debug|x86
		{B23268D6-75CD-4F51-B3A7-FBFCE1552C7D}.Debug|ARM.ActiveCfg = Debug|ARM
		{B23268D6-75CD-4F51-B3A7-FBFCE1552C7D}.Debug|ARM.Build.0 = Debug|ARM
		{B23268D6-75CD-4F51-B3A7-FBFCE1552C7D}.Debug|ARM64.ActiveCfg = Debug|x86
		{B23268D6-75CD-4F51-B3A7-FBFCE1552C7D}.Debug|ARM64.Build.0 = Debug|x86
		{B23268D6-75CD-4F51-B3A7-FBFCE1552C7D}.Debug|x64.ActiveCfg = Debug|x86
		{B23268D6-75CD-4F51-B3A7-FBFCE1552C7D}.Debug|x64.Build.0 = Debug|x86
		{B23268D6-75CD-4F51-B3A7-FBFCE1552C7D}.Debug|x86.ActiveCfg = Debug|x86
		{B23268D6-75CD-4F51-B3A7-FBFCE1552C7D}.Debug|x86.Build.0 = Debug|x86
		{B23268D6-75CD-4F51-B3A7-FBFCE1552C7D}.Release|Android.ActiveCfg = Release|x86
		{B23268D6-75CD-4F51-B3A7-FBFCE1552C7D}.Release|Android.Build.0 = Release|x86
		{B23268D6-75CD-4F51-B3A7-FBFCE1552C7D}.Release|ARM.ActiveCfg = Release|ARM
		{B23268D6-75CD-4F51-B3A7-FBFCE1552C7D}.Release|ARM.Build.0 = Release|ARM
		{B23268D6-75CD-4F51-B3A7-FBFCE1552C7D}.Release|ARM64.ActiveCfg = Release|x86
		{B23268D6-75CD-4F51-B3A7-FBFCE1552C7D}.Release|ARM64.Build.0 = Release|x86
		{B23268D6-75CD-4F51-B3A7-FBFCE1552C7D}.Release|x64.ActiveCfg = Release|x86
		{B23268D6-75CD-4F51-B3A7-FBFCE1552C7D}.Release|x64.Build.0 = Release|x86
		{B23268D6-75CD-4F51-B3A7-FBFCE1552C7D}.Release|x86.ActiveCfg = Release|x86
		{B23268D6-75CD-4F51-B3A7-FBFCE1552C7D}.Release|x86.Build.0 = Release|x86
		{C296392C-DC67-41F2-BADC-7AD2F2F0FB3E}.Debug|Android.ActiveCfg = Debug|x86
		{C296392C-DC67-41F2-BADC-7AD2F2F0FB3E}.Debug|Android.Build.0 = Debug|x86
		{C296392C-DC67-41F2-BADC-7AD2F2F0FB3E}.Debug|ARM.ActiveCfg = Debug|ARM
		{C296392C-DC67-41F2-BADC-7AD2F2F0FB3E}.Debug|ARM.Build.0 = Debug|ARM
		{C296392C-DC67-41F2-BADC-7AD2F2F0FB3E}.Debug|ARM64.ActiveCfg = Debug|x86
		{C296392C-DC67-41F2-BADC-7AD2F2F0FB3E}.Debug|ARM64.Build.0 = Debug|x86
		{C296392C-DC67-41F2-BADC-7AD2F2F0FB3E}.Debug|x64.ActiveCfg = Debug|x86
		{C296392C-DC67-41F2-BADC-7AD2F2F0FB3E}.Debug|x64.Build.0 = Debug|x86
		{C296392C-DC67-41F2-BADC-7AD2F2F0FB3E}.Debug|x86.ActiveCfg = Debug|x86
		{C296392C-DC67-41F2-BADC-7AD2F2F0FB3E}.Debug|x86.Build.0 = Debug|x86
		{C296392C-DC67-41F2-BADC-7AD2F2F0FB3E}.Release|Android.ActiveCfg = Release|x86
		{C296392C-DC67-41F2-BADC-7AD2F2F0FB3E}.Release|Android.Build.0 = Release|x86
		{C296392C-DC67-41F2-BADC-7AD2F2F0FB3E}.Release|ARM.ActiveCfg = Release|ARM
		{C296392C-DC67-41F2-BADC-7AD2F2F0FB3E}.Release|ARM.Build.0 = Release|ARM
		{C296392C-DC67-41F2-BADC-7AD2F2F0FB3E}.Release|ARM64.ActiveCfg = Release|x86
		{C296392C-DC67-41F2-BADC-7AD2F2F0FB3E}.Release|ARM64.Build.0 = Release|x86
		{C296392C-DC67-41F2-BADC-7AD2F2F0FB3E}.Release|x64.ActiveCfg = Release|x86
		{C296392C-DC67-41F2-BADC-7AD2F2F0FB3E}.Release|x64.Build.0 = Release|x86
		{C296392C-DC67-41F2-BADC-7AD2F2F0FB3E}.Release|x86.ActiveCfg = Release|x86
		{C296392C-DC67-41F2-BADC-7AD2F2F0FB3E}.Release|x86.Build.0 = Release|x86
		{4220BCF1-DAC7-4A08-B434-437CC8F763B7}.Debug|Android.ActiveCfg = Debug|x86
		{4220BCF1-DAC7-4A08-B434-437CC8F763B7}.Debug|Android.Build.0 = Debug|x86
		{4220BCF1-DAC7-4A08-B434-437CC8F763B7}.Debug|ARM.ActiveCfg = Debug|ARM
		{4220BCF1-DAC7-4A08-B434-437CC8F763B7}.Debug|ARM.Build.0 = Debug|ARM
		{4220BCF1-DAC7-4A08-B434-437CC8F763B7}.Debug|ARM64.ActiveCfg = Debug|x86
		{4220BCF1-DAC7-4A08-B434-437CC8F763B7}.Debug|ARM64.Build.0 = Debug|x86
		{4220BCF1-DAC7-4A08-B434-437CC8F763B7}.Debug|x64.ActiveCfg = Debug|x86
		{4220BCF1-DAC7-4A08-B434-437CC8F763B7}.Debug|x64.Build.0 = Debug|x86
		{4220BCF1-DAC7-4A08-B434-437CC8F763B7}.Debug|x86.ActiveCfg = Debug|x86
		{4220BCF1-DAC7-4A08-B434-437CC8F763B7}.Debug|x86.Build.0 = Debug|x86
		{4220BCF1-DAC7-4A08-B434-437CC8F763B7}.Release|Android.ActiveCfg = Release|x86
		{4220BCF1-DAC7-4A08-B434-437CC8F763B7}.Release|Android.Build.0 = Release|x86
		{4220BCF1-DAC7-4A08-B434-437CC8F763B7}.Release|ARM.ActiveCfg = Release|ARM
		{4220BCF1-DAC7-4A08-B434-437CC8F763B7}.Release|ARM.Build.0 = Release|ARM
		{4220BCF1-DAC7-4A08-B434-437CC8F763B7}.Release|ARM64.ActiveCfg = Release|x86
		{4220BCF1-DAC7-4A08-B434-437CC8F763B7}.Release|ARM64.Build.0 = Release|x86
		{4220BCF1-DAC7-4A08-B434-437CC8F763B7}.Release|x64.ActiveCfg = Release|x86
		{4220BCF1-DAC7-4A08-B434-437CC8F763B7}.Release|x64.Build.0 = Release|x86
		{4220BCF1-DAC7-4A08-B434-437CC8F763B7}.Release|x86.ActiveCfg = Release|x86
		{4220BCF1-DAC7-4A08-B434-437CC8F763B7}.Release|x86.Build.0 = Release|x86
		{DF3B00C6-A62E-427E-AA59-233B10F9F933}.Debug|Android.ActiveCfg = Debug|x86
		{DF3B00C6-A62E-427E-AA59-233B10F9F933}.Debug|Android.Build.0 = Debug|x86
		{DF3B00C6-A62E-427E-AA59-233B10F9F933}.Debug|ARM.ActiveCfg = Debug|ARM
		{DF3B00C6-A62E-427E-AA59-233B10F9F933}.Debug|ARM.Build.0 = Debug|ARM
		{DF3B00C6-A62E-427E-AA59-233B10F9F933}.Debug|ARM64.ActiveCfg = Debug|x86
		{DF3B00C6-A62E-427E-AA59-233B10F9F933}.Debug|ARM64.Build.0 = Debug|x86
		{DF3B00C6-A62E-427E-AA59-233B10F9F933}.Debug|x64.ActiveCfg = Debug|x86
		{DF3B00C6-A62E-427E-AA59-233B10F9F933}.Debug|x64.Build.0 = Debug|x86
		{DF3B00C6-A62E-427E-AA59-233B10F9F933}.Debug|x86.ActiveCfg = Debug|x86
		{DF3B00C6-A62E-427E-AA59-233B10F9F933}.Debug|x86.Build.0 = Debug|x86
		{DF3B00C6-A62E-427E-AA59-233B10F9F933}.Release|Android.ActiveCfg = Release|x86
		{DF3B00C6-A62E-427E-AA59-233B10F9F933}.Release|Android.Build.0 = Release|x86
		{DF3B00C6-A62E-427E-AA59-233B10F9F933}.Release|ARM.ActiveCfg = Release|ARM
		{DF3B00C6-A62E-427E-AA59-233B10F9F933}.Release|ARM.Build.0 = Release|ARM
		{DF3B00C6-A62E-427E-AA59-233B10F9F933}.Release|ARM64.ActiveCfg = Release|x86
		{DF3B00C6-A62E-427E-AA59-233B10F9F933}.Release|ARM64.Build.0 = Release|x86
		{DF3B00C6-A62E-427E-AA59-233B10F9F933}.Release|x64.ActiveCfg = Release|x86
		{DF3B00C6-A62E-427E-AA59-233B10F9F933}.Release|x64.Build.0 = Release|x86
		{DF3B00C6-A62E-427E-AA59-233B10F9F933}.Release|x86.ActiveCfg = Release|x86
		{DF3B00C6-A62E-427E-AA59-233B10F9F933}.Release|x86.Build.0 = Release|x86
		{C8ABDF79-52B6-4FD1-92FF-42C9E6C253A7}.Debug|Android.ActiveCfg = Debug|x86
		{C8ABDF79-52B6-4FD1-92FF-42C9E6C253A7}.Debug|Android.Build.0 = Debug|x86
		{C8ABDF79-52B6-4FD1-92FF-42C9E6C253A7}.Debug|ARM.ActiveCfg = Debug|ARM
		{C8ABDF79-52B6-4FD1-92FF-42C9E6C253A7}.Debug|ARM.Build.0 = Debug|ARM
		{C8ABDF79-52B6-4FD1-92FF-42C9E6C253A7}.Debug|ARM64.ActiveCfg = Debug|x86
		{C8ABDF79-52B6-4FD1-92FF-42C9E6C253A7}.Debug|ARM64.Build.0 = Debug|x86
		{C8ABDF79-52B6-4FD1-92FF-42C9E6C253A7}.Debug|x64.ActiveCfg = Debug|x86
		{C8ABDF79-52B6-4FD1-92FF-42C9E6C253A7}.Debug|x64.Build.0 = Debug|x86
		{C8ABDF79-52B6-4FD1-92FF-42C9E6C253A7}.Debug|x86.ActiveCfg = Debug|x86
		{C8ABDF79-52B6-4FD1-92FF-42C9E6C253A7}.Debug|x86.Build.0 = Debug|x86
		{C8ABDF79-52B6-4FD1-92FF-42C9E6C253A7}.Release|Android.ActiveCfg = Release|x86
		{C8ABDF79-52B6-4FD1-92FF-42C9E6C253A7}.Release|Android.Build.0 = Release|x86
		{C8ABDF79-52B6-4FD1-92FF-42C9E6C253A7}.Release|ARM.ActiveCfg = Release|ARM
		{C8ABDF79-52B6-4FD1-92FF-42C9E6C253A7}.Release|ARM.Build.0 = Release|ARM
		{C8ABDF79-52B6-4FD1-92FF-42C9E6C253A7}.Release|ARM64.ActiveCfg = Release|x86
		{C8ABDF79-52B6-4FD1-92FF-42C9E6C253A7}.Release|ARM64.Build.0 = Release|x86
		{C8ABDF79-52B6-4FD1-92FF-42C9E6C253A7}.Release|x64.ActiveCfg = Release|x86
		{C8ABDF79-52B6-4FD1-92FF-42C9E6C253A7}.Release|x64.Build.0 = Release|x86
		{C8ABDF79-52B6-4FD1-92FF-42C9E6C253A7}.Release|x86.ActiveCfg = Release|x86
		{C8ABDF79-52B6-4FD1-92FF-42C9E6C253A7}.Release|x86.Build.0 = Release|x86
		{4991A865-CAA8-40C4-8DA6-CCB3A0F9BC47}.Debug|Android.ActiveCfg = Debug|x86
		{4991A865-CAA8-40C4-8DA6-CCB3A0F9BC47}.Debug|Android.Build.0 = Debug|x86
		{4991A865-CAA8-40C4-8DA6-CCB3A0F9BC47}.Debug|ARM.ActiveCfg = Debug|ARM
		{4991A865-CAA8-40C4-8DA6-CCB3A0F9BC47}.Debug|ARM.Build.0 = Debug|ARM
		{4991A865-CAA8-40C4-8DA6-CCB3A0F9BC47}.Debug|ARM64.ActiveCfg = Debug|x86
		{4991A865-CAA8-40C4-8DA6-CCB3A0F9BC47}.Debug|ARM64.Build.0 = Debug|x86
		{4991A865-CAA8-40C4-8DA6-CCB3A0F9BC47}.Debug|x64.ActiveCfg = Debug|x86
		{4991A865-CAA8-40C4-8DA6-CCB3A0F9BC47}.Debug|x64.Build.0 = Debug|x86
		{4991A865-CAA8-40C4-8DA6-CCB3A0F9BC47}.Debug|x86.ActiveCfg = Debug|x86
		{4991A865-CAA8-40C4-8DA6-CCB3A0F9BC47}.Debug|x86.Build.0 = Debug|x86
		{4991A865-CAA8-40C4-8DA6-CCB3A0F9BC47}.Release|Android.ActiveCfg = Release|x86
		{4991A865-CAA8-40C4-8DA6-CCB3A0F9BC47}.Release|Android.Build.0 = Release|x86
		{4991A865-CAA8-40C4-8DA6-CCB3A0F9BC47}.Release|ARM.ActiveCfg = Release|ARM
		{4991A865-CAA8-40C4-8DA6-CCB3A0F9BC47}.Release|ARM.Build.0 = Release|ARM
		{4991A865-CAA8-40C4-8DA6-CCB3A0F9BC47}.Release|ARM64.ActiveCfg = Release|x86
		{4991A865-CAA8-40C4-8DA6-CCB3A0F9BC47}.Release|ARM64.Build.0 = Release|x86
		{4991A865-CAA8-40C4-8DA6-CCB3A0F9BC47}.Release|x64.ActiveCfg = Release|x86
		{4991A865-CAA8-40C4-8DA6-CCB3A0F9BC47}.Release|x64.Build.0 = Release|x86
		{4991A865-CAA8-40C4-8DA6-CCB3A0F9BC47}.Release|x86.ActiveCfg = Release|x86
		{4991A865-CAA8-40C4-8DA6-CCB3A0F9BC47}.Release|x86.Build.0 = Release|x86
		{E31EDCB1-A35F-4D04-AFFE-6F37135D3BF9}.Debug|Android.ActiveCfg = Debug|x86
		{E31EDCB1-A35F-4D04-AFFE-6F37135D3BF9}.Debug|Android.Build.0 = Debug|x86
		{E31EDCB1-A35F-4D04-AFFE-6F37135D3BF9}.Debug|ARM.ActiveCfg = Debug|ARM
		{E31EDCB1-A35F-4D04-AFFE-6F37135D3BF9}.Debug|ARM.Build.0 = Debug|ARM
		{E31EDCB1-A35F-4D04-AFFE-6F37135D3BF9}.Debug|ARM64.ActiveCfg = Debug|x86
		{E31EDCB1-A35F-4D04-AFFE-6F37135D3BF9}.Debug|ARM64.Build.0 = Debug|x86
		{E31EDCB1-A35F-4D04-AFFE-6F37135D3BF9}.Debug|x64.ActiveCfg = Debug|x86
		{E31EDCB1-A35F-4D04-AFFE-6F37135D3BF9}.Debug|x64.Build.0 = Debug|x86
		{E31EDCB1-A35F-4D04-AFFE-6F37135D3BF9}.Debug|x86.ActiveCfg = Debug|x86
		{E31EDCB1-A35F-4D04-AFFE-6F37135D3BF9}.Debug|x86.Build.0 = Debug|x86
		{E31EDCB1-A35F-4D04-AFFE-6F37135D3BF9}.Release|Android.ActiveCfg = Release|x86
		{E31EDCB1-A35F-4D04-AFFE-6F37135D3BF9}.Release|Android.Build.0 = Release|x86
		{E31EDCB1-A35F-4D04-AFFE-6F37135D3BF9}.Release|ARM.ActiveCfg = Release|ARM
		{E31EDCB1-A35F-4D04-AFFE-6F37135D3BF9}.Release|ARM.Build.0 = Release|ARM
		{E31EDCB1-A35F-4D04-AFFE-6F37135D3BF9}.Release|ARM64.ActiveCfg = Release|x86
		{E31EDCB1-A35F-4D04-AFFE-6F37135D3BF9}.Release|ARM64.Build.0 = Release|x86
		{E31EDCB1-A35F-4D04-AFFE-6F37135D3BF9}.Release|x64.ActiveCfg = Release|x86
		{E31EDCB1-A35F-4D04-AFFE-6F37135D3BF9}.Release|x64.Build.0 = Release|x86
		{E31EDCB1-A35F-4D04-AFFE-6F37135D3BF9}.Release|x86.ActiveCfg = Release|x86
		{E31EDCB1-A35F-4D04-AFFE-6F37135D3BF9}.Release|x86.Build.0 = Release|x86
		{D2DC518F-3219-41B4-89F1-AC6055677ED0}.Debug|Android.ActiveCfg = Debug|x86
		{D2DC518F-3219-41B4-89F1-AC6055677ED0}.Debug|Android.Build.0 = Debug|x86
		{D2DC518F-3219-41B4-89F1-AC6055677ED0}.Debug|ARM.ActiveCfg = Debug|ARM
		{D2DC518F-3219-41B4-89F1-AC6055677ED0}.Debug|ARM.Build.0 = Debug|ARM
		{D2DC518F-3219-41B4-89F1-AC6055677ED0}.Debug|ARM64.ActiveCfg = Debug|x86
		{D2DC518F-3219-41B4-89F1-AC6055677ED0}.Debug|ARM64.Build.0 = Debug|x86
		{D2DC518F-3219-41B4-89F1-AC6055677ED0}.Debug|x64.ActiveCfg = Debug|x86
		{D2DC518F-3219-41B4-89F1-AC6055677ED0}.Debug|x64.Build.0 = Debug|x86
		{D2DC518F-3219-41B4-89F1-AC6055677ED0}.Debug|x86.ActiveCfg = Debug|x86
		{D2DC518F-3219-41B4-89F1-AC6055677ED0}.Debug|x86.Build.0 = Debug|x86
		{D2DC518F-3219-41B4-89F1-AC6055677ED0}.Release|Android.ActiveCfg = Release|x86
		{D2DC518F-3219-41B4-89F1-AC6055677ED0}.Release|Android.Build.0 = Release|x86
		{D2DC518F-3219-41B4-89F1-AC6055677ED0}.Release|ARM.ActiveCfg = Release|ARM
		{D2DC518F-3219-41B4-89F1-AC6055677ED0}.Release|ARM.Build.0 = Release|ARM
		{D2DC518F-3219-41B4-89F1-AC6055677ED0}.Release|ARM64.ActiveCfg = Release|x86
		{D2DC518F-3219-41B4-89F1-AC6055677ED0}.Release|ARM64.Build.0 = Release|x86
		{D2DC518F-3219-41B4-89F1-AC6055677ED0}.Release|x64.ActiveCfg = Release|x86
		{D2DC518F-3219-41B4-89F1-AC6055677ED0}.Release|x64.Build.0 = Release|x86
		{D2DC518F-3219-41B4-89F1-AC6055677ED0}.Release|x86.ActiveCfg = Release|x86
		{D2DC518F-3219-41B4-89F1-AC6055677ED0}.Release|x86.Build.0 = Release|x86
		{74CD7E4F-A9F4-4C9C-B7CE-0D8765201F66}.Debug|Android.ActiveCfg = Debug|x86
		{74CD7E4F-A9F4-4C9C-B7CE-0D8765201F66}.Debug|Android.Build.0 = Debug|x86
		{74CD7E4F-A9F4-4C9C-B7CE-0D8765201F66}.Debug|ARM.ActiveCfg = Debug|ARM
		{74CD7E4F-A9F4-4C9C-B7CE-0D8765201F66}.Debug|ARM.Build.0 = Debug|ARM
		{74CD7E4F-A9F4-4C9C-B7CE-0D8765201F66}.Debug|ARM64.ActiveCfg = Debug|x86
		{74CD7E4F-A9F4-4C9C-B7CE-0D8765201F66}.Debug|ARM64.Build.0 = Debug|x86
		{74CD7E4F-A9F4-4C9C-B7CE-0D8765201F66}.Debug|x64.ActiveCfg = Debug|x86
		{74CD7E4F-A9F4-4C9C-B7CE-0D8765201F66}.Debug|x64.Build.0 = Debug|x86
		{74CD7E4F-A9F4-4C9C-B7CE-0D8765201F66}.Debug|x86.ActiveCfg = Debug|x86
		{74CD7E4F-A9F4-4C9C-B7CE-0D8765201F66}.Debug|x86.Build.0 = Debug|x86
		{74CD7E4F-A9F4-4C9C-B7CE-0D8765201F66}.Release|Android.ActiveCfg = Release|x86
		{74CD7E4F-A9F4-4C9C-B7CE-0D8765201F66}.Release|Android.Build.0 = Release|x86
		{74CD7E4F-A9F4-4C9C-B7CE-0D8765201F66}.Release|ARM.ActiveCfg = Release|ARM
		{74CD7E4F-A9F4-4C9C-B7CE-0D8765201F66}.Release|ARM.Build.0 = Release|ARM
		{74CD7E4F-A9F4-4C9C-B7CE-0D8765201F66}.Release|ARM64.ActiveCfg = Release|x86
		{74CD7E4F-A9F4-4C9C-B7CE-0D8765201F66}.Release|ARM64.Build.0 = Release|x86
		{74CD7E4F-A9F4-4C9C-B7CE-0D8765201F66}.Release|x64.ActiveCfg = Release|x86
		{74CD7E4F-A9F4-4C9C-B7CE-0D8765201F66}.Release|x64.Build.0 = Release|x86
		{74CD7E4F-A9F4-4C9C-B7CE-0D8765201F66}.Release|x86.ActiveCfg = Release|x86
		{74CD7E4F-A9F4-4C9C-B7CE-0D8765201F66}.Release|x86.Build.0 = Release|x86
		{4F5ED26D-3B32-4BEC-8DE5-8CEA352438A4}.Debug|Android.ActiveCfg = Debug|x86
		{4F5ED26D-3B32-4BEC-8DE5-8CEA352438A4}.Debug|Android.Build.0 = Debug|x86
		{4F5ED26D-3B32-4BEC-8DE5-8CEA352438A4}.Debug|ARM.ActiveCfg = Debug|ARM
		{4F5ED26D-3B32-4BEC-8DE5-8CEA352438A4}.Debug|ARM.Build.0 = Debug|ARM
		{4F5ED26D-3B32-4BEC-8DE5-8CEA352438A4}.Debug|ARM64.ActiveCfg = Debug|x86
		{4F5ED26D-3B32-4BEC-8DE5-8CEA352438A4}.Debug|ARM64.Build.0 = Debug|x86
		{4F5ED26D-3B32-4BEC-8DE5-8CEA352438A4}.Debug|x64.ActiveCfg = Debug|x86
		{4F5ED26D-3B32-4BEC-8DE5-8CEA352438A4}.Debug|x64.Build.0 = Debug|x86
		{4F5ED26D-3B32-4BEC-8DE5-8CEA352438A4}.Debug|x86.ActiveCfg = Debug|x86
		{4F5ED26D-3B32-4BEC-8DE5-8CEA352438A4}.Debug|x86.Build.0 = Debug|x86
		{4F5ED26D-3B32-4BEC-8DE5-8CEA352438A4}.Release|Android.ActiveCfg = Release|x86
		{4F5ED26D-3B32-4BEC-8DE5-8CEA352438A4}.Release|Android.Build.0 = Release|x86
		{4F5ED26D-3B32-4BEC-8DE5-8CEA352438A4}.Release|ARM.ActiveCfg = Release|ARM
		{4F5ED26D-3B32-4BEC-8DE5-8CEA352438A4}.Release|ARM.Build.0 = Release|ARM
		{4F5ED26D-3B32-4BEC-8DE5-8CEA352438A4}.Release|ARM64.ActiveCfg = Release|x86
		{4F5ED26D-3B32-4BEC-8DE5-8CEA352438A4}.Release|ARM64.Build.0 = Release|x86
		{4F5ED26D-3B32-4BEC-8DE5-8CEA352438A4}.Release|x64.ActiveCfg = Release|x86
		{4F5ED26D-3B32-4BEC-8DE5-8CEA352438A4}.Release|x64.Build.0 = Release|x86
		{4F5ED26D-3B32-4BEC-8DE5-8CEA352438A4}.Release|x86.ActiveCfg = Release|x86
		{4F5ED26D-3B32-4BEC-8DE5-8CEA352438A4}.Release|x86.Build.0 = Release|x86
		{CD623BB6-6398-4128-9755-3534AAC45895}.Debug|Android.ActiveCfg = Debug|x86
		{CD623BB6-6398-4128-9755-3534AAC45895}.Debug|Android.Build.0 = Debug|x86
		{CD623BB6-6398-4128-9755-3534AAC45895}.Debug|ARM.ActiveCfg = Debug|ARM
		{CD623BB6-6398-4128-9755-3534AAC45895}.Debug|ARM.Build.0 = Debug|ARM
		{CD623BB6-6398-4128-9755-3534AAC45895}.Debug|ARM64.ActiveCfg = Debug|x86
		{CD623BB6-6398-4128-9755-3534AAC45895}.Debug|ARM64.Build.0 = Debug|x86
		{CD623BB6-6398-4128-9755-3534AAC45895}.Debug|x64.ActiveCfg = Debug|x86
		{CD623BB6-6398-4128-9755-3534AAC45895}.Debug|x64.Build.0 = Debug|x86
		{CD623BB6-6398-4128-9755-3534AAC45895}.Debug|x86.ActiveCfg = Debug|x86
		{CD623BB6-6398-4128-9755-3534AAC45895}.Debug|x86.Build.0 = Debug|x86
		{CD623BB6-6398-4128-9755-3534AAC45895}.Release|Android.ActiveCfg = Release|x86
		{CD623BB6-6398-4128-9755-3534AAC45895}.Release|Android.Build.0 = Release|x86
		{CD623BB6-6398-4128-9755-3534AAC45895}.Release|ARM.ActiveCfg = Release|ARM
		{CD623BB6-6398-4128-9755-3534AAC45895}.Release|ARM.Build.0 = Release|ARM
		{CD623BB6-6398-4128-9755-3534AAC45895}.Release|ARM64.ActiveCfg = Release|x86
		{CD623BB6-6398-4128-9755-3534AAC45895}.Release|ARM64.Build.0 = Release|x86
		{CD623BB6-6398-4128-9755-3534AAC45895}.Release|x64.ActiveCfg = Release|x86
		{CD623BB6-6398-4128-9755-3534AAC45895}.Release|x64.Build.0 = Release|x86
		{CD623BB6-6398-4128-9755-3534AAC45895}.Release|x86.ActiveCfg = Release|x86
		{CD623BB6-6398-4128-9755-3534AAC45895}.Release|x86.Build.0 = Release|x86
		{7ABC4481-1476-4759-886C-26611E2E2FC9}.Debug|Android.ActiveCfg = Debug|x86
		{7ABC4481-1476-4759-886C-26611E2E2FC9}.Debug|Android.Build.0 = Debug|x86
		{7ABC4481-1476-4759-886C-26611E2E2FC9}.Debug|ARM.ActiveCfg = Debug|ARM
		{7ABC4481-1476-4759-886C-26611E2E2FC9}.Debug|ARM.Build.0 = Debug|ARM
		{7ABC4481-1476-4759-886C-26611E2E2FC9}.Debug|ARM64.ActiveCfg = Debug|x86
		{7ABC4481-1476-4759-886C-26611E2E2FC9}.Debug|ARM64.Build.0 = Debug|x86
		{7ABC4481-1476-4759-886C-26611E2E2FC9}.Debug|x64.ActiveCfg = Debug|x86
		{7ABC4481-1476-4759-886C-26611E2E2FC9}.Debug|x64.Build.0 = Debug|x86
		{7ABC4481-1476-4759-886C-26611E2E2FC9}.Debug|x86.ActiveCfg = Debug|x86
		{7ABC4481-1476-4759-886C-26611E2E2FC9}.Debug|x86.Build.0 = Debug|x86
		{7ABC4481-1476-4759-886C-26611E2E2FC9}.Release|Android.ActiveCfg = Release|x86
		{7ABC4481-1476-4759-886C-26611E2E2FC9}.Release|Android.Build.0 = Release|x86
		{7ABC4481-1476-4759-886C-26611E2E2FC9}.Release|ARM.ActiveCfg = Release|ARM
		{7ABC4481-1476-4759-886C-26611E2E2FC9}.Release|ARM.Build.0 = Release|ARM
		{7ABC4481-1476-4759-886C-26611E2E2FC9}.Release|ARM64.ActiveCfg = Release|x86
		{7ABC4481-1476-4759-886C-26611E2E2FC9}.Release|ARM64.Build.0 = Release|x86
		{7ABC4481-1476-4759-886C-26611E2E2FC9}.Release|x64.ActiveCfg = Release|x86
		{7ABC4481-1476-4759-886C-26611E2E2FC9}.Release|x64.Build.0 = Release|x86
		{7ABC4481-1476-4759-886C-26611E2E2FC9}.Release|x86.ActiveCfg = Release|x86
		{7ABC4481-1476-4759-886C-26611E2E2FC9}.Release|x86.Build.0 = Release|x86
	EndGlobalSection
	GlobalSection(SolutionProperties) = preSolution
		HideSolutionNode = FALSE
	EndGlobalSection
	GlobalSection(ExtensibilityGlobals) = postSolution
		SolutionGuid = {1870EF94-285B-4908-969A-745CB24FDF16}
	EndGlobalSection
EndGlobal
