
Microsoft Visual Studio Solution File, Format Version 12.00
# Visual Studio Version 16
VisualStudioVersion = 16.0.29215.179
MinimumVisualStudioVersion = 10.0.40219.1
Project("{8BC9CEB8-8B4A-11D0-8D11-00A0C91BC942}") = "draw2d_cairo", "..\..\..\source\app\draw2d_cairo\nord_draw2d_cairo.vcxproj", "{06207BC4-C08B-4A2D-B754-F3BD46AD3098}"
	ProjectSection(ProjectDependencies) = postProject
		{02207BC4-C08B-4A2D-B754-F3BD46AD3098} = {02207BC4-C08B-4A2D-B754-F3BD46AD3098}
	EndProjectSection
EndProject
Project("{8BC9CEB8-8B4A-11D0-8D11-00A0C91BC942}") = "app_core_hellomultiverse", "..\..\..\source\app-core\hellomultiverse\nord_core_hellomultiverse.vcxproj", "{85DD443E-1930-4C2D-A917-200E09D871E8}"
	ProjectSection(ProjectDependencies) = postProject
		{02207BC4-C08B-4A2D-B754-F3BD46AD3098} = {02207BC4-C08B-4A2D-B754-F3BD46AD3098}
		{7F61A6F3-4ED9-4460-9270-4EA7CB00E634} = {7F61A6F3-4ED9-4460-9270-4EA7CB00E634}
	EndProjectSection
EndProject
Project("{8BC9CEB8-8B4A-11D0-8D11-00A0C91BC942}") = "aura", "..\..\..\source\app\aura\nord_aura.vcxproj", "{02207BC4-C08B-4A2D-B754-F3BD46AD3098}"
EndProject
Project("{8BC9CEB8-8B4A-11D0-8D11-00A0C91BC942}") = "gcom", "..\..\..\source\app-core\gcom\nord_gcom.vcxproj", "{7F61A6F3-4ED9-4460-9270-4EA7CB00E634}"
	ProjectSection(ProjectDependencies) = postProject
		{02207BC4-C08B-4A2D-B754-F3BD46AD3098} = {02207BC4-C08B-4A2D-B754-F3BD46AD3098}
	EndProjectSection
EndProject
Project("{8BC9CEB8-8B4A-11D0-8D11-00A0C91BC942}") = "app_core_flag", "..\..\..\source\app-core\flag\nord_core_flag.vcxproj", "{19841115-2E02-4BC0-BF89-D11F8409C8DF}"
	ProjectSection(ProjectDependencies) = postProject
		{85DD443E-1930-4C2D-A917-200E09D871E8} = {85DD443E-1930-4C2D-A917-200E09D871E8}
	EndProjectSection
EndProject
Project("{8BC9CEB8-8B4A-11D0-8D11-00A0C91BC942}") = "app_cidadedecuritiba_alphaclock", "..\..\..\source\app-cidadedecuritiba\alphaclock\nord_cidadedecuritiba_alphaclock.vcxproj", "{19841115-1951-1977-0422-021F8409C8DF}"
	ProjectSection(ProjectDependencies) = postProject
		{19841115-2E02-4BC0-BF89-D11F8409C8DF} = {19841115-2E02-4BC0-BF89-D11F8409C8DF}
	EndProjectSection
EndProject
Project("{8BC9CEB8-8B4A-11D0-8D11-00A0C91BC942}") = "app_core_clockverse", "..\..\..\source\app-core\clockverse\nord_core_clockverse.vcxproj", "{590F57D2-68FB-4197-BA30-E8FE47089A88}"
	ProjectSection(ProjectDependencies) = postProject
		{19841115-1951-1977-0422-021F8409C8DF} = {19841115-1951-1977-0422-021F8409C8DF}
	EndProjectSection
EndProject
Project("{8BC9CEB8-8B4A-11D0-8D11-00A0C91BC942}") = "app_core_projection", "..\..\..\source\app-core\projection\nord_core_projection.vcxproj", "{5C979D59-F31A-4830-93DD-CDADAE5347B7}"
	ProjectSection(ProjectDependencies) = postProject
		{02207BC4-C08B-4A2D-B754-F3BD46AD3098} = {02207BC4-C08B-4A2D-B754-F3BD46AD3098}
	EndProjectSection
EndProject
Project("{8BC9CEB8-8B4A-11D0-8D11-00A0C91BC942}") = "experience_core", "..\..\..\source\app\experience_core\nord_experience_core.vcxproj", "{0365BD5F-5C57-4DB4-9270-D850D2A84FBB}"
EndProject
Project("{8BC9CEB8-8B4A-11D0-8D11-00A0C91BC942}") = "imaging_freeimage", "..\..\..\source\app\imaging_freeimage\nord_imaging_freeimage.vcxproj", "{3C4A93D3-9B9B-4EA9-8BCF-A53BE3A0F9B5}"
	ProjectSection(ProjectDependencies) = postProject
		{02207BC4-C08B-4A2D-B754-F3BD46AD3098} = {02207BC4-C08B-4A2D-B754-F3BD46AD3098}
	EndProjectSection
EndProject
Project("{39E2626F-3545-4960-A6E8-258AD8476CE5}") = "android_app_core_hellomultiverse", "..\..\seed-android\app-core\hellomultiverse\android_app_core_hellomultiverse.androidproj", "{325DAC08-EB64-4026-9EEE-FBE2D6746955}"
EndProject
Project("{8BC9CEB8-8B4A-11D0-8D11-00A0C91BC942}") = "acme", "..\..\..\source\app\acme\nord_acme.vcxproj", "{ECB0620D-BFA8-4F9B-B2AD-9D9C20A44FE9}"
EndProject
Project("{8BC9CEB8-8B4A-11D0-8D11-00A0C91BC942}") = "apex", "..\..\..\source\app\apex\nord_apex.vcxproj", "{9D102BB4-2054-4D90-A3E7-DD63BDF83982}"
EndProject
Project("{8BC9CEB8-8B4A-11D0-8D11-00A0C91BC942}") = "aqua", "..\..\..\source\app\aqua\nord_aqua.vcxproj", "{576B7916-147F-49F2-84B8-360D703894B5}"
EndProject
Project("{8BC9CEB8-8B4A-11D0-8D11-00A0C91BC942}") = "axis", "..\..\..\source\app\axis\nord_axis.vcxproj", "{6F5C86B4-07BB-45A5-9FB9-B7921BCBBF36}"
EndProject
Project("{8BC9CEB8-8B4A-11D0-8D11-00A0C91BC942}") = "base", "..\..\..\source\app\base\nord_base.vcxproj", "{15CCBA90-45F6-46FA-A1FD-AF4C40595697}"
EndProject
Project("{8BC9CEB8-8B4A-11D0-8D11-00A0C91BC942}") = "bred", "..\..\..\source\app\bred\nord_bred.vcxproj", "{404AE736-B4D1-492B-A3C8-ABA442415C68}"
EndProject
Project("{8BC9CEB8-8B4A-11D0-8D11-00A0C91BC942}") = "core", "..\..\..\source\app\core\nord_core.vcxproj", "{16AB3478-F401-43C0-8BF1-A19F28802711}"
EndProject
Project("{39E2626F-3545-4960-A6E8-258AD8476CE5}") = "android_app", "..\..\seed-android\operating-system-android\app\android_app.androidproj", "{48185620-E3EC-4BFB-BC89-E3F8321679C1}"
EndProject
Project("{39E2626F-3545-4960-A6E8-258AD8476CE5}") = "android_app_core_flag", "..\..\seed-android\app-core\flag\android_app_core_flag.androidproj", "{33A0512E-2ACD-4E83-9ED6-25581F962650}"
EndProject
Project("{39E2626F-3545-4960-A6E8-258AD8476CE5}") = "android_app_cidadedecuritiba_alphaclock", "..\..\seed-android\app-cidadedecuritiba\alphaclock\android_app_cidadedecuritiba_alphaclock.androidproj", "{0A5A3263-879E-436B-B542-9B6941320068}"
EndProject
Project("{39E2626F-3545-4960-A6E8-258AD8476CE5}") = "android_app_core_clockverse_noaudio", "..\..\seed-android\app-core\clockverse-noaudio\android_app_core_clockverse_noaudio.androidproj", "{41DE0EE4-CA85-4DB8-AEBA-860DDD9BBD58}"
EndProject
Global
	GlobalSection(SolutionConfigurationPlatforms) = preSolution
		Debug|ARM = Debug|ARM
		Debug|ARM64 = Debug|ARM64
		Debug|x64 = Debug|x64
		Debug|x86 = Debug|x86
		Release|ARM = Release|ARM
		Release|ARM64 = Release|ARM64
		Release|x64 = Release|x64
		Release|x86 = Release|x86
	EndGlobalSection
	GlobalSection(ProjectConfigurationPlatforms) = postSolution
		{06207BC4-C08B-4A2D-B754-F3BD46AD3098}.Debug|ARM.ActiveCfg = stage|ARM
		{06207BC4-C08B-4A2D-B754-F3BD46AD3098}.Debug|ARM.Build.0 = stage|ARM
		{06207BC4-C08B-4A2D-B754-F3BD46AD3098}.Debug|ARM64.ActiveCfg = stage|x86
		{06207BC4-C08B-4A2D-B754-F3BD46AD3098}.Debug|ARM64.Build.0 = stage|x86
		{06207BC4-C08B-4A2D-B754-F3BD46AD3098}.Debug|x64.ActiveCfg = stage|x86
		{06207BC4-C08B-4A2D-B754-F3BD46AD3098}.Debug|x64.Build.0 = stage|x86
		{06207BC4-C08B-4A2D-B754-F3BD46AD3098}.Debug|x86.ActiveCfg = Debug|x86
		{06207BC4-C08B-4A2D-B754-F3BD46AD3098}.Debug|x86.Build.0 = Debug|x86
		{06207BC4-C08B-4A2D-B754-F3BD46AD3098}.Release|ARM.ActiveCfg = stage|ARM
		{06207BC4-C08B-4A2D-B754-F3BD46AD3098}.Release|ARM.Build.0 = stage|ARM
		{06207BC4-C08B-4A2D-B754-F3BD46AD3098}.Release|ARM64.ActiveCfg = stage|x86
		{06207BC4-C08B-4A2D-B754-F3BD46AD3098}.Release|ARM64.Build.0 = stage|x86
		{06207BC4-C08B-4A2D-B754-F3BD46AD3098}.Release|x64.ActiveCfg = stage|x86
		{06207BC4-C08B-4A2D-B754-F3BD46AD3098}.Release|x64.Build.0 = stage|x86
		{06207BC4-C08B-4A2D-B754-F3BD46AD3098}.Release|x86.ActiveCfg = Release|x86
		{06207BC4-C08B-4A2D-B754-F3BD46AD3098}.Release|x86.Build.0 = Release|x86
		{85DD443E-1930-4C2D-A917-200E09D871E8}.Debug|ARM.ActiveCfg = Release|ARM
		{85DD443E-1930-4C2D-A917-200E09D871E8}.Debug|ARM.Build.0 = Release|ARM
		{85DD443E-1930-4C2D-A917-200E09D871E8}.Debug|ARM64.ActiveCfg = Release|x86
		{85DD443E-1930-4C2D-A917-200E09D871E8}.Debug|ARM64.Build.0 = Release|x86
		{85DD443E-1930-4C2D-A917-200E09D871E8}.Debug|x64.ActiveCfg = Release|x86
		{85DD443E-1930-4C2D-A917-200E09D871E8}.Debug|x64.Build.0 = Release|x86
		{85DD443E-1930-4C2D-A917-200E09D871E8}.Debug|x86.ActiveCfg = Debug|x86
		{85DD443E-1930-4C2D-A917-200E09D871E8}.Debug|x86.Build.0 = Debug|x86
		{85DD443E-1930-4C2D-A917-200E09D871E8}.Release|ARM.ActiveCfg = Release|ARM
		{85DD443E-1930-4C2D-A917-200E09D871E8}.Release|ARM.Build.0 = Release|ARM
		{85DD443E-1930-4C2D-A917-200E09D871E8}.Release|ARM64.ActiveCfg = Release|x86
		{85DD443E-1930-4C2D-A917-200E09D871E8}.Release|ARM64.Build.0 = Release|x86
		{85DD443E-1930-4C2D-A917-200E09D871E8}.Release|x64.ActiveCfg = Release|x86
		{85DD443E-1930-4C2D-A917-200E09D871E8}.Release|x64.Build.0 = Release|x86
		{85DD443E-1930-4C2D-A917-200E09D871E8}.Release|x86.ActiveCfg = Release|x86
		{85DD443E-1930-4C2D-A917-200E09D871E8}.Release|x86.Build.0 = Release|x86
		{02207BC4-C08B-4A2D-B754-F3BD46AD3098}.Debug|ARM.ActiveCfg = stage|ARM
		{02207BC4-C08B-4A2D-B754-F3BD46AD3098}.Debug|ARM.Build.0 = stage|ARM
		{02207BC4-C08B-4A2D-B754-F3BD46AD3098}.Debug|ARM64.ActiveCfg = stage|x86
		{02207BC4-C08B-4A2D-B754-F3BD46AD3098}.Debug|ARM64.Build.0 = stage|x86
		{02207BC4-C08B-4A2D-B754-F3BD46AD3098}.Debug|x64.ActiveCfg = stage|x86
		{02207BC4-C08B-4A2D-B754-F3BD46AD3098}.Debug|x64.Build.0 = stage|x86
		{02207BC4-C08B-4A2D-B754-F3BD46AD3098}.Debug|x86.ActiveCfg = Debug|x86
		{02207BC4-C08B-4A2D-B754-F3BD46AD3098}.Debug|x86.Build.0 = Debug|x86
		{02207BC4-C08B-4A2D-B754-F3BD46AD3098}.Release|ARM.ActiveCfg = stage|ARM
		{02207BC4-C08B-4A2D-B754-F3BD46AD3098}.Release|ARM.Build.0 = stage|ARM
		{02207BC4-C08B-4A2D-B754-F3BD46AD3098}.Release|ARM64.ActiveCfg = stage|x86
		{02207BC4-C08B-4A2D-B754-F3BD46AD3098}.Release|ARM64.Build.0 = stage|x86
		{02207BC4-C08B-4A2D-B754-F3BD46AD3098}.Release|x64.ActiveCfg = stage|x86
		{02207BC4-C08B-4A2D-B754-F3BD46AD3098}.Release|x64.Build.0 = stage|x86
		{02207BC4-C08B-4A2D-B754-F3BD46AD3098}.Release|x86.ActiveCfg = Release|x86
		{02207BC4-C08B-4A2D-B754-F3BD46AD3098}.Release|x86.Build.0 = Release|x86
		{7F61A6F3-4ED9-4460-9270-4EA7CB00E634}.Debug|ARM.ActiveCfg = Release|ARM
		{7F61A6F3-4ED9-4460-9270-4EA7CB00E634}.Debug|ARM.Build.0 = Release|ARM
		{7F61A6F3-4ED9-4460-9270-4EA7CB00E634}.Debug|ARM64.ActiveCfg = Release|x86
		{7F61A6F3-4ED9-4460-9270-4EA7CB00E634}.Debug|ARM64.Build.0 = Release|x86
		{7F61A6F3-4ED9-4460-9270-4EA7CB00E634}.Debug|x64.ActiveCfg = Release|x86
		{7F61A6F3-4ED9-4460-9270-4EA7CB00E634}.Debug|x64.Build.0 = Release|x86
		{7F61A6F3-4ED9-4460-9270-4EA7CB00E634}.Debug|x86.ActiveCfg = Debug|x86
		{7F61A6F3-4ED9-4460-9270-4EA7CB00E634}.Debug|x86.Build.0 = Debug|x86
		{7F61A6F3-4ED9-4460-9270-4EA7CB00E634}.Release|ARM.ActiveCfg = Release|ARM
		{7F61A6F3-4ED9-4460-9270-4EA7CB00E634}.Release|ARM.Build.0 = Release|ARM
		{7F61A6F3-4ED9-4460-9270-4EA7CB00E634}.Release|ARM64.ActiveCfg = Release|x86
		{7F61A6F3-4ED9-4460-9270-4EA7CB00E634}.Release|ARM64.Build.0 = Release|x86
		{7F61A6F3-4ED9-4460-9270-4EA7CB00E634}.Release|x64.ActiveCfg = Release|x86
		{7F61A6F3-4ED9-4460-9270-4EA7CB00E634}.Release|x64.Build.0 = Release|x86
		{7F61A6F3-4ED9-4460-9270-4EA7CB00E634}.Release|x86.ActiveCfg = Release|x86
		{7F61A6F3-4ED9-4460-9270-4EA7CB00E634}.Release|x86.Build.0 = Release|x86
		{19841115-2E02-4BC0-BF89-D11F8409C8DF}.Debug|ARM.ActiveCfg = Release|ARM
		{19841115-2E02-4BC0-BF89-D11F8409C8DF}.Debug|ARM.Build.0 = Release|ARM
		{19841115-2E02-4BC0-BF89-D11F8409C8DF}.Debug|ARM64.ActiveCfg = Release|x86
		{19841115-2E02-4BC0-BF89-D11F8409C8DF}.Debug|ARM64.Build.0 = Release|x86
		{19841115-2E02-4BC0-BF89-D11F8409C8DF}.Debug|x64.ActiveCfg = Release|x86
		{19841115-2E02-4BC0-BF89-D11F8409C8DF}.Debug|x64.Build.0 = Release|x86
		{19841115-2E02-4BC0-BF89-D11F8409C8DF}.Debug|x86.ActiveCfg = Debug|x86
		{19841115-2E02-4BC0-BF89-D11F8409C8DF}.Debug|x86.Build.0 = Debug|x86
		{19841115-2E02-4BC0-BF89-D11F8409C8DF}.Release|ARM.ActiveCfg = Release|ARM
		{19841115-2E02-4BC0-BF89-D11F8409C8DF}.Release|ARM.Build.0 = Release|ARM
		{19841115-2E02-4BC0-BF89-D11F8409C8DF}.Release|ARM64.ActiveCfg = Release|x86
		{19841115-2E02-4BC0-BF89-D11F8409C8DF}.Release|ARM64.Build.0 = Release|x86
		{19841115-2E02-4BC0-BF89-D11F8409C8DF}.Release|x64.ActiveCfg = Release|x86
		{19841115-2E02-4BC0-BF89-D11F8409C8DF}.Release|x64.Build.0 = Release|x86
		{19841115-2E02-4BC0-BF89-D11F8409C8DF}.Release|x86.ActiveCfg = Release|x86
		{19841115-2E02-4BC0-BF89-D11F8409C8DF}.Release|x86.Build.0 = Release|x86
		{19841115-1951-1977-0422-021F8409C8DF}.Debug|ARM.ActiveCfg = Release|ARM
		{19841115-1951-1977-0422-021F8409C8DF}.Debug|ARM.Build.0 = Release|ARM
		{19841115-1951-1977-0422-021F8409C8DF}.Debug|ARM64.ActiveCfg = Release|x86
		{19841115-1951-1977-0422-021F8409C8DF}.Debug|ARM64.Build.0 = Release|x86
		{19841115-1951-1977-0422-021F8409C8DF}.Debug|x64.ActiveCfg = Release|x86
		{19841115-1951-1977-0422-021F8409C8DF}.Debug|x64.Build.0 = Release|x86
		{19841115-1951-1977-0422-021F8409C8DF}.Debug|x86.ActiveCfg = Debug|x86
		{19841115-1951-1977-0422-021F8409C8DF}.Debug|x86.Build.0 = Debug|x86
		{19841115-1951-1977-0422-021F8409C8DF}.Release|ARM.ActiveCfg = Release|ARM
		{19841115-1951-1977-0422-021F8409C8DF}.Release|ARM.Build.0 = Release|ARM
		{19841115-1951-1977-0422-021F8409C8DF}.Release|ARM64.ActiveCfg = Release|x86
		{19841115-1951-1977-0422-021F8409C8DF}.Release|ARM64.Build.0 = Release|x86
		{19841115-1951-1977-0422-021F8409C8DF}.Release|x64.ActiveCfg = Release|x86
		{19841115-1951-1977-0422-021F8409C8DF}.Release|x64.Build.0 = Release|x86
		{19841115-1951-1977-0422-021F8409C8DF}.Release|x86.ActiveCfg = Release|x86
		{19841115-1951-1977-0422-021F8409C8DF}.Release|x86.Build.0 = Release|x86
		{590F57D2-68FB-4197-BA30-E8FE47089A88}.Debug|ARM.ActiveCfg = Release|ARM
		{590F57D2-68FB-4197-BA30-E8FE47089A88}.Debug|ARM.Build.0 = Release|ARM
		{590F57D2-68FB-4197-BA30-E8FE47089A88}.Debug|ARM64.ActiveCfg = Release|x86
		{590F57D2-68FB-4197-BA30-E8FE47089A88}.Debug|ARM64.Build.0 = Release|x86
		{590F57D2-68FB-4197-BA30-E8FE47089A88}.Debug|x64.ActiveCfg = Release|x86
		{590F57D2-68FB-4197-BA30-E8FE47089A88}.Debug|x64.Build.0 = Release|x86
		{590F57D2-68FB-4197-BA30-E8FE47089A88}.Debug|x86.ActiveCfg = Debug|x86
		{590F57D2-68FB-4197-BA30-E8FE47089A88}.Debug|x86.Build.0 = Debug|x86
		{590F57D2-68FB-4197-BA30-E8FE47089A88}.Release|ARM.ActiveCfg = Release|ARM
		{590F57D2-68FB-4197-BA30-E8FE47089A88}.Release|ARM.Build.0 = Release|ARM
		{590F57D2-68FB-4197-BA30-E8FE47089A88}.Release|ARM64.ActiveCfg = Release|x86
		{590F57D2-68FB-4197-BA30-E8FE47089A88}.Release|ARM64.Build.0 = Release|x86
		{590F57D2-68FB-4197-BA30-E8FE47089A88}.Release|x64.ActiveCfg = Release|x86
		{590F57D2-68FB-4197-BA30-E8FE47089A88}.Release|x64.Build.0 = Release|x86
		{590F57D2-68FB-4197-BA30-E8FE47089A88}.Release|x86.ActiveCfg = Release|x86
		{590F57D2-68FB-4197-BA30-E8FE47089A88}.Release|x86.Build.0 = Release|x86
		{5C979D59-F31A-4830-93DD-CDADAE5347B7}.Debug|ARM.ActiveCfg = Release|ARM
		{5C979D59-F31A-4830-93DD-CDADAE5347B7}.Debug|ARM.Build.0 = Release|ARM
		{5C979D59-F31A-4830-93DD-CDADAE5347B7}.Debug|ARM64.ActiveCfg = Release|x86
		{5C979D59-F31A-4830-93DD-CDADAE5347B7}.Debug|ARM64.Build.0 = Release|x86
		{5C979D59-F31A-4830-93DD-CDADAE5347B7}.Debug|x64.ActiveCfg = Release|x86
		{5C979D59-F31A-4830-93DD-CDADAE5347B7}.Debug|x64.Build.0 = Release|x86
		{5C979D59-F31A-4830-93DD-CDADAE5347B7}.Debug|x86.ActiveCfg = Debug|x86
		{5C979D59-F31A-4830-93DD-CDADAE5347B7}.Debug|x86.Build.0 = Debug|x86
		{5C979D59-F31A-4830-93DD-CDADAE5347B7}.Release|ARM.ActiveCfg = Release|ARM
		{5C979D59-F31A-4830-93DD-CDADAE5347B7}.Release|ARM.Build.0 = Release|ARM
		{5C979D59-F31A-4830-93DD-CDADAE5347B7}.Release|ARM64.ActiveCfg = Release|x86
		{5C979D59-F31A-4830-93DD-CDADAE5347B7}.Release|ARM64.Build.0 = Release|x86
		{5C979D59-F31A-4830-93DD-CDADAE5347B7}.Release|x64.ActiveCfg = Release|x86
		{5C979D59-F31A-4830-93DD-CDADAE5347B7}.Release|x64.Build.0 = Release|x86
		{5C979D59-F31A-4830-93DD-CDADAE5347B7}.Release|x86.ActiveCfg = Release|x86
		{5C979D59-F31A-4830-93DD-CDADAE5347B7}.Release|x86.Build.0 = Release|x86
		{0365BD5F-5C57-4DB4-9270-D850D2A84FBB}.Debug|ARM.ActiveCfg = stage|ARM
		{0365BD5F-5C57-4DB4-9270-D850D2A84FBB}.Debug|ARM.Build.0 = stage|ARM
		{0365BD5F-5C57-4DB4-9270-D850D2A84FBB}.Debug|ARM64.ActiveCfg = stage|x86
		{0365BD5F-5C57-4DB4-9270-D850D2A84FBB}.Debug|ARM64.Build.0 = stage|x86
		{0365BD5F-5C57-4DB4-9270-D850D2A84FBB}.Debug|x64.ActiveCfg = stage|x86
		{0365BD5F-5C57-4DB4-9270-D850D2A84FBB}.Debug|x64.Build.0 = stage|x86
		{0365BD5F-5C57-4DB4-9270-D850D2A84FBB}.Debug|x86.ActiveCfg = Debug|x86
		{0365BD5F-5C57-4DB4-9270-D850D2A84FBB}.Debug|x86.Build.0 = Debug|x86
		{0365BD5F-5C57-4DB4-9270-D850D2A84FBB}.Release|ARM.ActiveCfg = stage|ARM
		{0365BD5F-5C57-4DB4-9270-D850D2A84FBB}.Release|ARM.Build.0 = stage|ARM
		{0365BD5F-5C57-4DB4-9270-D850D2A84FBB}.Release|ARM64.ActiveCfg = stage|x86
		{0365BD5F-5C57-4DB4-9270-D850D2A84FBB}.Release|ARM64.Build.0 = stage|x86
		{0365BD5F-5C57-4DB4-9270-D850D2A84FBB}.Release|x64.ActiveCfg = stage|x86
		{0365BD5F-5C57-4DB4-9270-D850D2A84FBB}.Release|x64.Build.0 = stage|x86
		{0365BD5F-5C57-4DB4-9270-D850D2A84FBB}.Release|x86.ActiveCfg = Release|x86
		{0365BD5F-5C57-4DB4-9270-D850D2A84FBB}.Release|x86.Build.0 = Release|x86
		{3C4A93D3-9B9B-4EA9-8BCF-A53BE3A0F9B5}.Debug|ARM.ActiveCfg = stage|ARM
		{3C4A93D3-9B9B-4EA9-8BCF-A53BE3A0F9B5}.Debug|ARM.Build.0 = stage|ARM
		{3C4A93D3-9B9B-4EA9-8BCF-A53BE3A0F9B5}.Debug|ARM64.ActiveCfg = stage|x86
		{3C4A93D3-9B9B-4EA9-8BCF-A53BE3A0F9B5}.Debug|ARM64.Build.0 = stage|x86
		{3C4A93D3-9B9B-4EA9-8BCF-A53BE3A0F9B5}.Debug|x64.ActiveCfg = stage|x86
		{3C4A93D3-9B9B-4EA9-8BCF-A53BE3A0F9B5}.Debug|x64.Build.0 = stage|x86
		{3C4A93D3-9B9B-4EA9-8BCF-A53BE3A0F9B5}.Debug|x86.ActiveCfg = Debug|x86
		{3C4A93D3-9B9B-4EA9-8BCF-A53BE3A0F9B5}.Debug|x86.Build.0 = Debug|x86
		{3C4A93D3-9B9B-4EA9-8BCF-A53BE3A0F9B5}.Release|ARM.ActiveCfg = stage|ARM
		{3C4A93D3-9B9B-4EA9-8BCF-A53BE3A0F9B5}.Release|ARM.Build.0 = stage|ARM
		{3C4A93D3-9B9B-4EA9-8BCF-A53BE3A0F9B5}.Release|ARM64.ActiveCfg = stage|x86
		{3C4A93D3-9B9B-4EA9-8BCF-A53BE3A0F9B5}.Release|ARM64.Build.0 = stage|x86
		{3C4A93D3-9B9B-4EA9-8BCF-A53BE3A0F9B5}.Release|x64.ActiveCfg = stage|x86
		{3C4A93D3-9B9B-4EA9-8BCF-A53BE3A0F9B5}.Release|x64.Build.0 = stage|x86
		{3C4A93D3-9B9B-4EA9-8BCF-A53BE3A0F9B5}.Release|x86.ActiveCfg = Release|x86
		{3C4A93D3-9B9B-4EA9-8BCF-A53BE3A0F9B5}.Release|x86.Build.0 = Release|x86
		{325DAC08-EB64-4026-9EEE-FBE2D6746955}.Debug|ARM.ActiveCfg = Debug|ARM
		{325DAC08-EB64-4026-9EEE-FBE2D6746955}.Debug|ARM64.ActiveCfg = Debug|ARM64
		{325DAC08-EB64-4026-9EEE-FBE2D6746955}.Debug|x64.ActiveCfg = Debug|x64
		{325DAC08-EB64-4026-9EEE-FBE2D6746955}.Debug|x86.ActiveCfg = Debug|x86
		{325DAC08-EB64-4026-9EEE-FBE2D6746955}.Debug|x86.Build.0 = Debug|x86
		{325DAC08-EB64-4026-9EEE-FBE2D6746955}.Debug|x86.Deploy.0 = Debug|x86
		{325DAC08-EB64-4026-9EEE-FBE2D6746955}.Release|ARM.ActiveCfg = Release|ARM
		{325DAC08-EB64-4026-9EEE-FBE2D6746955}.Release|ARM.Build.0 = Release|ARM
		{325DAC08-EB64-4026-9EEE-FBE2D6746955}.Release|ARM.Deploy.0 = Release|ARM
		{325DAC08-EB64-4026-9EEE-FBE2D6746955}.Release|ARM64.ActiveCfg = Release|ARM64
		{325DAC08-EB64-4026-9EEE-FBE2D6746955}.Release|ARM64.Build.0 = Release|ARM64
		{325DAC08-EB64-4026-9EEE-FBE2D6746955}.Release|ARM64.Deploy.0 = Release|ARM64
		{325DAC08-EB64-4026-9EEE-FBE2D6746955}.Release|x64.ActiveCfg = Release|x64
		{325DAC08-EB64-4026-9EEE-FBE2D6746955}.Release|x64.Build.0 = Release|x64
		{325DAC08-EB64-4026-9EEE-FBE2D6746955}.Release|x64.Deploy.0 = Release|x64
		{325DAC08-EB64-4026-9EEE-FBE2D6746955}.Release|x86.ActiveCfg = Release|x86
		{325DAC08-EB64-4026-9EEE-FBE2D6746955}.Release|x86.Build.0 = Release|x86
		{325DAC08-EB64-4026-9EEE-FBE2D6746955}.Release|x86.Deploy.0 = Release|x86
		{ECB0620D-BFA8-4F9B-B2AD-9D9C20A44FE9}.Debug|ARM.ActiveCfg = Debug|ARM
		{ECB0620D-BFA8-4F9B-B2AD-9D9C20A44FE9}.Debug|ARM.Build.0 = Debug|ARM
		{ECB0620D-BFA8-4F9B-B2AD-9D9C20A44FE9}.Debug|ARM64.ActiveCfg = Debug|x86
		{ECB0620D-BFA8-4F9B-B2AD-9D9C20A44FE9}.Debug|x64.ActiveCfg = Debug|x86
		{ECB0620D-BFA8-4F9B-B2AD-9D9C20A44FE9}.Debug|x86.ActiveCfg = Debug|x86
		{ECB0620D-BFA8-4F9B-B2AD-9D9C20A44FE9}.Debug|x86.Build.0 = Debug|x86
		{ECB0620D-BFA8-4F9B-B2AD-9D9C20A44FE9}.Release|ARM.ActiveCfg = stage|ARM
		{ECB0620D-BFA8-4F9B-B2AD-9D9C20A44FE9}.Release|ARM.Build.0 = stage|ARM
		{ECB0620D-BFA8-4F9B-B2AD-9D9C20A44FE9}.Release|ARM64.ActiveCfg = stage|ARM
		{ECB0620D-BFA8-4F9B-B2AD-9D9C20A44FE9}.Release|ARM64.Build.0 = stage|ARM
		{ECB0620D-BFA8-4F9B-B2AD-9D9C20A44FE9}.Release|x64.ActiveCfg = stage|ARM
		{ECB0620D-BFA8-4F9B-B2AD-9D9C20A44FE9}.Release|x64.Build.0 = stage|ARM
		{ECB0620D-BFA8-4F9B-B2AD-9D9C20A44FE9}.Release|x86.ActiveCfg = Release|x86
		{ECB0620D-BFA8-4F9B-B2AD-9D9C20A44FE9}.Release|x86.Build.0 = Release|x86
		{9D102BB4-2054-4D90-A3E7-DD63BDF83982}.Debug|ARM.ActiveCfg = Debug|ARM
		{9D102BB4-2054-4D90-A3E7-DD63BDF83982}.Debug|ARM.Build.0 = Debug|ARM
		{9D102BB4-2054-4D90-A3E7-DD63BDF83982}.Debug|ARM64.ActiveCfg = Debug|x86
		{9D102BB4-2054-4D90-A3E7-DD63BDF83982}.Debug|x64.ActiveCfg = Debug|x86
		{9D102BB4-2054-4D90-A3E7-DD63BDF83982}.Debug|x86.ActiveCfg = Debug|x86
		{9D102BB4-2054-4D90-A3E7-DD63BDF83982}.Debug|x86.Build.0 = Debug|x86
		{9D102BB4-2054-4D90-A3E7-DD63BDF83982}.Release|ARM.ActiveCfg = stage|ARM
		{9D102BB4-2054-4D90-A3E7-DD63BDF83982}.Release|ARM.Build.0 = stage|ARM
		{9D102BB4-2054-4D90-A3E7-DD63BDF83982}.Release|ARM64.ActiveCfg = stage|ARM
		{9D102BB4-2054-4D90-A3E7-DD63BDF83982}.Release|ARM64.Build.0 = stage|ARM
		{9D102BB4-2054-4D90-A3E7-DD63BDF83982}.Release|x64.ActiveCfg = stage|ARM
		{9D102BB4-2054-4D90-A3E7-DD63BDF83982}.Release|x64.Build.0 = stage|ARM
		{9D102BB4-2054-4D90-A3E7-DD63BDF83982}.Release|x86.ActiveCfg = Release|x86
		{9D102BB4-2054-4D90-A3E7-DD63BDF83982}.Release|x86.Build.0 = Release|x86
		{576B7916-147F-49F2-84B8-360D703894B5}.Debug|ARM.ActiveCfg = Debug|ARM
		{576B7916-147F-49F2-84B8-360D703894B5}.Debug|ARM.Build.0 = Debug|ARM
		{576B7916-147F-49F2-84B8-360D703894B5}.Debug|ARM64.ActiveCfg = Debug|x86
		{576B7916-147F-49F2-84B8-360D703894B5}.Debug|x64.ActiveCfg = Debug|x86
		{576B7916-147F-49F2-84B8-360D703894B5}.Debug|x86.ActiveCfg = Debug|x86
		{576B7916-147F-49F2-84B8-360D703894B5}.Debug|x86.Build.0 = Debug|x86
		{576B7916-147F-49F2-84B8-360D703894B5}.Release|ARM.ActiveCfg = stage|ARM
		{576B7916-147F-49F2-84B8-360D703894B5}.Release|ARM.Build.0 = stage|ARM
		{576B7916-147F-49F2-84B8-360D703894B5}.Release|ARM64.ActiveCfg = stage|ARM
		{576B7916-147F-49F2-84B8-360D703894B5}.Release|ARM64.Build.0 = stage|ARM
		{576B7916-147F-49F2-84B8-360D703894B5}.Release|x64.ActiveCfg = stage|ARM
		{576B7916-147F-49F2-84B8-360D703894B5}.Release|x64.Build.0 = stage|ARM
		{576B7916-147F-49F2-84B8-360D703894B5}.Release|x86.ActiveCfg = Release|x86
		{576B7916-147F-49F2-84B8-360D703894B5}.Release|x86.Build.0 = Release|x86
		{6F5C86B4-07BB-45A5-9FB9-B7921BCBBF36}.Debug|ARM.ActiveCfg = Debug|ARM
		{6F5C86B4-07BB-45A5-9FB9-B7921BCBBF36}.Debug|ARM.Build.0 = Debug|ARM
		{6F5C86B4-07BB-45A5-9FB9-B7921BCBBF36}.Debug|ARM64.ActiveCfg = Debug|x86
		{6F5C86B4-07BB-45A5-9FB9-B7921BCBBF36}.Debug|x64.ActiveCfg = Debug|x86
		{6F5C86B4-07BB-45A5-9FB9-B7921BCBBF36}.Debug|x86.ActiveCfg = Debug|x86
		{6F5C86B4-07BB-45A5-9FB9-B7921BCBBF36}.Debug|x86.Build.0 = Debug|x86
		{6F5C86B4-07BB-45A5-9FB9-B7921BCBBF36}.Release|ARM.ActiveCfg = stage|ARM
		{6F5C86B4-07BB-45A5-9FB9-B7921BCBBF36}.Release|ARM.Build.0 = stage|ARM
		{6F5C86B4-07BB-45A5-9FB9-B7921BCBBF36}.Release|ARM64.ActiveCfg = stage|ARM
		{6F5C86B4-07BB-45A5-9FB9-B7921BCBBF36}.Release|ARM64.Build.0 = stage|ARM
		{6F5C86B4-07BB-45A5-9FB9-B7921BCBBF36}.Release|x64.ActiveCfg = stage|ARM
		{6F5C86B4-07BB-45A5-9FB9-B7921BCBBF36}.Release|x64.Build.0 = stage|ARM
		{6F5C86B4-07BB-45A5-9FB9-B7921BCBBF36}.Release|x86.ActiveCfg = Release|x86
		{6F5C86B4-07BB-45A5-9FB9-B7921BCBBF36}.Release|x86.Build.0 = Release|x86
		{15CCBA90-45F6-46FA-A1FD-AF4C40595697}.Debug|ARM.ActiveCfg = Debug|ARM
		{15CCBA90-45F6-46FA-A1FD-AF4C40595697}.Debug|ARM.Build.0 = Debug|ARM
		{15CCBA90-45F6-46FA-A1FD-AF4C40595697}.Debug|ARM64.ActiveCfg = Debug|x86
		{15CCBA90-45F6-46FA-A1FD-AF4C40595697}.Debug|x64.ActiveCfg = Debug|x86
		{15CCBA90-45F6-46FA-A1FD-AF4C40595697}.Debug|x86.ActiveCfg = Debug|x86
		{15CCBA90-45F6-46FA-A1FD-AF4C40595697}.Debug|x86.Build.0 = Debug|x86
		{15CCBA90-45F6-46FA-A1FD-AF4C40595697}.Release|ARM.ActiveCfg = stage|ARM
		{15CCBA90-45F6-46FA-A1FD-AF4C40595697}.Release|ARM.Build.0 = stage|ARM
		{15CCBA90-45F6-46FA-A1FD-AF4C40595697}.Release|ARM64.ActiveCfg = stage|ARM
		{15CCBA90-45F6-46FA-A1FD-AF4C40595697}.Release|ARM64.Build.0 = stage|ARM
		{15CCBA90-45F6-46FA-A1FD-AF4C40595697}.Release|x64.ActiveCfg = stage|ARM
		{15CCBA90-45F6-46FA-A1FD-AF4C40595697}.Release|x64.Build.0 = stage|ARM
		{15CCBA90-45F6-46FA-A1FD-AF4C40595697}.Release|x86.ActiveCfg = Release|x86
		{15CCBA90-45F6-46FA-A1FD-AF4C40595697}.Release|x86.Build.0 = Release|x86
		{404AE736-B4D1-492B-A3C8-ABA442415C68}.Debug|ARM.ActiveCfg = Debug|ARM
		{404AE736-B4D1-492B-A3C8-ABA442415C68}.Debug|ARM.Build.0 = Debug|ARM
		{404AE736-B4D1-492B-A3C8-ABA442415C68}.Debug|ARM64.ActiveCfg = Debug|x86
		{404AE736-B4D1-492B-A3C8-ABA442415C68}.Debug|x64.ActiveCfg = Debug|x86
		{404AE736-B4D1-492B-A3C8-ABA442415C68}.Debug|x86.ActiveCfg = Debug|x86
		{404AE736-B4D1-492B-A3C8-ABA442415C68}.Debug|x86.Build.0 = Debug|x86
		{404AE736-B4D1-492B-A3C8-ABA442415C68}.Release|ARM.ActiveCfg = Debug|ARM
		{404AE736-B4D1-492B-A3C8-ABA442415C68}.Release|ARM.Build.0 = Debug|ARM
		{404AE736-B4D1-492B-A3C8-ABA442415C68}.Release|ARM64.ActiveCfg = Debug|ARM
		{404AE736-B4D1-492B-A3C8-ABA442415C68}.Release|ARM64.Build.0 = Debug|ARM
		{404AE736-B4D1-492B-A3C8-ABA442415C68}.Release|x64.ActiveCfg = Debug|ARM
		{404AE736-B4D1-492B-A3C8-ABA442415C68}.Release|x64.Build.0 = Debug|ARM
		{404AE736-B4D1-492B-A3C8-ABA442415C68}.Release|x86.ActiveCfg = Release|x86
		{404AE736-B4D1-492B-A3C8-ABA442415C68}.Release|x86.Build.0 = Release|x86
		{16AB3478-F401-43C0-8BF1-A19F28802711}.Debug|ARM.ActiveCfg = Release|ARM
		{16AB3478-F401-43C0-8BF1-A19F28802711}.Debug|ARM.Build.0 = Release|ARM
		{16AB3478-F401-43C0-8BF1-A19F28802711}.Debug|ARM64.ActiveCfg = Release|ARM
		{16AB3478-F401-43C0-8BF1-A19F28802711}.Debug|ARM64.Build.0 = Release|ARM
		{16AB3478-F401-43C0-8BF1-A19F28802711}.Debug|x64.ActiveCfg = Release|ARM
		{16AB3478-F401-43C0-8BF1-A19F28802711}.Debug|x64.Build.0 = Release|ARM
		{16AB3478-F401-43C0-8BF1-A19F28802711}.Debug|x86.ActiveCfg = Debug|x86
		{16AB3478-F401-43C0-8BF1-A19F28802711}.Debug|x86.Build.0 = Debug|x86
		{16AB3478-F401-43C0-8BF1-A19F28802711}.Release|ARM.ActiveCfg = Release|ARM
		{16AB3478-F401-43C0-8BF1-A19F28802711}.Release|ARM.Build.0 = Release|ARM
		{16AB3478-F401-43C0-8BF1-A19F28802711}.Release|ARM64.ActiveCfg = Release|ARM
		{16AB3478-F401-43C0-8BF1-A19F28802711}.Release|ARM64.Build.0 = Release|ARM
		{16AB3478-F401-43C0-8BF1-A19F28802711}.Release|x64.ActiveCfg = Release|ARM
		{16AB3478-F401-43C0-8BF1-A19F28802711}.Release|x64.Build.0 = Release|ARM
		{16AB3478-F401-43C0-8BF1-A19F28802711}.Release|x86.ActiveCfg = Release|x86
		{16AB3478-F401-43C0-8BF1-A19F28802711}.Release|x86.Build.0 = Release|x86
		{48185620-E3EC-4BFB-BC89-E3F8321679C1}.Debug|ARM.ActiveCfg = Debug|ARM
		{48185620-E3EC-4BFB-BC89-E3F8321679C1}.Debug|ARM.Build.0 = Debug|ARM
		{48185620-E3EC-4BFB-BC89-E3F8321679C1}.Debug|ARM64.ActiveCfg = Debug|ARM64
		{48185620-E3EC-4BFB-BC89-E3F8321679C1}.Debug|ARM64.Build.0 = Debug|ARM64
		{48185620-E3EC-4BFB-BC89-E3F8321679C1}.Debug|x64.ActiveCfg = Debug|x64
		{48185620-E3EC-4BFB-BC89-E3F8321679C1}.Debug|x64.Build.0 = Debug|x64
		{48185620-E3EC-4BFB-BC89-E3F8321679C1}.Debug|x86.ActiveCfg = Debug|x86
		{48185620-E3EC-4BFB-BC89-E3F8321679C1}.Debug|x86.Build.0 = Debug|x86
		{48185620-E3EC-4BFB-BC89-E3F8321679C1}.Release|ARM.ActiveCfg = stage|ARM
		{48185620-E3EC-4BFB-BC89-E3F8321679C1}.Release|ARM.Build.0 = stage|ARM
		{48185620-E3EC-4BFB-BC89-E3F8321679C1}.Release|ARM64.ActiveCfg = Debug|ARM64
		{48185620-E3EC-4BFB-BC89-E3F8321679C1}.Release|ARM64.Build.0 = Debug|ARM64
		{48185620-E3EC-4BFB-BC89-E3F8321679C1}.Release|x64.ActiveCfg = stage|x64
		{48185620-E3EC-4BFB-BC89-E3F8321679C1}.Release|x64.Build.0 = stage|x64
		{48185620-E3EC-4BFB-BC89-E3F8321679C1}.Release|x86.ActiveCfg = Release|x86
		{48185620-E3EC-4BFB-BC89-E3F8321679C1}.Release|x86.Build.0 = Release|x86
		{33A0512E-2ACD-4E83-9ED6-25581F962650}.Debug|ARM.ActiveCfg = Debug|ARM
		{33A0512E-2ACD-4E83-9ED6-25581F962650}.Debug|ARM.Build.0 = Debug|ARM
		{33A0512E-2ACD-4E83-9ED6-25581F962650}.Debug|ARM.Deploy.0 = Debug|ARM
		{33A0512E-2ACD-4E83-9ED6-25581F962650}.Debug|ARM64.ActiveCfg = Debug|ARM64
		{33A0512E-2ACD-4E83-9ED6-25581F962650}.Debug|ARM64.Build.0 = Debug|ARM64
		{33A0512E-2ACD-4E83-9ED6-25581F962650}.Debug|ARM64.Deploy.0 = Debug|ARM64
		{33A0512E-2ACD-4E83-9ED6-25581F962650}.Debug|x64.ActiveCfg = Debug|x64
		{33A0512E-2ACD-4E83-9ED6-25581F962650}.Debug|x64.Build.0 = Debug|x64
		{33A0512E-2ACD-4E83-9ED6-25581F962650}.Debug|x64.Deploy.0 = Debug|x64
		{33A0512E-2ACD-4E83-9ED6-25581F962650}.Debug|x86.ActiveCfg = Debug|x86
		{33A0512E-2ACD-4E83-9ED6-25581F962650}.Debug|x86.Build.0 = Debug|x86
		{33A0512E-2ACD-4E83-9ED6-25581F962650}.Debug|x86.Deploy.0 = Debug|x86
		{33A0512E-2ACD-4E83-9ED6-25581F962650}.Release|ARM.ActiveCfg = Release|ARM
		{33A0512E-2ACD-4E83-9ED6-25581F962650}.Release|ARM.Build.0 = Release|ARM
		{33A0512E-2ACD-4E83-9ED6-25581F962650}.Release|ARM.Deploy.0 = Release|ARM
		{33A0512E-2ACD-4E83-9ED6-25581F962650}.Release|ARM64.ActiveCfg = Release|ARM64
		{33A0512E-2ACD-4E83-9ED6-25581F962650}.Release|ARM64.Build.0 = Release|ARM64
		{33A0512E-2ACD-4E83-9ED6-25581F962650}.Release|ARM64.Deploy.0 = Release|ARM64
		{33A0512E-2ACD-4E83-9ED6-25581F962650}.Release|x64.ActiveCfg = Release|x64
		{33A0512E-2ACD-4E83-9ED6-25581F962650}.Release|x64.Build.0 = Release|x64
		{33A0512E-2ACD-4E83-9ED6-25581F962650}.Release|x64.Deploy.0 = Release|x64
		{33A0512E-2ACD-4E83-9ED6-25581F962650}.Release|x86.ActiveCfg = Release|x86
		{33A0512E-2ACD-4E83-9ED6-25581F962650}.Release|x86.Build.0 = Release|x86
		{33A0512E-2ACD-4E83-9ED6-25581F962650}.Release|x86.Deploy.0 = Release|x86
		{0A5A3263-879E-436B-B542-9B6941320068}.Debug|ARM.ActiveCfg = Debug|ARM
		{0A5A3263-879E-436B-B542-9B6941320068}.Debug|ARM.Build.0 = Debug|ARM
		{0A5A3263-879E-436B-B542-9B6941320068}.Debug|ARM.Deploy.0 = Debug|ARM
		{0A5A3263-879E-436B-B542-9B6941320068}.Debug|ARM64.ActiveCfg = Debug|ARM64
		{0A5A3263-879E-436B-B542-9B6941320068}.Debug|ARM64.Build.0 = Debug|ARM64
		{0A5A3263-879E-436B-B542-9B6941320068}.Debug|ARM64.Deploy.0 = Debug|ARM64
		{0A5A3263-879E-436B-B542-9B6941320068}.Debug|x64.ActiveCfg = Debug|x64
		{0A5A3263-879E-436B-B542-9B6941320068}.Debug|x64.Build.0 = Debug|x64
		{0A5A3263-879E-436B-B542-9B6941320068}.Debug|x64.Deploy.0 = Debug|x64
		{0A5A3263-879E-436B-B542-9B6941320068}.Debug|x86.ActiveCfg = Debug|x86
		{0A5A3263-879E-436B-B542-9B6941320068}.Debug|x86.Build.0 = Debug|x86
		{0A5A3263-879E-436B-B542-9B6941320068}.Debug|x86.Deploy.0 = Debug|x86
		{0A5A3263-879E-436B-B542-9B6941320068}.Release|ARM.ActiveCfg = Release|ARM
		{0A5A3263-879E-436B-B542-9B6941320068}.Release|ARM.Build.0 = Release|ARM
		{0A5A3263-879E-436B-B542-9B6941320068}.Release|ARM.Deploy.0 = Release|ARM
		{0A5A3263-879E-436B-B542-9B6941320068}.Release|ARM64.ActiveCfg = Release|ARM64
		{0A5A3263-879E-436B-B542-9B6941320068}.Release|ARM64.Build.0 = Release|ARM64
		{0A5A3263-879E-436B-B542-9B6941320068}.Release|ARM64.Deploy.0 = Release|ARM64
		{0A5A3263-879E-436B-B542-9B6941320068}.Release|x64.ActiveCfg = Release|x64
		{0A5A3263-879E-436B-B542-9B6941320068}.Release|x64.Build.0 = Release|x64
		{0A5A3263-879E-436B-B542-9B6941320068}.Release|x64.Deploy.0 = Release|x64
		{0A5A3263-879E-436B-B542-9B6941320068}.Release|x86.ActiveCfg = Release|x86
		{0A5A3263-879E-436B-B542-9B6941320068}.Release|x86.Build.0 = Release|x86
		{0A5A3263-879E-436B-B542-9B6941320068}.Release|x86.Deploy.0 = Release|x86
		{41DE0EE4-CA85-4DB8-AEBA-860DDD9BBD58}.Debug|ARM.ActiveCfg = Debug|ARM
		{41DE0EE4-CA85-4DB8-AEBA-860DDD9BBD58}.Debug|ARM.Build.0 = Debug|ARM
		{41DE0EE4-CA85-4DB8-AEBA-860DDD9BBD58}.Debug|ARM.Deploy.0 = Debug|ARM
		{41DE0EE4-CA85-4DB8-AEBA-860DDD9BBD58}.Debug|ARM64.ActiveCfg = Debug|ARM64
		{41DE0EE4-CA85-4DB8-AEBA-860DDD9BBD58}.Debug|ARM64.Build.0 = Debug|ARM64
		{41DE0EE4-CA85-4DB8-AEBA-860DDD9BBD58}.Debug|ARM64.Deploy.0 = Debug|ARM64
		{41DE0EE4-CA85-4DB8-AEBA-860DDD9BBD58}.Debug|x64.ActiveCfg = Debug|x64
		{41DE0EE4-CA85-4DB8-AEBA-860DDD9BBD58}.Debug|x64.Build.0 = Debug|x64
		{41DE0EE4-CA85-4DB8-AEBA-860DDD9BBD58}.Debug|x64.Deploy.0 = Debug|x64
		{41DE0EE4-CA85-4DB8-AEBA-860DDD9BBD58}.Debug|x86.ActiveCfg = Debug|x86
		{41DE0EE4-CA85-4DB8-AEBA-860DDD9BBD58}.Debug|x86.Build.0 = Debug|x86
		{41DE0EE4-CA85-4DB8-AEBA-860DDD9BBD58}.Debug|x86.Deploy.0 = Debug|x86
		{41DE0EE4-CA85-4DB8-AEBA-860DDD9BBD58}.Release|ARM.ActiveCfg = Release|ARM
		{41DE0EE4-CA85-4DB8-AEBA-860DDD9BBD58}.Release|ARM.Build.0 = Release|ARM
		{41DE0EE4-CA85-4DB8-AEBA-860DDD9BBD58}.Release|ARM.Deploy.0 = Release|ARM
		{41DE0EE4-CA85-4DB8-AEBA-860DDD9BBD58}.Release|ARM64.ActiveCfg = Release|ARM64
		{41DE0EE4-CA85-4DB8-AEBA-860DDD9BBD58}.Release|ARM64.Build.0 = Release|ARM64
		{41DE0EE4-CA85-4DB8-AEBA-860DDD9BBD58}.Release|ARM64.Deploy.0 = Release|ARM64
		{41DE0EE4-CA85-4DB8-AEBA-860DDD9BBD58}.Release|x64.ActiveCfg = Release|x64
		{41DE0EE4-CA85-4DB8-AEBA-860DDD9BBD58}.Release|x64.Build.0 = Release|x64
		{41DE0EE4-CA85-4DB8-AEBA-860DDD9BBD58}.Release|x64.Deploy.0 = Release|x64
		{41DE0EE4-CA85-4DB8-AEBA-860DDD9BBD58}.Release|x86.ActiveCfg = Release|x86
		{41DE0EE4-CA85-4DB8-AEBA-860DDD9BBD58}.Release|x86.Build.0 = Release|x86
		{41DE0EE4-CA85-4DB8-AEBA-860DDD9BBD58}.Release|x86.Deploy.0 = Release|x86
	EndGlobalSection
	GlobalSection(SolutionProperties) = preSolution
		HideSolutionNode = FALSE
	EndGlobalSection
	GlobalSection(ExtensibilityGlobals) = postSolution
		SolutionGuid = {1870EF94-285B-4908-969A-745CB24FDF16}
	EndGlobalSection
EndGlobal
