
Microsoft Visual Studio Solution File, Format Version 12.00
# Visual Studio Version 16
VisualStudioVersion = 16.0.29215.179
MinimumVisualStudioVersion = 10.0.40219.1
Project("{8BC9CEB8-8B4A-11D0-8D11-00A0C91BC942}") = "draw2d_cairo", "..\..\..\source\$1.vcxproj", "{06207BC4-C08B-4A2D-B754-F3BD46AD3098}"
	ProjectSection(ProjectDependencies) = postProject
		{02207BC4-C08B-4A2D-B754-F3BD46AD3098} = {02207BC4-C08B-4A2D-B754-F3BD46AD3098}
	EndProjectSection
EndProject
Project("{8BC9CEB8-8B4A-11D0-8D11-00A0C91BC942}") = "app_core_hellomultiverse", "..\..\..\source\$1.vcxproj", "{85DD443E-1930-4C2D-A917-200E09D871E8}"
	ProjectSection(ProjectDependencies) = postProject
		{02207BC4-C08B-4A2D-B754-F3BD46AD3098} = {02207BC4-C08B-4A2D-B754-F3BD46AD3098}
		{7F61A6F3-4ED9-4460-9270-4EA7CB00E634} = {7F61A6F3-4ED9-4460-9270-4EA7CB00E634}
	EndProjectSection
EndProject
Project("{8BC9CEB8-8B4A-11D0-8D11-00A0C91BC942}") = "aura", "..\..\..\source\$1.vcxproj", "{02207BC4-C08B-4A2D-B754-F3BD46AD3098}"
EndProject
Project("{8BC9CEB8-8B4A-11D0-8D11-00A0C91BC942}") = "app.launcher", "..\app.launcher\app.launcher.vcxproj", "{A2A7BC8C-519F-4F38-B7FB-58AF0860D021}"
	ProjectSection(ProjectDependencies) = postProject
		{02207BC4-C08B-4A2D-B754-F3BD46AD3098} = {02207BC4-C08B-4A2D-B754-F3BD46AD3098}
	EndProjectSection
EndProject
Project("{8BC9CEB8-8B4A-11D0-8D11-00A0C91BC942}") = "app.activity", "..\app.activity\app.activity.vcxproj", "{0CEBDB3A-CC7E-4237-8448-FC56095B2173}"
	ProjectSection(ProjectDependencies) = postProject
		{85DD443E-1930-4C2D-A917-200E09D871E8} = {85DD443E-1930-4C2D-A917-200E09D871E8}
		{0365BD5F-5C57-4DB4-9270-D850D2A84FBB} = {0365BD5F-5C57-4DB4-9270-D850D2A84FBB}
		{A2A7BC8C-519F-4F38-B7FB-58AF0860D021} = {A2A7BC8C-519F-4F38-B7FB-58AF0860D021}
		{02207BC4-C08B-4A2D-B754-F3BD46AD3098} = {02207BC4-C08B-4A2D-B754-F3BD46AD3098}
		{06207BC4-C08B-4A2D-B754-F3BD46AD3098} = {06207BC4-C08B-4A2D-B754-F3BD46AD3098}
	EndProjectSection
EndProject
Project("{8BC9CEB8-8B4A-11D0-8D11-00A0C91BC942}") = "gcom", "..\..\..\source\$1.vcxproj", "{7F61A6F3-4ED9-4460-9270-4EA7CB00E634}"
	ProjectSection(ProjectDependencies) = postProject
		{02207BC4-C08B-4A2D-B754-F3BD46AD3098} = {02207BC4-C08B-4A2D-B754-F3BD46AD3098}
	EndProjectSection
EndProject
Project("{8BC9CEB8-8B4A-11D0-8D11-00A0C91BC942}") = "app_core_flag", "..\..\..\source\$1.vcxproj", "{19841115-2E02-4BC0-BF89-D11F8409C8DF}"
	ProjectSection(ProjectDependencies) = postProject
		{85DD443E-1930-4C2D-A917-200E09D871E8} = {85DD443E-1930-4C2D-A917-200E09D871E8}
	EndProjectSection
EndProject
Project("{8BC9CEB8-8B4A-11D0-8D11-00A0C91BC942}") = "app_cidadedecuritiba_alphaclock", "..\..\..\source\$1.vcxproj", "{19841115-1951-1977-0422-021F8409C8DF}"
	ProjectSection(ProjectDependencies) = postProject
		{19841115-2E02-4BC0-BF89-D11F8409C8DF} = {19841115-2E02-4BC0-BF89-D11F8409C8DF}
	EndProjectSection
EndProject
Project("{8BC9CEB8-8B4A-11D0-8D11-00A0C91BC942}") = "app_core_clockverse", "..\..\..\source\$1.vcxproj", "{590F57D2-68FB-4197-BA30-E8FE47089A88}"
	ProjectSection(ProjectDependencies) = postProject
		{19841115-1951-1977-0422-021F8409C8DF} = {19841115-1951-1977-0422-021F8409C8DF}
	EndProjectSection
EndProject
Project("{8BC9CEB8-8B4A-11D0-8D11-00A0C91BC942}") = "app_core_projection", "..\..\..\source\$1.vcxproj", "{5C979D59-F31A-4830-93DD-CDADAE5347B7}"
	ProjectSection(ProjectDependencies) = postProject
		{02207BC4-C08B-4A2D-B754-F3BD46AD3098} = {02207BC4-C08B-4A2D-B754-F3BD46AD3098}
	EndProjectSection
EndProject
Project("{8BC9CEB8-8B4A-11D0-8D11-00A0C91BC942}") = "experience_core", "..\..\..\source\$1.vcxproj", "{0365BD5F-5C57-4DB4-9270-D850D2A84FBB}"
EndProject
Project("{8BC9CEB8-8B4A-11D0-8D11-00A0C91BC942}") = "freeimage_imaging", "..\..\..\source\$1.vcxproj", "{3C4A93D3-9B9B-4EA9-8BCF-A53BE3A0F9B5}"
	ProjectSection(ProjectDependencies) = postProject
		{02207BC4-C08B-4A2D-B754-F3BD46AD3098} = {02207BC4-C08B-4A2D-B754-F3BD46AD3098}
	EndProjectSection
EndProject
Project("{39E2626F-3545-4960-A6E8-258AD8476CE5}") = "android_app_simple_app", "..\..\seed-android\app-simple\app\android_app_simple_app.androidproj", "{FB3AC07E-9EBC-43EA-AEAD-F9773D154BFC}"
EndProject
Project("{39E2626F-3545-4960-A6E8-258AD8476CE5}") = "android_app_simple_hellomultiverse", "..\..\seed-android\app-core\hellomultiverse\android_app_simple_hellomultiverse.androidproj", "{325DAC08-EB64-4026-9EEE-FBE2D6746955}"
EndProject
Global
	GlobalSection(SolutionConfigurationPlatforms) = preSolution
		basis|ARM = basis|ARM
		basis|ARM64 = basis|ARM64
		basis|x64 = basis|x64
		basis|x86 = basis|x86
		cover|ARM = cover|ARM
		cover|ARM64 = cover|ARM64
		cover|x64 = cover|x64
		cover|x86 = cover|x86
		cube_basis|ARM = cube_basis|ARM
		cube_basis|ARM64 = cube_basis|ARM64
		cube_basis|x64 = cube_basis|x64
		cube_basis|x86 = cube_basis|x86
		cube_stage|ARM = cube_stage|ARM
		cube_stage|ARM64 = cube_stage|ARM64
		cube_stage|x64 = cube_stage|x64
		cube_stage|x86 = cube_stage|x86
		Debug|ARM = Debug|ARM
		Debug|ARM64 = Debug|ARM64
		Debug|x64 = Debug|x64
		Debug|x86 = Debug|x86
		Release|ARM = Release|ARM
		Release|ARM64 = Release|ARM64
		Release|x64 = Release|x64
		Release|x86 = Release|x86
		stage|ARM = stage|ARM
		stage|ARM64 = stage|ARM64
		stage|x64 = stage|x64
		stage|x86 = stage|x86
	EndGlobalSection
	GlobalSection(ProjectConfigurationPlatforms) = postSolution
		{06207BC4-C08B-4A2D-B754-F3BD46AD3098}.basis|ARM.ActiveCfg = basis|ARM
		{06207BC4-C08B-4A2D-B754-F3BD46AD3098}.basis|ARM.Build.0 = basis|ARM
		{06207BC4-C08B-4A2D-B754-F3BD46AD3098}.basis|ARM64.ActiveCfg = basis|x86
		{06207BC4-C08B-4A2D-B754-F3BD46AD3098}.basis|x64.ActiveCfg = basis|x86
		{06207BC4-C08B-4A2D-B754-F3BD46AD3098}.basis|x86.ActiveCfg = basis|x86
		{06207BC4-C08B-4A2D-B754-F3BD46AD3098}.basis|x86.Build.0 = basis|x86
		{06207BC4-C08B-4A2D-B754-F3BD46AD3098}.cover|ARM.ActiveCfg = stage|ARM
		{06207BC4-C08B-4A2D-B754-F3BD46AD3098}.cover|ARM.Build.0 = stage|ARM
		{06207BC4-C08B-4A2D-B754-F3BD46AD3098}.cover|ARM64.ActiveCfg = stage|x86
		{06207BC4-C08B-4A2D-B754-F3BD46AD3098}.cover|ARM64.Build.0 = stage|x86
		{06207BC4-C08B-4A2D-B754-F3BD46AD3098}.cover|x64.ActiveCfg = stage|x86
		{06207BC4-C08B-4A2D-B754-F3BD46AD3098}.cover|x64.Build.0 = stage|x86
		{06207BC4-C08B-4A2D-B754-F3BD46AD3098}.cover|x86.ActiveCfg = stage|x86
		{06207BC4-C08B-4A2D-B754-F3BD46AD3098}.cover|x86.Build.0 = stage|x86
		{06207BC4-C08B-4A2D-B754-F3BD46AD3098}.cube_basis|ARM.ActiveCfg = basis|ARM
		{06207BC4-C08B-4A2D-B754-F3BD46AD3098}.cube_basis|ARM.Build.0 = basis|ARM
		{06207BC4-C08B-4A2D-B754-F3BD46AD3098}.cube_basis|ARM64.ActiveCfg = stage|x86
		{06207BC4-C08B-4A2D-B754-F3BD46AD3098}.cube_basis|ARM64.Build.0 = stage|x86
		{06207BC4-C08B-4A2D-B754-F3BD46AD3098}.cube_basis|x64.ActiveCfg = stage|x86
		{06207BC4-C08B-4A2D-B754-F3BD46AD3098}.cube_basis|x64.Build.0 = stage|x86
		{06207BC4-C08B-4A2D-B754-F3BD46AD3098}.cube_basis|x86.ActiveCfg = basis|x86
		{06207BC4-C08B-4A2D-B754-F3BD46AD3098}.cube_basis|x86.Build.0 = basis|x86
		{06207BC4-C08B-4A2D-B754-F3BD46AD3098}.cube_stage|ARM.ActiveCfg = stage|ARM
		{06207BC4-C08B-4A2D-B754-F3BD46AD3098}.cube_stage|ARM.Build.0 = stage|ARM
		{06207BC4-C08B-4A2D-B754-F3BD46AD3098}.cube_stage|ARM64.ActiveCfg = stage|x86
		{06207BC4-C08B-4A2D-B754-F3BD46AD3098}.cube_stage|ARM64.Build.0 = stage|x86
		{06207BC4-C08B-4A2D-B754-F3BD46AD3098}.cube_stage|x64.ActiveCfg = stage|x86
		{06207BC4-C08B-4A2D-B754-F3BD46AD3098}.cube_stage|x64.Build.0 = stage|x86
		{06207BC4-C08B-4A2D-B754-F3BD46AD3098}.cube_stage|x86.ActiveCfg = stage|x86
		{06207BC4-C08B-4A2D-B754-F3BD46AD3098}.cube_stage|x86.Build.0 = stage|x86
		{06207BC4-C08B-4A2D-B754-F3BD46AD3098}.Debug|ARM.ActiveCfg = stage|ARM
		{06207BC4-C08B-4A2D-B754-F3BD46AD3098}.Debug|ARM.Build.0 = stage|ARM
		{06207BC4-C08B-4A2D-B754-F3BD46AD3098}.Debug|ARM64.ActiveCfg = stage|x86
		{06207BC4-C08B-4A2D-B754-F3BD46AD3098}.Debug|ARM64.Build.0 = stage|x86
		{06207BC4-C08B-4A2D-B754-F3BD46AD3098}.Debug|x64.ActiveCfg = stage|x86
		{06207BC4-C08B-4A2D-B754-F3BD46AD3098}.Debug|x64.Build.0 = stage|x86
		{06207BC4-C08B-4A2D-B754-F3BD46AD3098}.Debug|x86.ActiveCfg = stage|x86
		{06207BC4-C08B-4A2D-B754-F3BD46AD3098}.Debug|x86.Build.0 = stage|x86
		{06207BC4-C08B-4A2D-B754-F3BD46AD3098}.Release|ARM.ActiveCfg = stage|ARM
		{06207BC4-C08B-4A2D-B754-F3BD46AD3098}.Release|ARM.Build.0 = stage|ARM
		{06207BC4-C08B-4A2D-B754-F3BD46AD3098}.Release|ARM64.ActiveCfg = stage|x86
		{06207BC4-C08B-4A2D-B754-F3BD46AD3098}.Release|ARM64.Build.0 = stage|x86
		{06207BC4-C08B-4A2D-B754-F3BD46AD3098}.Release|x64.ActiveCfg = stage|x86
		{06207BC4-C08B-4A2D-B754-F3BD46AD3098}.Release|x64.Build.0 = stage|x86
		{06207BC4-C08B-4A2D-B754-F3BD46AD3098}.Release|x86.ActiveCfg = stage|x86
		{06207BC4-C08B-4A2D-B754-F3BD46AD3098}.Release|x86.Build.0 = stage|x86
		{06207BC4-C08B-4A2D-B754-F3BD46AD3098}.stage|ARM.ActiveCfg = stage|ARM
		{06207BC4-C08B-4A2D-B754-F3BD46AD3098}.stage|ARM.Build.0 = stage|ARM
		{06207BC4-C08B-4A2D-B754-F3BD46AD3098}.stage|ARM64.ActiveCfg = stage|x86
		{06207BC4-C08B-4A2D-B754-F3BD46AD3098}.stage|x64.ActiveCfg = stage|x86
		{06207BC4-C08B-4A2D-B754-F3BD46AD3098}.stage|x86.ActiveCfg = stage|x86
		{06207BC4-C08B-4A2D-B754-F3BD46AD3098}.stage|x86.Build.0 = stage|x86
		{85DD443E-1930-4C2D-A917-200E09D871E8}.basis|ARM.ActiveCfg = basis|ARM
		{85DD443E-1930-4C2D-A917-200E09D871E8}.basis|ARM.Build.0 = basis|ARM
		{85DD443E-1930-4C2D-A917-200E09D871E8}.basis|ARM64.ActiveCfg = basis|x86
		{85DD443E-1930-4C2D-A917-200E09D871E8}.basis|x64.ActiveCfg = basis|x86
		{85DD443E-1930-4C2D-A917-200E09D871E8}.basis|x86.ActiveCfg = basis|x86
		{85DD443E-1930-4C2D-A917-200E09D871E8}.basis|x86.Build.0 = basis|x86
		{85DD443E-1930-4C2D-A917-200E09D871E8}.cover|ARM.ActiveCfg = stage|ARM
		{85DD443E-1930-4C2D-A917-200E09D871E8}.cover|ARM.Build.0 = stage|ARM
		{85DD443E-1930-4C2D-A917-200E09D871E8}.cover|ARM64.ActiveCfg = stage|x86
		{85DD443E-1930-4C2D-A917-200E09D871E8}.cover|ARM64.Build.0 = stage|x86
		{85DD443E-1930-4C2D-A917-200E09D871E8}.cover|x64.ActiveCfg = stage|x86
		{85DD443E-1930-4C2D-A917-200E09D871E8}.cover|x64.Build.0 = stage|x86
		{85DD443E-1930-4C2D-A917-200E09D871E8}.cover|x86.ActiveCfg = stage|x86
		{85DD443E-1930-4C2D-A917-200E09D871E8}.cover|x86.Build.0 = stage|x86
		{85DD443E-1930-4C2D-A917-200E09D871E8}.cube_basis|ARM.ActiveCfg = basis|ARM
		{85DD443E-1930-4C2D-A917-200E09D871E8}.cube_basis|ARM.Build.0 = basis|ARM
		{85DD443E-1930-4C2D-A917-200E09D871E8}.cube_basis|ARM64.ActiveCfg = stage|x86
		{85DD443E-1930-4C2D-A917-200E09D871E8}.cube_basis|ARM64.Build.0 = stage|x86
		{85DD443E-1930-4C2D-A917-200E09D871E8}.cube_basis|x64.ActiveCfg = stage|x86
		{85DD443E-1930-4C2D-A917-200E09D871E8}.cube_basis|x64.Build.0 = stage|x86
		{85DD443E-1930-4C2D-A917-200E09D871E8}.cube_basis|x86.ActiveCfg = basis|x86
		{85DD443E-1930-4C2D-A917-200E09D871E8}.cube_basis|x86.Build.0 = basis|x86
		{85DD443E-1930-4C2D-A917-200E09D871E8}.cube_stage|ARM.ActiveCfg = stage|ARM
		{85DD443E-1930-4C2D-A917-200E09D871E8}.cube_stage|ARM.Build.0 = stage|ARM
		{85DD443E-1930-4C2D-A917-200E09D871E8}.cube_stage|ARM64.ActiveCfg = stage|x86
		{85DD443E-1930-4C2D-A917-200E09D871E8}.cube_stage|ARM64.Build.0 = stage|x86
		{85DD443E-1930-4C2D-A917-200E09D871E8}.cube_stage|x64.ActiveCfg = stage|x86
		{85DD443E-1930-4C2D-A917-200E09D871E8}.cube_stage|x64.Build.0 = stage|x86
		{85DD443E-1930-4C2D-A917-200E09D871E8}.cube_stage|x86.ActiveCfg = stage|x86
		{85DD443E-1930-4C2D-A917-200E09D871E8}.cube_stage|x86.Build.0 = stage|x86
		{85DD443E-1930-4C2D-A917-200E09D871E8}.Debug|ARM.ActiveCfg = stage|ARM
		{85DD443E-1930-4C2D-A917-200E09D871E8}.Debug|ARM.Build.0 = stage|ARM
		{85DD443E-1930-4C2D-A917-200E09D871E8}.Debug|ARM64.ActiveCfg = stage|x86
		{85DD443E-1930-4C2D-A917-200E09D871E8}.Debug|ARM64.Build.0 = stage|x86
		{85DD443E-1930-4C2D-A917-200E09D871E8}.Debug|x64.ActiveCfg = stage|x86
		{85DD443E-1930-4C2D-A917-200E09D871E8}.Debug|x64.Build.0 = stage|x86
		{85DD443E-1930-4C2D-A917-200E09D871E8}.Debug|x86.ActiveCfg = stage|x86
		{85DD443E-1930-4C2D-A917-200E09D871E8}.Debug|x86.Build.0 = stage|x86
		{85DD443E-1930-4C2D-A917-200E09D871E8}.Release|ARM.ActiveCfg = stage|ARM
		{85DD443E-1930-4C2D-A917-200E09D871E8}.Release|ARM.Build.0 = stage|ARM
		{85DD443E-1930-4C2D-A917-200E09D871E8}.Release|ARM64.ActiveCfg = stage|x86
		{85DD443E-1930-4C2D-A917-200E09D871E8}.Release|ARM64.Build.0 = stage|x86
		{85DD443E-1930-4C2D-A917-200E09D871E8}.Release|x64.ActiveCfg = stage|x86
		{85DD443E-1930-4C2D-A917-200E09D871E8}.Release|x64.Build.0 = stage|x86
		{85DD443E-1930-4C2D-A917-200E09D871E8}.Release|x86.ActiveCfg = stage|x86
		{85DD443E-1930-4C2D-A917-200E09D871E8}.Release|x86.Build.0 = stage|x86
		{85DD443E-1930-4C2D-A917-200E09D871E8}.stage|ARM.ActiveCfg = stage|ARM
		{85DD443E-1930-4C2D-A917-200E09D871E8}.stage|ARM.Build.0 = stage|ARM
		{85DD443E-1930-4C2D-A917-200E09D871E8}.stage|ARM64.ActiveCfg = stage|x86
		{85DD443E-1930-4C2D-A917-200E09D871E8}.stage|x64.ActiveCfg = stage|x86
		{85DD443E-1930-4C2D-A917-200E09D871E8}.stage|x86.ActiveCfg = stage|x86
		{85DD443E-1930-4C2D-A917-200E09D871E8}.stage|x86.Build.0 = stage|x86
		{02207BC4-C08B-4A2D-B754-F3BD46AD3098}.basis|ARM.ActiveCfg = basis|ARM
		{02207BC4-C08B-4A2D-B754-F3BD46AD3098}.basis|ARM.Build.0 = basis|ARM
		{02207BC4-C08B-4A2D-B754-F3BD46AD3098}.basis|ARM64.ActiveCfg = basis|x86
		{02207BC4-C08B-4A2D-B754-F3BD46AD3098}.basis|x64.ActiveCfg = basis|x86
		{02207BC4-C08B-4A2D-B754-F3BD46AD3098}.basis|x86.ActiveCfg = basis|x86
		{02207BC4-C08B-4A2D-B754-F3BD46AD3098}.basis|x86.Build.0 = basis|x86
		{02207BC4-C08B-4A2D-B754-F3BD46AD3098}.cover|ARM.ActiveCfg = stage|ARM
		{02207BC4-C08B-4A2D-B754-F3BD46AD3098}.cover|ARM.Build.0 = stage|ARM
		{02207BC4-C08B-4A2D-B754-F3BD46AD3098}.cover|ARM64.ActiveCfg = stage|x86
		{02207BC4-C08B-4A2D-B754-F3BD46AD3098}.cover|ARM64.Build.0 = stage|x86
		{02207BC4-C08B-4A2D-B754-F3BD46AD3098}.cover|x64.ActiveCfg = stage|x86
		{02207BC4-C08B-4A2D-B754-F3BD46AD3098}.cover|x64.Build.0 = stage|x86
		{02207BC4-C08B-4A2D-B754-F3BD46AD3098}.cover|x86.ActiveCfg = stage|x86
		{02207BC4-C08B-4A2D-B754-F3BD46AD3098}.cover|x86.Build.0 = stage|x86
		{02207BC4-C08B-4A2D-B754-F3BD46AD3098}.cube_basis|ARM.ActiveCfg = basis|ARM
		{02207BC4-C08B-4A2D-B754-F3BD46AD3098}.cube_basis|ARM.Build.0 = basis|ARM
		{02207BC4-C08B-4A2D-B754-F3BD46AD3098}.cube_basis|ARM64.ActiveCfg = stage|x86
		{02207BC4-C08B-4A2D-B754-F3BD46AD3098}.cube_basis|ARM64.Build.0 = stage|x86
		{02207BC4-C08B-4A2D-B754-F3BD46AD3098}.cube_basis|x64.ActiveCfg = stage|x86
		{02207BC4-C08B-4A2D-B754-F3BD46AD3098}.cube_basis|x64.Build.0 = stage|x86
		{02207BC4-C08B-4A2D-B754-F3BD46AD3098}.cube_basis|x86.ActiveCfg = basis|x86
		{02207BC4-C08B-4A2D-B754-F3BD46AD3098}.cube_basis|x86.Build.0 = basis|x86
		{02207BC4-C08B-4A2D-B754-F3BD46AD3098}.cube_stage|ARM.ActiveCfg = stage|ARM
		{02207BC4-C08B-4A2D-B754-F3BD46AD3098}.cube_stage|ARM.Build.0 = stage|ARM
		{02207BC4-C08B-4A2D-B754-F3BD46AD3098}.cube_stage|ARM64.ActiveCfg = stage|x86
		{02207BC4-C08B-4A2D-B754-F3BD46AD3098}.cube_stage|ARM64.Build.0 = stage|x86
		{02207BC4-C08B-4A2D-B754-F3BD46AD3098}.cube_stage|x64.ActiveCfg = stage|x86
		{02207BC4-C08B-4A2D-B754-F3BD46AD3098}.cube_stage|x64.Build.0 = stage|x86
		{02207BC4-C08B-4A2D-B754-F3BD46AD3098}.cube_stage|x86.ActiveCfg = stage|x86
		{02207BC4-C08B-4A2D-B754-F3BD46AD3098}.cube_stage|x86.Build.0 = stage|x86
		{02207BC4-C08B-4A2D-B754-F3BD46AD3098}.Debug|ARM.ActiveCfg = stage|ARM
		{02207BC4-C08B-4A2D-B754-F3BD46AD3098}.Debug|ARM.Build.0 = stage|ARM
		{02207BC4-C08B-4A2D-B754-F3BD46AD3098}.Debug|ARM64.ActiveCfg = stage|x86
		{02207BC4-C08B-4A2D-B754-F3BD46AD3098}.Debug|ARM64.Build.0 = stage|x86
		{02207BC4-C08B-4A2D-B754-F3BD46AD3098}.Debug|x64.ActiveCfg = stage|x86
		{02207BC4-C08B-4A2D-B754-F3BD46AD3098}.Debug|x64.Build.0 = stage|x86
		{02207BC4-C08B-4A2D-B754-F3BD46AD3098}.Debug|x86.ActiveCfg = stage|x86
		{02207BC4-C08B-4A2D-B754-F3BD46AD3098}.Debug|x86.Build.0 = stage|x86
		{02207BC4-C08B-4A2D-B754-F3BD46AD3098}.Release|ARM.ActiveCfg = stage|ARM
		{02207BC4-C08B-4A2D-B754-F3BD46AD3098}.Release|ARM.Build.0 = stage|ARM
		{02207BC4-C08B-4A2D-B754-F3BD46AD3098}.Release|ARM64.ActiveCfg = stage|x86
		{02207BC4-C08B-4A2D-B754-F3BD46AD3098}.Release|ARM64.Build.0 = stage|x86
		{02207BC4-C08B-4A2D-B754-F3BD46AD3098}.Release|x64.ActiveCfg = stage|x86
		{02207BC4-C08B-4A2D-B754-F3BD46AD3098}.Release|x64.Build.0 = stage|x86
		{02207BC4-C08B-4A2D-B754-F3BD46AD3098}.Release|x86.ActiveCfg = stage|x86
		{02207BC4-C08B-4A2D-B754-F3BD46AD3098}.Release|x86.Build.0 = stage|x86
		{02207BC4-C08B-4A2D-B754-F3BD46AD3098}.stage|ARM.ActiveCfg = stage|ARM
		{02207BC4-C08B-4A2D-B754-F3BD46AD3098}.stage|ARM.Build.0 = stage|ARM
		{02207BC4-C08B-4A2D-B754-F3BD46AD3098}.stage|ARM64.ActiveCfg = stage|x86
		{02207BC4-C08B-4A2D-B754-F3BD46AD3098}.stage|x64.ActiveCfg = stage|x86
		{02207BC4-C08B-4A2D-B754-F3BD46AD3098}.stage|x86.ActiveCfg = stage|x86
		{02207BC4-C08B-4A2D-B754-F3BD46AD3098}.stage|x86.Build.0 = stage|x86
		{A2A7BC8C-519F-4F38-B7FB-58AF0860D021}.basis|ARM.ActiveCfg = basis|ARM
		{A2A7BC8C-519F-4F38-B7FB-58AF0860D021}.basis|ARM.Build.0 = basis|ARM
		{A2A7BC8C-519F-4F38-B7FB-58AF0860D021}.basis|ARM64.ActiveCfg = basis|x86
		{A2A7BC8C-519F-4F38-B7FB-58AF0860D021}.basis|x64.ActiveCfg = basis|x86
		{A2A7BC8C-519F-4F38-B7FB-58AF0860D021}.basis|x86.ActiveCfg = basis|x86
		{A2A7BC8C-519F-4F38-B7FB-58AF0860D021}.basis|x86.Build.0 = basis|x86
		{A2A7BC8C-519F-4F38-B7FB-58AF0860D021}.cover|ARM.ActiveCfg = stage|ARM
		{A2A7BC8C-519F-4F38-B7FB-58AF0860D021}.cover|ARM.Build.0 = stage|ARM
		{A2A7BC8C-519F-4F38-B7FB-58AF0860D021}.cover|ARM64.ActiveCfg = stage|x86
		{A2A7BC8C-519F-4F38-B7FB-58AF0860D021}.cover|ARM64.Build.0 = stage|x86
		{A2A7BC8C-519F-4F38-B7FB-58AF0860D021}.cover|x64.ActiveCfg = stage|x86
		{A2A7BC8C-519F-4F38-B7FB-58AF0860D021}.cover|x64.Build.0 = stage|x86
		{A2A7BC8C-519F-4F38-B7FB-58AF0860D021}.cover|x86.ActiveCfg = stage|x86
		{A2A7BC8C-519F-4F38-B7FB-58AF0860D021}.cover|x86.Build.0 = stage|x86
		{A2A7BC8C-519F-4F38-B7FB-58AF0860D021}.cube_basis|ARM.ActiveCfg = basis|ARM
		{A2A7BC8C-519F-4F38-B7FB-58AF0860D021}.cube_basis|ARM.Build.0 = basis|ARM
		{A2A7BC8C-519F-4F38-B7FB-58AF0860D021}.cube_basis|ARM64.ActiveCfg = stage|x86
		{A2A7BC8C-519F-4F38-B7FB-58AF0860D021}.cube_basis|ARM64.Build.0 = stage|x86
		{A2A7BC8C-519F-4F38-B7FB-58AF0860D021}.cube_basis|x64.ActiveCfg = stage|x86
		{A2A7BC8C-519F-4F38-B7FB-58AF0860D021}.cube_basis|x64.Build.0 = stage|x86
		{A2A7BC8C-519F-4F38-B7FB-58AF0860D021}.cube_basis|x86.ActiveCfg = basis|x86
		{A2A7BC8C-519F-4F38-B7FB-58AF0860D021}.cube_basis|x86.Build.0 = basis|x86
		{A2A7BC8C-519F-4F38-B7FB-58AF0860D021}.cube_stage|ARM.ActiveCfg = stage|ARM
		{A2A7BC8C-519F-4F38-B7FB-58AF0860D021}.cube_stage|ARM.Build.0 = stage|ARM
		{A2A7BC8C-519F-4F38-B7FB-58AF0860D021}.cube_stage|ARM64.ActiveCfg = stage|x86
		{A2A7BC8C-519F-4F38-B7FB-58AF0860D021}.cube_stage|ARM64.Build.0 = stage|x86
		{A2A7BC8C-519F-4F38-B7FB-58AF0860D021}.cube_stage|x64.ActiveCfg = stage|x86
		{A2A7BC8C-519F-4F38-B7FB-58AF0860D021}.cube_stage|x64.Build.0 = stage|x86
		{A2A7BC8C-519F-4F38-B7FB-58AF0860D021}.cube_stage|x86.ActiveCfg = stage|x86
		{A2A7BC8C-519F-4F38-B7FB-58AF0860D021}.cube_stage|x86.Build.0 = stage|x86
		{A2A7BC8C-519F-4F38-B7FB-58AF0860D021}.Debug|ARM.ActiveCfg = stage|ARM
		{A2A7BC8C-519F-4F38-B7FB-58AF0860D021}.Debug|ARM.Build.0 = stage|ARM
		{A2A7BC8C-519F-4F38-B7FB-58AF0860D021}.Debug|ARM64.ActiveCfg = stage|x86
		{A2A7BC8C-519F-4F38-B7FB-58AF0860D021}.Debug|ARM64.Build.0 = stage|x86
		{A2A7BC8C-519F-4F38-B7FB-58AF0860D021}.Debug|x64.ActiveCfg = stage|x86
		{A2A7BC8C-519F-4F38-B7FB-58AF0860D021}.Debug|x64.Build.0 = stage|x86
		{A2A7BC8C-519F-4F38-B7FB-58AF0860D021}.Debug|x86.ActiveCfg = stage|x86
		{A2A7BC8C-519F-4F38-B7FB-58AF0860D021}.Debug|x86.Build.0 = stage|x86
		{A2A7BC8C-519F-4F38-B7FB-58AF0860D021}.Release|ARM.ActiveCfg = stage|ARM
		{A2A7BC8C-519F-4F38-B7FB-58AF0860D021}.Release|ARM.Build.0 = stage|ARM
		{A2A7BC8C-519F-4F38-B7FB-58AF0860D021}.Release|ARM64.ActiveCfg = stage|x86
		{A2A7BC8C-519F-4F38-B7FB-58AF0860D021}.Release|ARM64.Build.0 = stage|x86
		{A2A7BC8C-519F-4F38-B7FB-58AF0860D021}.Release|x64.ActiveCfg = stage|x86
		{A2A7BC8C-519F-4F38-B7FB-58AF0860D021}.Release|x64.Build.0 = stage|x86
		{A2A7BC8C-519F-4F38-B7FB-58AF0860D021}.Release|x86.ActiveCfg = stage|x86
		{A2A7BC8C-519F-4F38-B7FB-58AF0860D021}.Release|x86.Build.0 = stage|x86
		{A2A7BC8C-519F-4F38-B7FB-58AF0860D021}.stage|ARM.ActiveCfg = stage|ARM
		{A2A7BC8C-519F-4F38-B7FB-58AF0860D021}.stage|ARM.Build.0 = stage|ARM
		{A2A7BC8C-519F-4F38-B7FB-58AF0860D021}.stage|ARM64.ActiveCfg = stage|x86
		{A2A7BC8C-519F-4F38-B7FB-58AF0860D021}.stage|x64.ActiveCfg = stage|x86
		{A2A7BC8C-519F-4F38-B7FB-58AF0860D021}.stage|x86.ActiveCfg = stage|x86
		{A2A7BC8C-519F-4F38-B7FB-58AF0860D021}.stage|x86.Build.0 = stage|x86
		{0CEBDB3A-CC7E-4237-8448-FC56095B2173}.basis|ARM.ActiveCfg = basis|ARM
		{0CEBDB3A-CC7E-4237-8448-FC56095B2173}.basis|ARM.Build.0 = basis|ARM
		{0CEBDB3A-CC7E-4237-8448-FC56095B2173}.basis|ARM64.ActiveCfg = basis|x86
		{0CEBDB3A-CC7E-4237-8448-FC56095B2173}.basis|x64.ActiveCfg = basis|x86
		{0CEBDB3A-CC7E-4237-8448-FC56095B2173}.basis|x86.ActiveCfg = basis|x86
		{0CEBDB3A-CC7E-4237-8448-FC56095B2173}.basis|x86.Build.0 = basis|x86
		{0CEBDB3A-CC7E-4237-8448-FC56095B2173}.cover|ARM.ActiveCfg = stage|ARM
		{0CEBDB3A-CC7E-4237-8448-FC56095B2173}.cover|ARM.Build.0 = stage|ARM
		{0CEBDB3A-CC7E-4237-8448-FC56095B2173}.cover|ARM64.ActiveCfg = stage|x86
		{0CEBDB3A-CC7E-4237-8448-FC56095B2173}.cover|ARM64.Build.0 = stage|x86
		{0CEBDB3A-CC7E-4237-8448-FC56095B2173}.cover|x64.ActiveCfg = stage|x86
		{0CEBDB3A-CC7E-4237-8448-FC56095B2173}.cover|x64.Build.0 = stage|x86
		{0CEBDB3A-CC7E-4237-8448-FC56095B2173}.cover|x86.ActiveCfg = stage|x86
		{0CEBDB3A-CC7E-4237-8448-FC56095B2173}.cover|x86.Build.0 = stage|x86
		{0CEBDB3A-CC7E-4237-8448-FC56095B2173}.cube_basis|ARM.ActiveCfg = basis|ARM
		{0CEBDB3A-CC7E-4237-8448-FC56095B2173}.cube_basis|ARM.Build.0 = basis|ARM
		{0CEBDB3A-CC7E-4237-8448-FC56095B2173}.cube_basis|ARM64.ActiveCfg = stage|x86
		{0CEBDB3A-CC7E-4237-8448-FC56095B2173}.cube_basis|ARM64.Build.0 = stage|x86
		{0CEBDB3A-CC7E-4237-8448-FC56095B2173}.cube_basis|x64.ActiveCfg = stage|x86
		{0CEBDB3A-CC7E-4237-8448-FC56095B2173}.cube_basis|x64.Build.0 = stage|x86
		{0CEBDB3A-CC7E-4237-8448-FC56095B2173}.cube_basis|x86.ActiveCfg = basis|x86
		{0CEBDB3A-CC7E-4237-8448-FC56095B2173}.cube_basis|x86.Build.0 = basis|x86
		{0CEBDB3A-CC7E-4237-8448-FC56095B2173}.cube_stage|ARM.ActiveCfg = stage|ARM
		{0CEBDB3A-CC7E-4237-8448-FC56095B2173}.cube_stage|ARM.Build.0 = stage|ARM
		{0CEBDB3A-CC7E-4237-8448-FC56095B2173}.cube_stage|ARM64.ActiveCfg = stage|x86
		{0CEBDB3A-CC7E-4237-8448-FC56095B2173}.cube_stage|ARM64.Build.0 = stage|x86
		{0CEBDB3A-CC7E-4237-8448-FC56095B2173}.cube_stage|x64.ActiveCfg = stage|x86
		{0CEBDB3A-CC7E-4237-8448-FC56095B2173}.cube_stage|x64.Build.0 = stage|x86
		{0CEBDB3A-CC7E-4237-8448-FC56095B2173}.cube_stage|x86.ActiveCfg = stage|x86
		{0CEBDB3A-CC7E-4237-8448-FC56095B2173}.cube_stage|x86.Build.0 = stage|x86
		{0CEBDB3A-CC7E-4237-8448-FC56095B2173}.Debug|ARM.ActiveCfg = stage|ARM
		{0CEBDB3A-CC7E-4237-8448-FC56095B2173}.Debug|ARM.Build.0 = stage|ARM
		{0CEBDB3A-CC7E-4237-8448-FC56095B2173}.Debug|ARM64.ActiveCfg = stage|x86
		{0CEBDB3A-CC7E-4237-8448-FC56095B2173}.Debug|ARM64.Build.0 = stage|x86
		{0CEBDB3A-CC7E-4237-8448-FC56095B2173}.Debug|x64.ActiveCfg = stage|x86
		{0CEBDB3A-CC7E-4237-8448-FC56095B2173}.Debug|x64.Build.0 = stage|x86
		{0CEBDB3A-CC7E-4237-8448-FC56095B2173}.Debug|x86.ActiveCfg = stage|x86
		{0CEBDB3A-CC7E-4237-8448-FC56095B2173}.Debug|x86.Build.0 = stage|x86
		{0CEBDB3A-CC7E-4237-8448-FC56095B2173}.Release|ARM.ActiveCfg = stage|ARM
		{0CEBDB3A-CC7E-4237-8448-FC56095B2173}.Release|ARM.Build.0 = stage|ARM
		{0CEBDB3A-CC7E-4237-8448-FC56095B2173}.Release|ARM64.ActiveCfg = stage|x86
		{0CEBDB3A-CC7E-4237-8448-FC56095B2173}.Release|ARM64.Build.0 = stage|x86
		{0CEBDB3A-CC7E-4237-8448-FC56095B2173}.Release|x64.ActiveCfg = stage|x86
		{0CEBDB3A-CC7E-4237-8448-FC56095B2173}.Release|x64.Build.0 = stage|x86
		{0CEBDB3A-CC7E-4237-8448-FC56095B2173}.Release|x86.ActiveCfg = stage|x86
		{0CEBDB3A-CC7E-4237-8448-FC56095B2173}.Release|x86.Build.0 = stage|x86
		{0CEBDB3A-CC7E-4237-8448-FC56095B2173}.stage|ARM.ActiveCfg = stage|ARM
		{0CEBDB3A-CC7E-4237-8448-FC56095B2173}.stage|ARM.Build.0 = stage|ARM
		{0CEBDB3A-CC7E-4237-8448-FC56095B2173}.stage|ARM64.ActiveCfg = stage|x86
		{0CEBDB3A-CC7E-4237-8448-FC56095B2173}.stage|x64.ActiveCfg = stage|x86
		{0CEBDB3A-CC7E-4237-8448-FC56095B2173}.stage|x86.ActiveCfg = stage|x86
		{0CEBDB3A-CC7E-4237-8448-FC56095B2173}.stage|x86.Build.0 = stage|x86
		{7F61A6F3-4ED9-4460-9270-4EA7CB00E634}.basis|ARM.ActiveCfg = basis|ARM
		{7F61A6F3-4ED9-4460-9270-4EA7CB00E634}.basis|ARM.Build.0 = basis|ARM
		{7F61A6F3-4ED9-4460-9270-4EA7CB00E634}.basis|ARM64.ActiveCfg = basis|x86
		{7F61A6F3-4ED9-4460-9270-4EA7CB00E634}.basis|x64.ActiveCfg = basis|x86
		{7F61A6F3-4ED9-4460-9270-4EA7CB00E634}.basis|x86.ActiveCfg = basis|x86
		{7F61A6F3-4ED9-4460-9270-4EA7CB00E634}.basis|x86.Build.0 = basis|x86
		{7F61A6F3-4ED9-4460-9270-4EA7CB00E634}.cover|ARM.ActiveCfg = stage|ARM
		{7F61A6F3-4ED9-4460-9270-4EA7CB00E634}.cover|ARM.Build.0 = stage|ARM
		{7F61A6F3-4ED9-4460-9270-4EA7CB00E634}.cover|ARM64.ActiveCfg = stage|x86
		{7F61A6F3-4ED9-4460-9270-4EA7CB00E634}.cover|ARM64.Build.0 = stage|x86
		{7F61A6F3-4ED9-4460-9270-4EA7CB00E634}.cover|x64.ActiveCfg = stage|x86
		{7F61A6F3-4ED9-4460-9270-4EA7CB00E634}.cover|x64.Build.0 = stage|x86
		{7F61A6F3-4ED9-4460-9270-4EA7CB00E634}.cover|x86.ActiveCfg = stage|x86
		{7F61A6F3-4ED9-4460-9270-4EA7CB00E634}.cover|x86.Build.0 = stage|x86
		{7F61A6F3-4ED9-4460-9270-4EA7CB00E634}.cube_basis|ARM.ActiveCfg = basis|ARM
		{7F61A6F3-4ED9-4460-9270-4EA7CB00E634}.cube_basis|ARM.Build.0 = basis|ARM
		{7F61A6F3-4ED9-4460-9270-4EA7CB00E634}.cube_basis|ARM64.ActiveCfg = stage|x86
		{7F61A6F3-4ED9-4460-9270-4EA7CB00E634}.cube_basis|ARM64.Build.0 = stage|x86
		{7F61A6F3-4ED9-4460-9270-4EA7CB00E634}.cube_basis|x64.ActiveCfg = stage|x86
		{7F61A6F3-4ED9-4460-9270-4EA7CB00E634}.cube_basis|x64.Build.0 = stage|x86
		{7F61A6F3-4ED9-4460-9270-4EA7CB00E634}.cube_basis|x86.ActiveCfg = basis|x86
		{7F61A6F3-4ED9-4460-9270-4EA7CB00E634}.cube_basis|x86.Build.0 = basis|x86
		{7F61A6F3-4ED9-4460-9270-4EA7CB00E634}.cube_stage|ARM.ActiveCfg = stage|ARM
		{7F61A6F3-4ED9-4460-9270-4EA7CB00E634}.cube_stage|ARM.Build.0 = stage|ARM
		{7F61A6F3-4ED9-4460-9270-4EA7CB00E634}.cube_stage|ARM64.ActiveCfg = stage|x86
		{7F61A6F3-4ED9-4460-9270-4EA7CB00E634}.cube_stage|ARM64.Build.0 = stage|x86
		{7F61A6F3-4ED9-4460-9270-4EA7CB00E634}.cube_stage|x64.ActiveCfg = stage|x86
		{7F61A6F3-4ED9-4460-9270-4EA7CB00E634}.cube_stage|x64.Build.0 = stage|x86
		{7F61A6F3-4ED9-4460-9270-4EA7CB00E634}.cube_stage|x86.ActiveCfg = stage|x86
		{7F61A6F3-4ED9-4460-9270-4EA7CB00E634}.cube_stage|x86.Build.0 = stage|x86
		{7F61A6F3-4ED9-4460-9270-4EA7CB00E634}.Debug|ARM.ActiveCfg = stage|ARM
		{7F61A6F3-4ED9-4460-9270-4EA7CB00E634}.Debug|ARM.Build.0 = stage|ARM
		{7F61A6F3-4ED9-4460-9270-4EA7CB00E634}.Debug|ARM64.ActiveCfg = stage|x86
		{7F61A6F3-4ED9-4460-9270-4EA7CB00E634}.Debug|ARM64.Build.0 = stage|x86
		{7F61A6F3-4ED9-4460-9270-4EA7CB00E634}.Debug|x64.ActiveCfg = stage|x86
		{7F61A6F3-4ED9-4460-9270-4EA7CB00E634}.Debug|x64.Build.0 = stage|x86
		{7F61A6F3-4ED9-4460-9270-4EA7CB00E634}.Debug|x86.ActiveCfg = stage|x86
		{7F61A6F3-4ED9-4460-9270-4EA7CB00E634}.Debug|x86.Build.0 = stage|x86
		{7F61A6F3-4ED9-4460-9270-4EA7CB00E634}.Release|ARM.ActiveCfg = stage|ARM
		{7F61A6F3-4ED9-4460-9270-4EA7CB00E634}.Release|ARM.Build.0 = stage|ARM
		{7F61A6F3-4ED9-4460-9270-4EA7CB00E634}.Release|ARM64.ActiveCfg = stage|x86
		{7F61A6F3-4ED9-4460-9270-4EA7CB00E634}.Release|ARM64.Build.0 = stage|x86
		{7F61A6F3-4ED9-4460-9270-4EA7CB00E634}.Release|x64.ActiveCfg = stage|x86
		{7F61A6F3-4ED9-4460-9270-4EA7CB00E634}.Release|x64.Build.0 = stage|x86
		{7F61A6F3-4ED9-4460-9270-4EA7CB00E634}.Release|x86.ActiveCfg = stage|x86
		{7F61A6F3-4ED9-4460-9270-4EA7CB00E634}.Release|x86.Build.0 = stage|x86
		{7F61A6F3-4ED9-4460-9270-4EA7CB00E634}.stage|ARM.ActiveCfg = stage|ARM
		{7F61A6F3-4ED9-4460-9270-4EA7CB00E634}.stage|ARM.Build.0 = stage|ARM
		{7F61A6F3-4ED9-4460-9270-4EA7CB00E634}.stage|ARM64.ActiveCfg = stage|x86
		{7F61A6F3-4ED9-4460-9270-4EA7CB00E634}.stage|x64.ActiveCfg = stage|x86
		{7F61A6F3-4ED9-4460-9270-4EA7CB00E634}.stage|x86.ActiveCfg = stage|x86
		{7F61A6F3-4ED9-4460-9270-4EA7CB00E634}.stage|x86.Build.0 = stage|x86
		{19841115-2E02-4BC0-BF89-D11F8409C8DF}.basis|ARM.ActiveCfg = basis|ARM
		{19841115-2E02-4BC0-BF89-D11F8409C8DF}.basis|ARM.Build.0 = basis|ARM
		{19841115-2E02-4BC0-BF89-D11F8409C8DF}.basis|ARM64.ActiveCfg = basis|x86
		{19841115-2E02-4BC0-BF89-D11F8409C8DF}.basis|x64.ActiveCfg = basis|x86
		{19841115-2E02-4BC0-BF89-D11F8409C8DF}.basis|x86.ActiveCfg = basis|x86
		{19841115-2E02-4BC0-BF89-D11F8409C8DF}.basis|x86.Build.0 = basis|x86
		{19841115-2E02-4BC0-BF89-D11F8409C8DF}.cover|ARM.ActiveCfg = stage|ARM
		{19841115-2E02-4BC0-BF89-D11F8409C8DF}.cover|ARM.Build.0 = stage|ARM
		{19841115-2E02-4BC0-BF89-D11F8409C8DF}.cover|ARM64.ActiveCfg = stage|x86
		{19841115-2E02-4BC0-BF89-D11F8409C8DF}.cover|ARM64.Build.0 = stage|x86
		{19841115-2E02-4BC0-BF89-D11F8409C8DF}.cover|x64.ActiveCfg = stage|x86
		{19841115-2E02-4BC0-BF89-D11F8409C8DF}.cover|x64.Build.0 = stage|x86
		{19841115-2E02-4BC0-BF89-D11F8409C8DF}.cover|x86.ActiveCfg = stage|x86
		{19841115-2E02-4BC0-BF89-D11F8409C8DF}.cover|x86.Build.0 = stage|x86
		{19841115-2E02-4BC0-BF89-D11F8409C8DF}.cube_basis|ARM.ActiveCfg = basis|ARM
		{19841115-2E02-4BC0-BF89-D11F8409C8DF}.cube_basis|ARM.Build.0 = basis|ARM
		{19841115-2E02-4BC0-BF89-D11F8409C8DF}.cube_basis|ARM64.ActiveCfg = stage|x86
		{19841115-2E02-4BC0-BF89-D11F8409C8DF}.cube_basis|ARM64.Build.0 = stage|x86
		{19841115-2E02-4BC0-BF89-D11F8409C8DF}.cube_basis|x64.ActiveCfg = stage|x86
		{19841115-2E02-4BC0-BF89-D11F8409C8DF}.cube_basis|x64.Build.0 = stage|x86
		{19841115-2E02-4BC0-BF89-D11F8409C8DF}.cube_basis|x86.ActiveCfg = basis|x86
		{19841115-2E02-4BC0-BF89-D11F8409C8DF}.cube_basis|x86.Build.0 = basis|x86
		{19841115-2E02-4BC0-BF89-D11F8409C8DF}.cube_stage|ARM.ActiveCfg = stage|ARM
		{19841115-2E02-4BC0-BF89-D11F8409C8DF}.cube_stage|ARM.Build.0 = stage|ARM
		{19841115-2E02-4BC0-BF89-D11F8409C8DF}.cube_stage|ARM64.ActiveCfg = stage|x86
		{19841115-2E02-4BC0-BF89-D11F8409C8DF}.cube_stage|ARM64.Build.0 = stage|x86
		{19841115-2E02-4BC0-BF89-D11F8409C8DF}.cube_stage|x64.ActiveCfg = stage|x86
		{19841115-2E02-4BC0-BF89-D11F8409C8DF}.cube_stage|x64.Build.0 = stage|x86
		{19841115-2E02-4BC0-BF89-D11F8409C8DF}.cube_stage|x86.ActiveCfg = stage|x86
		{19841115-2E02-4BC0-BF89-D11F8409C8DF}.cube_stage|x86.Build.0 = stage|x86
		{19841115-2E02-4BC0-BF89-D11F8409C8DF}.Debug|ARM.ActiveCfg = stage|ARM
		{19841115-2E02-4BC0-BF89-D11F8409C8DF}.Debug|ARM.Build.0 = stage|ARM
		{19841115-2E02-4BC0-BF89-D11F8409C8DF}.Debug|ARM64.ActiveCfg = stage|x86
		{19841115-2E02-4BC0-BF89-D11F8409C8DF}.Debug|ARM64.Build.0 = stage|x86
		{19841115-2E02-4BC0-BF89-D11F8409C8DF}.Debug|x64.ActiveCfg = stage|x86
		{19841115-2E02-4BC0-BF89-D11F8409C8DF}.Debug|x64.Build.0 = stage|x86
		{19841115-2E02-4BC0-BF89-D11F8409C8DF}.Debug|x86.ActiveCfg = stage|x86
		{19841115-2E02-4BC0-BF89-D11F8409C8DF}.Debug|x86.Build.0 = stage|x86
		{19841115-2E02-4BC0-BF89-D11F8409C8DF}.Release|ARM.ActiveCfg = stage|ARM
		{19841115-2E02-4BC0-BF89-D11F8409C8DF}.Release|ARM.Build.0 = stage|ARM
		{19841115-2E02-4BC0-BF89-D11F8409C8DF}.Release|ARM64.ActiveCfg = stage|x86
		{19841115-2E02-4BC0-BF89-D11F8409C8DF}.Release|ARM64.Build.0 = stage|x86
		{19841115-2E02-4BC0-BF89-D11F8409C8DF}.Release|x64.ActiveCfg = stage|x86
		{19841115-2E02-4BC0-BF89-D11F8409C8DF}.Release|x64.Build.0 = stage|x86
		{19841115-2E02-4BC0-BF89-D11F8409C8DF}.Release|x86.ActiveCfg = stage|x86
		{19841115-2E02-4BC0-BF89-D11F8409C8DF}.Release|x86.Build.0 = stage|x86
		{19841115-2E02-4BC0-BF89-D11F8409C8DF}.stage|ARM.ActiveCfg = stage|ARM
		{19841115-2E02-4BC0-BF89-D11F8409C8DF}.stage|ARM.Build.0 = stage|ARM
		{19841115-2E02-4BC0-BF89-D11F8409C8DF}.stage|ARM64.ActiveCfg = stage|x86
		{19841115-2E02-4BC0-BF89-D11F8409C8DF}.stage|x64.ActiveCfg = stage|x86
		{19841115-2E02-4BC0-BF89-D11F8409C8DF}.stage|x86.ActiveCfg = stage|x86
		{19841115-2E02-4BC0-BF89-D11F8409C8DF}.stage|x86.Build.0 = stage|x86
		{19841115-1951-1977-0422-021F8409C8DF}.basis|ARM.ActiveCfg = basis|ARM
		{19841115-1951-1977-0422-021F8409C8DF}.basis|ARM.Build.0 = basis|ARM
		{19841115-1951-1977-0422-021F8409C8DF}.basis|ARM64.ActiveCfg = basis|x86
		{19841115-1951-1977-0422-021F8409C8DF}.basis|x64.ActiveCfg = basis|x86
		{19841115-1951-1977-0422-021F8409C8DF}.basis|x86.ActiveCfg = basis|x86
		{19841115-1951-1977-0422-021F8409C8DF}.basis|x86.Build.0 = basis|x86
		{19841115-1951-1977-0422-021F8409C8DF}.cover|ARM.ActiveCfg = stage|ARM
		{19841115-1951-1977-0422-021F8409C8DF}.cover|ARM.Build.0 = stage|ARM
		{19841115-1951-1977-0422-021F8409C8DF}.cover|ARM64.ActiveCfg = stage|x86
		{19841115-1951-1977-0422-021F8409C8DF}.cover|ARM64.Build.0 = stage|x86
		{19841115-1951-1977-0422-021F8409C8DF}.cover|x64.ActiveCfg = stage|x86
		{19841115-1951-1977-0422-021F8409C8DF}.cover|x64.Build.0 = stage|x86
		{19841115-1951-1977-0422-021F8409C8DF}.cover|x86.ActiveCfg = stage|x86
		{19841115-1951-1977-0422-021F8409C8DF}.cover|x86.Build.0 = stage|x86
		{19841115-1951-1977-0422-021F8409C8DF}.cube_basis|ARM.ActiveCfg = basis|ARM
		{19841115-1951-1977-0422-021F8409C8DF}.cube_basis|ARM.Build.0 = basis|ARM
		{19841115-1951-1977-0422-021F8409C8DF}.cube_basis|ARM64.ActiveCfg = stage|x86
		{19841115-1951-1977-0422-021F8409C8DF}.cube_basis|ARM64.Build.0 = stage|x86
		{19841115-1951-1977-0422-021F8409C8DF}.cube_basis|x64.ActiveCfg = stage|x86
		{19841115-1951-1977-0422-021F8409C8DF}.cube_basis|x64.Build.0 = stage|x86
		{19841115-1951-1977-0422-021F8409C8DF}.cube_basis|x86.ActiveCfg = basis|x86
		{19841115-1951-1977-0422-021F8409C8DF}.cube_basis|x86.Build.0 = basis|x86
		{19841115-1951-1977-0422-021F8409C8DF}.cube_stage|ARM.ActiveCfg = stage|ARM
		{19841115-1951-1977-0422-021F8409C8DF}.cube_stage|ARM.Build.0 = stage|ARM
		{19841115-1951-1977-0422-021F8409C8DF}.cube_stage|ARM64.ActiveCfg = stage|x86
		{19841115-1951-1977-0422-021F8409C8DF}.cube_stage|ARM64.Build.0 = stage|x86
		{19841115-1951-1977-0422-021F8409C8DF}.cube_stage|x64.ActiveCfg = stage|x86
		{19841115-1951-1977-0422-021F8409C8DF}.cube_stage|x64.Build.0 = stage|x86
		{19841115-1951-1977-0422-021F8409C8DF}.cube_stage|x86.ActiveCfg = stage|x86
		{19841115-1951-1977-0422-021F8409C8DF}.cube_stage|x86.Build.0 = stage|x86
		{19841115-1951-1977-0422-021F8409C8DF}.Debug|ARM.ActiveCfg = stage|ARM
		{19841115-1951-1977-0422-021F8409C8DF}.Debug|ARM.Build.0 = stage|ARM
		{19841115-1951-1977-0422-021F8409C8DF}.Debug|ARM64.ActiveCfg = stage|x86
		{19841115-1951-1977-0422-021F8409C8DF}.Debug|ARM64.Build.0 = stage|x86
		{19841115-1951-1977-0422-021F8409C8DF}.Debug|x64.ActiveCfg = stage|x86
		{19841115-1951-1977-0422-021F8409C8DF}.Debug|x64.Build.0 = stage|x86
		{19841115-1951-1977-0422-021F8409C8DF}.Debug|x86.ActiveCfg = stage|x86
		{19841115-1951-1977-0422-021F8409C8DF}.Debug|x86.Build.0 = stage|x86
		{19841115-1951-1977-0422-021F8409C8DF}.Release|ARM.ActiveCfg = stage|ARM
		{19841115-1951-1977-0422-021F8409C8DF}.Release|ARM.Build.0 = stage|ARM
		{19841115-1951-1977-0422-021F8409C8DF}.Release|ARM64.ActiveCfg = stage|x86
		{19841115-1951-1977-0422-021F8409C8DF}.Release|ARM64.Build.0 = stage|x86
		{19841115-1951-1977-0422-021F8409C8DF}.Release|x64.ActiveCfg = stage|x86
		{19841115-1951-1977-0422-021F8409C8DF}.Release|x64.Build.0 = stage|x86
		{19841115-1951-1977-0422-021F8409C8DF}.Release|x86.ActiveCfg = stage|x86
		{19841115-1951-1977-0422-021F8409C8DF}.Release|x86.Build.0 = stage|x86
		{19841115-1951-1977-0422-021F8409C8DF}.stage|ARM.ActiveCfg = stage|ARM
		{19841115-1951-1977-0422-021F8409C8DF}.stage|ARM.Build.0 = stage|ARM
		{19841115-1951-1977-0422-021F8409C8DF}.stage|ARM64.ActiveCfg = stage|x86
		{19841115-1951-1977-0422-021F8409C8DF}.stage|x64.ActiveCfg = stage|x86
		{19841115-1951-1977-0422-021F8409C8DF}.stage|x86.ActiveCfg = stage|x86
		{19841115-1951-1977-0422-021F8409C8DF}.stage|x86.Build.0 = stage|x86
		{590F57D2-68FB-4197-BA30-E8FE47089A88}.basis|ARM.ActiveCfg = basis|ARM
		{590F57D2-68FB-4197-BA30-E8FE47089A88}.basis|ARM.Build.0 = basis|ARM
		{590F57D2-68FB-4197-BA30-E8FE47089A88}.basis|ARM64.ActiveCfg = basis|x86
		{590F57D2-68FB-4197-BA30-E8FE47089A88}.basis|x64.ActiveCfg = basis|x86
		{590F57D2-68FB-4197-BA30-E8FE47089A88}.basis|x86.ActiveCfg = basis|x86
		{590F57D2-68FB-4197-BA30-E8FE47089A88}.basis|x86.Build.0 = basis|x86
		{590F57D2-68FB-4197-BA30-E8FE47089A88}.cover|ARM.ActiveCfg = stage|ARM
		{590F57D2-68FB-4197-BA30-E8FE47089A88}.cover|ARM.Build.0 = stage|ARM
		{590F57D2-68FB-4197-BA30-E8FE47089A88}.cover|ARM64.ActiveCfg = stage|x86
		{590F57D2-68FB-4197-BA30-E8FE47089A88}.cover|ARM64.Build.0 = stage|x86
		{590F57D2-68FB-4197-BA30-E8FE47089A88}.cover|x64.ActiveCfg = stage|x86
		{590F57D2-68FB-4197-BA30-E8FE47089A88}.cover|x64.Build.0 = stage|x86
		{590F57D2-68FB-4197-BA30-E8FE47089A88}.cover|x86.ActiveCfg = stage|x86
		{590F57D2-68FB-4197-BA30-E8FE47089A88}.cover|x86.Build.0 = stage|x86
		{590F57D2-68FB-4197-BA30-E8FE47089A88}.cube_basis|ARM.ActiveCfg = basis|ARM
		{590F57D2-68FB-4197-BA30-E8FE47089A88}.cube_basis|ARM.Build.0 = basis|ARM
		{590F57D2-68FB-4197-BA30-E8FE47089A88}.cube_basis|ARM64.ActiveCfg = stage|x86
		{590F57D2-68FB-4197-BA30-E8FE47089A88}.cube_basis|ARM64.Build.0 = stage|x86
		{590F57D2-68FB-4197-BA30-E8FE47089A88}.cube_basis|x64.ActiveCfg = stage|x86
		{590F57D2-68FB-4197-BA30-E8FE47089A88}.cube_basis|x64.Build.0 = stage|x86
		{590F57D2-68FB-4197-BA30-E8FE47089A88}.cube_basis|x86.ActiveCfg = basis|x86
		{590F57D2-68FB-4197-BA30-E8FE47089A88}.cube_basis|x86.Build.0 = basis|x86
		{590F57D2-68FB-4197-BA30-E8FE47089A88}.cube_stage|ARM.ActiveCfg = stage|ARM
		{590F57D2-68FB-4197-BA30-E8FE47089A88}.cube_stage|ARM.Build.0 = stage|ARM
		{590F57D2-68FB-4197-BA30-E8FE47089A88}.cube_stage|ARM64.ActiveCfg = stage|x86
		{590F57D2-68FB-4197-BA30-E8FE47089A88}.cube_stage|ARM64.Build.0 = stage|x86
		{590F57D2-68FB-4197-BA30-E8FE47089A88}.cube_stage|x64.ActiveCfg = stage|x86
		{590F57D2-68FB-4197-BA30-E8FE47089A88}.cube_stage|x64.Build.0 = stage|x86
		{590F57D2-68FB-4197-BA30-E8FE47089A88}.cube_stage|x86.ActiveCfg = stage|x86
		{590F57D2-68FB-4197-BA30-E8FE47089A88}.cube_stage|x86.Build.0 = stage|x86
		{590F57D2-68FB-4197-BA30-E8FE47089A88}.Debug|ARM.ActiveCfg = stage|ARM
		{590F57D2-68FB-4197-BA30-E8FE47089A88}.Debug|ARM.Build.0 = stage|ARM
		{590F57D2-68FB-4197-BA30-E8FE47089A88}.Debug|ARM64.ActiveCfg = stage|x86
		{590F57D2-68FB-4197-BA30-E8FE47089A88}.Debug|ARM64.Build.0 = stage|x86
		{590F57D2-68FB-4197-BA30-E8FE47089A88}.Debug|x64.ActiveCfg = stage|x86
		{590F57D2-68FB-4197-BA30-E8FE47089A88}.Debug|x64.Build.0 = stage|x86
		{590F57D2-68FB-4197-BA30-E8FE47089A88}.Debug|x86.ActiveCfg = stage|x86
		{590F57D2-68FB-4197-BA30-E8FE47089A88}.Debug|x86.Build.0 = stage|x86
		{590F57D2-68FB-4197-BA30-E8FE47089A88}.Release|ARM.ActiveCfg = stage|ARM
		{590F57D2-68FB-4197-BA30-E8FE47089A88}.Release|ARM.Build.0 = stage|ARM
		{590F57D2-68FB-4197-BA30-E8FE47089A88}.Release|ARM64.ActiveCfg = stage|x86
		{590F57D2-68FB-4197-BA30-E8FE47089A88}.Release|ARM64.Build.0 = stage|x86
		{590F57D2-68FB-4197-BA30-E8FE47089A88}.Release|x64.ActiveCfg = stage|x86
		{590F57D2-68FB-4197-BA30-E8FE47089A88}.Release|x64.Build.0 = stage|x86
		{590F57D2-68FB-4197-BA30-E8FE47089A88}.Release|x86.ActiveCfg = stage|x86
		{590F57D2-68FB-4197-BA30-E8FE47089A88}.Release|x86.Build.0 = stage|x86
		{590F57D2-68FB-4197-BA30-E8FE47089A88}.stage|ARM.ActiveCfg = stage|ARM
		{590F57D2-68FB-4197-BA30-E8FE47089A88}.stage|ARM.Build.0 = stage|ARM
		{590F57D2-68FB-4197-BA30-E8FE47089A88}.stage|ARM64.ActiveCfg = stage|x86
		{590F57D2-68FB-4197-BA30-E8FE47089A88}.stage|x64.ActiveCfg = stage|x86
		{590F57D2-68FB-4197-BA30-E8FE47089A88}.stage|x86.ActiveCfg = stage|x86
		{590F57D2-68FB-4197-BA30-E8FE47089A88}.stage|x86.Build.0 = stage|x86
		{5C979D59-F31A-4830-93DD-CDADAE5347B7}.basis|ARM.ActiveCfg = basis|ARM
		{5C979D59-F31A-4830-93DD-CDADAE5347B7}.basis|ARM.Build.0 = basis|ARM
		{5C979D59-F31A-4830-93DD-CDADAE5347B7}.basis|ARM64.ActiveCfg = basis|x86
		{5C979D59-F31A-4830-93DD-CDADAE5347B7}.basis|x64.ActiveCfg = basis|x86
		{5C979D59-F31A-4830-93DD-CDADAE5347B7}.basis|x86.ActiveCfg = basis|x86
		{5C979D59-F31A-4830-93DD-CDADAE5347B7}.basis|x86.Build.0 = basis|x86
		{5C979D59-F31A-4830-93DD-CDADAE5347B7}.cover|ARM.ActiveCfg = stage|ARM
		{5C979D59-F31A-4830-93DD-CDADAE5347B7}.cover|ARM.Build.0 = stage|ARM
		{5C979D59-F31A-4830-93DD-CDADAE5347B7}.cover|ARM64.ActiveCfg = stage|x86
		{5C979D59-F31A-4830-93DD-CDADAE5347B7}.cover|ARM64.Build.0 = stage|x86
		{5C979D59-F31A-4830-93DD-CDADAE5347B7}.cover|x64.ActiveCfg = stage|x86
		{5C979D59-F31A-4830-93DD-CDADAE5347B7}.cover|x64.Build.0 = stage|x86
		{5C979D59-F31A-4830-93DD-CDADAE5347B7}.cover|x86.ActiveCfg = stage|x86
		{5C979D59-F31A-4830-93DD-CDADAE5347B7}.cover|x86.Build.0 = stage|x86
		{5C979D59-F31A-4830-93DD-CDADAE5347B7}.cube_basis|ARM.ActiveCfg = basis|ARM
		{5C979D59-F31A-4830-93DD-CDADAE5347B7}.cube_basis|ARM.Build.0 = basis|ARM
		{5C979D59-F31A-4830-93DD-CDADAE5347B7}.cube_basis|ARM64.ActiveCfg = stage|x86
		{5C979D59-F31A-4830-93DD-CDADAE5347B7}.cube_basis|ARM64.Build.0 = stage|x86
		{5C979D59-F31A-4830-93DD-CDADAE5347B7}.cube_basis|x64.ActiveCfg = stage|x86
		{5C979D59-F31A-4830-93DD-CDADAE5347B7}.cube_basis|x64.Build.0 = stage|x86
		{5C979D59-F31A-4830-93DD-CDADAE5347B7}.cube_basis|x86.ActiveCfg = basis|x86
		{5C979D59-F31A-4830-93DD-CDADAE5347B7}.cube_basis|x86.Build.0 = basis|x86
		{5C979D59-F31A-4830-93DD-CDADAE5347B7}.cube_stage|ARM.ActiveCfg = stage|ARM
		{5C979D59-F31A-4830-93DD-CDADAE5347B7}.cube_stage|ARM.Build.0 = stage|ARM
		{5C979D59-F31A-4830-93DD-CDADAE5347B7}.cube_stage|ARM64.ActiveCfg = stage|x86
		{5C979D59-F31A-4830-93DD-CDADAE5347B7}.cube_stage|ARM64.Build.0 = stage|x86
		{5C979D59-F31A-4830-93DD-CDADAE5347B7}.cube_stage|x64.ActiveCfg = stage|x86
		{5C979D59-F31A-4830-93DD-CDADAE5347B7}.cube_stage|x64.Build.0 = stage|x86
		{5C979D59-F31A-4830-93DD-CDADAE5347B7}.cube_stage|x86.ActiveCfg = stage|x86
		{5C979D59-F31A-4830-93DD-CDADAE5347B7}.cube_stage|x86.Build.0 = stage|x86
		{5C979D59-F31A-4830-93DD-CDADAE5347B7}.Debug|ARM.ActiveCfg = stage|ARM
		{5C979D59-F31A-4830-93DD-CDADAE5347B7}.Debug|ARM.Build.0 = stage|ARM
		{5C979D59-F31A-4830-93DD-CDADAE5347B7}.Debug|ARM64.ActiveCfg = stage|x86
		{5C979D59-F31A-4830-93DD-CDADAE5347B7}.Debug|ARM64.Build.0 = stage|x86
		{5C979D59-F31A-4830-93DD-CDADAE5347B7}.Debug|x64.ActiveCfg = stage|x86
		{5C979D59-F31A-4830-93DD-CDADAE5347B7}.Debug|x64.Build.0 = stage|x86
		{5C979D59-F31A-4830-93DD-CDADAE5347B7}.Debug|x86.ActiveCfg = stage|x86
		{5C979D59-F31A-4830-93DD-CDADAE5347B7}.Debug|x86.Build.0 = stage|x86
		{5C979D59-F31A-4830-93DD-CDADAE5347B7}.Release|ARM.ActiveCfg = stage|ARM
		{5C979D59-F31A-4830-93DD-CDADAE5347B7}.Release|ARM.Build.0 = stage|ARM
		{5C979D59-F31A-4830-93DD-CDADAE5347B7}.Release|ARM64.ActiveCfg = stage|x86
		{5C979D59-F31A-4830-93DD-CDADAE5347B7}.Release|ARM64.Build.0 = stage|x86
		{5C979D59-F31A-4830-93DD-CDADAE5347B7}.Release|x64.ActiveCfg = stage|x86
		{5C979D59-F31A-4830-93DD-CDADAE5347B7}.Release|x64.Build.0 = stage|x86
		{5C979D59-F31A-4830-93DD-CDADAE5347B7}.Release|x86.ActiveCfg = stage|x86
		{5C979D59-F31A-4830-93DD-CDADAE5347B7}.Release|x86.Build.0 = stage|x86
		{5C979D59-F31A-4830-93DD-CDADAE5347B7}.stage|ARM.ActiveCfg = stage|ARM
		{5C979D59-F31A-4830-93DD-CDADAE5347B7}.stage|ARM.Build.0 = stage|ARM
		{5C979D59-F31A-4830-93DD-CDADAE5347B7}.stage|ARM64.ActiveCfg = stage|x86
		{5C979D59-F31A-4830-93DD-CDADAE5347B7}.stage|x64.ActiveCfg = stage|x86
		{5C979D59-F31A-4830-93DD-CDADAE5347B7}.stage|x86.ActiveCfg = stage|x86
		{5C979D59-F31A-4830-93DD-CDADAE5347B7}.stage|x86.Build.0 = stage|x86
		{0365BD5F-5C57-4DB4-9270-D850D2A84FBB}.basis|ARM.ActiveCfg = basis|ARM
		{0365BD5F-5C57-4DB4-9270-D850D2A84FBB}.basis|ARM.Build.0 = basis|ARM
		{0365BD5F-5C57-4DB4-9270-D850D2A84FBB}.basis|ARM64.ActiveCfg = basis|x86
		{0365BD5F-5C57-4DB4-9270-D850D2A84FBB}.basis|x64.ActiveCfg = basis|x86
		{0365BD5F-5C57-4DB4-9270-D850D2A84FBB}.basis|x86.ActiveCfg = basis|x86
		{0365BD5F-5C57-4DB4-9270-D850D2A84FBB}.basis|x86.Build.0 = basis|x86
		{0365BD5F-5C57-4DB4-9270-D850D2A84FBB}.cover|ARM.ActiveCfg = basis|ARM
		{0365BD5F-5C57-4DB4-9270-D850D2A84FBB}.cover|ARM.Build.0 = basis|ARM
		{0365BD5F-5C57-4DB4-9270-D850D2A84FBB}.cover|ARM64.ActiveCfg = basis|x86
		{0365BD5F-5C57-4DB4-9270-D850D2A84FBB}.cover|ARM64.Build.0 = basis|x86
		{0365BD5F-5C57-4DB4-9270-D850D2A84FBB}.cover|x64.ActiveCfg = basis|x86
		{0365BD5F-5C57-4DB4-9270-D850D2A84FBB}.cover|x64.Build.0 = basis|x86
		{0365BD5F-5C57-4DB4-9270-D850D2A84FBB}.cover|x86.ActiveCfg = basis|x86
		{0365BD5F-5C57-4DB4-9270-D850D2A84FBB}.cover|x86.Build.0 = basis|x86
		{0365BD5F-5C57-4DB4-9270-D850D2A84FBB}.cube_basis|ARM.ActiveCfg = basis|ARM
		{0365BD5F-5C57-4DB4-9270-D850D2A84FBB}.cube_basis|ARM.Build.0 = basis|ARM
		{0365BD5F-5C57-4DB4-9270-D850D2A84FBB}.cube_basis|ARM64.ActiveCfg = stage|x86
		{0365BD5F-5C57-4DB4-9270-D850D2A84FBB}.cube_basis|ARM64.Build.0 = stage|x86
		{0365BD5F-5C57-4DB4-9270-D850D2A84FBB}.cube_basis|x64.ActiveCfg = stage|x86
		{0365BD5F-5C57-4DB4-9270-D850D2A84FBB}.cube_basis|x64.Build.0 = stage|x86
		{0365BD5F-5C57-4DB4-9270-D850D2A84FBB}.cube_basis|x86.ActiveCfg = basis|x86
		{0365BD5F-5C57-4DB4-9270-D850D2A84FBB}.cube_basis|x86.Build.0 = basis|x86
		{0365BD5F-5C57-4DB4-9270-D850D2A84FBB}.cube_stage|ARM.ActiveCfg = stage|ARM
		{0365BD5F-5C57-4DB4-9270-D850D2A84FBB}.cube_stage|ARM.Build.0 = stage|ARM
		{0365BD5F-5C57-4DB4-9270-D850D2A84FBB}.cube_stage|ARM64.ActiveCfg = stage|x86
		{0365BD5F-5C57-4DB4-9270-D850D2A84FBB}.cube_stage|ARM64.Build.0 = stage|x86
		{0365BD5F-5C57-4DB4-9270-D850D2A84FBB}.cube_stage|x64.ActiveCfg = stage|x86
		{0365BD5F-5C57-4DB4-9270-D850D2A84FBB}.cube_stage|x64.Build.0 = stage|x86
		{0365BD5F-5C57-4DB4-9270-D850D2A84FBB}.cube_stage|x86.ActiveCfg = stage|x86
		{0365BD5F-5C57-4DB4-9270-D850D2A84FBB}.cube_stage|x86.Build.0 = stage|x86
		{0365BD5F-5C57-4DB4-9270-D850D2A84FBB}.Debug|ARM.ActiveCfg = stage|ARM
		{0365BD5F-5C57-4DB4-9270-D850D2A84FBB}.Debug|ARM.Build.0 = stage|ARM
		{0365BD5F-5C57-4DB4-9270-D850D2A84FBB}.Debug|ARM64.ActiveCfg = stage|x86
		{0365BD5F-5C57-4DB4-9270-D850D2A84FBB}.Debug|ARM64.Build.0 = stage|x86
		{0365BD5F-5C57-4DB4-9270-D850D2A84FBB}.Debug|x64.ActiveCfg = stage|x86
		{0365BD5F-5C57-4DB4-9270-D850D2A84FBB}.Debug|x64.Build.0 = stage|x86
		{0365BD5F-5C57-4DB4-9270-D850D2A84FBB}.Debug|x86.ActiveCfg = stage|x86
		{0365BD5F-5C57-4DB4-9270-D850D2A84FBB}.Debug|x86.Build.0 = stage|x86
		{0365BD5F-5C57-4DB4-9270-D850D2A84FBB}.Release|ARM.ActiveCfg = stage|ARM
		{0365BD5F-5C57-4DB4-9270-D850D2A84FBB}.Release|ARM.Build.0 = stage|ARM
		{0365BD5F-5C57-4DB4-9270-D850D2A84FBB}.Release|ARM64.ActiveCfg = stage|x86
		{0365BD5F-5C57-4DB4-9270-D850D2A84FBB}.Release|ARM64.Build.0 = stage|x86
		{0365BD5F-5C57-4DB4-9270-D850D2A84FBB}.Release|x64.ActiveCfg = stage|x86
		{0365BD5F-5C57-4DB4-9270-D850D2A84FBB}.Release|x64.Build.0 = stage|x86
		{0365BD5F-5C57-4DB4-9270-D850D2A84FBB}.Release|x86.ActiveCfg = stage|x86
		{0365BD5F-5C57-4DB4-9270-D850D2A84FBB}.Release|x86.Build.0 = stage|x86
		{0365BD5F-5C57-4DB4-9270-D850D2A84FBB}.stage|ARM.ActiveCfg = stage|ARM
		{0365BD5F-5C57-4DB4-9270-D850D2A84FBB}.stage|ARM.Build.0 = stage|ARM
		{0365BD5F-5C57-4DB4-9270-D850D2A84FBB}.stage|ARM64.ActiveCfg = stage|x86
		{0365BD5F-5C57-4DB4-9270-D850D2A84FBB}.stage|x64.ActiveCfg = stage|x86
		{0365BD5F-5C57-4DB4-9270-D850D2A84FBB}.stage|x86.ActiveCfg = stage|x86
		{0365BD5F-5C57-4DB4-9270-D850D2A84FBB}.stage|x86.Build.0 = stage|x86
		{3C4A93D3-9B9B-4EA9-8BCF-A53BE3A0F9B5}.basis|ARM.ActiveCfg = basis|ARM
		{3C4A93D3-9B9B-4EA9-8BCF-A53BE3A0F9B5}.basis|ARM.Build.0 = basis|ARM
		{3C4A93D3-9B9B-4EA9-8BCF-A53BE3A0F9B5}.basis|ARM64.ActiveCfg = basis|x86
		{3C4A93D3-9B9B-4EA9-8BCF-A53BE3A0F9B5}.basis|x64.ActiveCfg = basis|x86
		{3C4A93D3-9B9B-4EA9-8BCF-A53BE3A0F9B5}.basis|x86.ActiveCfg = basis|x86
		{3C4A93D3-9B9B-4EA9-8BCF-A53BE3A0F9B5}.basis|x86.Build.0 = basis|x86
		{3C4A93D3-9B9B-4EA9-8BCF-A53BE3A0F9B5}.cover|ARM.ActiveCfg = basis|ARM
		{3C4A93D3-9B9B-4EA9-8BCF-A53BE3A0F9B5}.cover|ARM.Build.0 = basis|ARM
		{3C4A93D3-9B9B-4EA9-8BCF-A53BE3A0F9B5}.cover|ARM64.ActiveCfg = basis|x86
		{3C4A93D3-9B9B-4EA9-8BCF-A53BE3A0F9B5}.cover|ARM64.Build.0 = basis|x86
		{3C4A93D3-9B9B-4EA9-8BCF-A53BE3A0F9B5}.cover|x64.ActiveCfg = basis|x86
		{3C4A93D3-9B9B-4EA9-8BCF-A53BE3A0F9B5}.cover|x64.Build.0 = basis|x86
		{3C4A93D3-9B9B-4EA9-8BCF-A53BE3A0F9B5}.cover|x86.ActiveCfg = basis|x86
		{3C4A93D3-9B9B-4EA9-8BCF-A53BE3A0F9B5}.cover|x86.Build.0 = basis|x86
		{3C4A93D3-9B9B-4EA9-8BCF-A53BE3A0F9B5}.cube_basis|ARM.ActiveCfg = basis|ARM
		{3C4A93D3-9B9B-4EA9-8BCF-A53BE3A0F9B5}.cube_basis|ARM.Build.0 = basis|ARM
		{3C4A93D3-9B9B-4EA9-8BCF-A53BE3A0F9B5}.cube_basis|ARM64.ActiveCfg = stage|x86
		{3C4A93D3-9B9B-4EA9-8BCF-A53BE3A0F9B5}.cube_basis|ARM64.Build.0 = stage|x86
		{3C4A93D3-9B9B-4EA9-8BCF-A53BE3A0F9B5}.cube_basis|x64.ActiveCfg = stage|x86
		{3C4A93D3-9B9B-4EA9-8BCF-A53BE3A0F9B5}.cube_basis|x64.Build.0 = stage|x86
		{3C4A93D3-9B9B-4EA9-8BCF-A53BE3A0F9B5}.cube_basis|x86.ActiveCfg = basis|x86
		{3C4A93D3-9B9B-4EA9-8BCF-A53BE3A0F9B5}.cube_basis|x86.Build.0 = basis|x86
		{3C4A93D3-9B9B-4EA9-8BCF-A53BE3A0F9B5}.cube_stage|ARM.ActiveCfg = stage|ARM
		{3C4A93D3-9B9B-4EA9-8BCF-A53BE3A0F9B5}.cube_stage|ARM.Build.0 = stage|ARM
		{3C4A93D3-9B9B-4EA9-8BCF-A53BE3A0F9B5}.cube_stage|ARM64.ActiveCfg = stage|x86
		{3C4A93D3-9B9B-4EA9-8BCF-A53BE3A0F9B5}.cube_stage|ARM64.Build.0 = stage|x86
		{3C4A93D3-9B9B-4EA9-8BCF-A53BE3A0F9B5}.cube_stage|x64.ActiveCfg = stage|x86
		{3C4A93D3-9B9B-4EA9-8BCF-A53BE3A0F9B5}.cube_stage|x64.Build.0 = stage|x86
		{3C4A93D3-9B9B-4EA9-8BCF-A53BE3A0F9B5}.cube_stage|x86.ActiveCfg = stage|x86
		{3C4A93D3-9B9B-4EA9-8BCF-A53BE3A0F9B5}.cube_stage|x86.Build.0 = stage|x86
		{3C4A93D3-9B9B-4EA9-8BCF-A53BE3A0F9B5}.Debug|ARM.ActiveCfg = stage|ARM
		{3C4A93D3-9B9B-4EA9-8BCF-A53BE3A0F9B5}.Debug|ARM.Build.0 = stage|ARM
		{3C4A93D3-9B9B-4EA9-8BCF-A53BE3A0F9B5}.Debug|ARM64.ActiveCfg = stage|x86
		{3C4A93D3-9B9B-4EA9-8BCF-A53BE3A0F9B5}.Debug|ARM64.Build.0 = stage|x86
		{3C4A93D3-9B9B-4EA9-8BCF-A53BE3A0F9B5}.Debug|x64.ActiveCfg = stage|x86
		{3C4A93D3-9B9B-4EA9-8BCF-A53BE3A0F9B5}.Debug|x64.Build.0 = stage|x86
		{3C4A93D3-9B9B-4EA9-8BCF-A53BE3A0F9B5}.Debug|x86.ActiveCfg = stage|x86
		{3C4A93D3-9B9B-4EA9-8BCF-A53BE3A0F9B5}.Debug|x86.Build.0 = stage|x86
		{3C4A93D3-9B9B-4EA9-8BCF-A53BE3A0F9B5}.Release|ARM.ActiveCfg = stage|ARM
		{3C4A93D3-9B9B-4EA9-8BCF-A53BE3A0F9B5}.Release|ARM.Build.0 = stage|ARM
		{3C4A93D3-9B9B-4EA9-8BCF-A53BE3A0F9B5}.Release|ARM64.ActiveCfg = stage|x86
		{3C4A93D3-9B9B-4EA9-8BCF-A53BE3A0F9B5}.Release|ARM64.Build.0 = stage|x86
		{3C4A93D3-9B9B-4EA9-8BCF-A53BE3A0F9B5}.Release|x64.ActiveCfg = stage|x86
		{3C4A93D3-9B9B-4EA9-8BCF-A53BE3A0F9B5}.Release|x64.Build.0 = stage|x86
		{3C4A93D3-9B9B-4EA9-8BCF-A53BE3A0F9B5}.Release|x86.ActiveCfg = stage|x86
		{3C4A93D3-9B9B-4EA9-8BCF-A53BE3A0F9B5}.Release|x86.Build.0 = stage|x86
		{3C4A93D3-9B9B-4EA9-8BCF-A53BE3A0F9B5}.stage|ARM.ActiveCfg = stage|ARM
		{3C4A93D3-9B9B-4EA9-8BCF-A53BE3A0F9B5}.stage|ARM.Build.0 = stage|ARM
		{3C4A93D3-9B9B-4EA9-8BCF-A53BE3A0F9B5}.stage|ARM64.ActiveCfg = stage|x86
		{3C4A93D3-9B9B-4EA9-8BCF-A53BE3A0F9B5}.stage|x64.ActiveCfg = stage|x86
		{3C4A93D3-9B9B-4EA9-8BCF-A53BE3A0F9B5}.stage|x86.ActiveCfg = stage|x86
		{3C4A93D3-9B9B-4EA9-8BCF-A53BE3A0F9B5}.stage|x86.Build.0 = stage|x86
		{FB3AC07E-9EBC-43EA-AEAD-F9773D154BFC}.basis|ARM.ActiveCfg = Release|ARM
		{FB3AC07E-9EBC-43EA-AEAD-F9773D154BFC}.basis|ARM.Build.0 = Release|ARM
		{FB3AC07E-9EBC-43EA-AEAD-F9773D154BFC}.basis|ARM.Deploy.0 = Release|ARM
		{FB3AC07E-9EBC-43EA-AEAD-F9773D154BFC}.basis|ARM64.ActiveCfg = Release|ARM64
		{FB3AC07E-9EBC-43EA-AEAD-F9773D154BFC}.basis|ARM64.Build.0 = Release|ARM64
		{FB3AC07E-9EBC-43EA-AEAD-F9773D154BFC}.basis|ARM64.Deploy.0 = Release|ARM64
		{FB3AC07E-9EBC-43EA-AEAD-F9773D154BFC}.basis|x64.ActiveCfg = Release|x64
		{FB3AC07E-9EBC-43EA-AEAD-F9773D154BFC}.basis|x64.Build.0 = Release|x64
		{FB3AC07E-9EBC-43EA-AEAD-F9773D154BFC}.basis|x64.Deploy.0 = Release|x64
		{FB3AC07E-9EBC-43EA-AEAD-F9773D154BFC}.basis|x86.ActiveCfg = Release|x86
		{FB3AC07E-9EBC-43EA-AEAD-F9773D154BFC}.basis|x86.Build.0 = Release|x86
		{FB3AC07E-9EBC-43EA-AEAD-F9773D154BFC}.basis|x86.Deploy.0 = Release|x86
		{FB3AC07E-9EBC-43EA-AEAD-F9773D154BFC}.cover|ARM.ActiveCfg = Release|ARM
		{FB3AC07E-9EBC-43EA-AEAD-F9773D154BFC}.cover|ARM.Build.0 = Release|ARM
		{FB3AC07E-9EBC-43EA-AEAD-F9773D154BFC}.cover|ARM.Deploy.0 = Release|ARM
		{FB3AC07E-9EBC-43EA-AEAD-F9773D154BFC}.cover|ARM64.ActiveCfg = Release|ARM64
		{FB3AC07E-9EBC-43EA-AEAD-F9773D154BFC}.cover|ARM64.Build.0 = Release|ARM64
		{FB3AC07E-9EBC-43EA-AEAD-F9773D154BFC}.cover|ARM64.Deploy.0 = Release|ARM64
		{FB3AC07E-9EBC-43EA-AEAD-F9773D154BFC}.cover|x64.ActiveCfg = Release|x64
		{FB3AC07E-9EBC-43EA-AEAD-F9773D154BFC}.cover|x64.Build.0 = Release|x64
		{FB3AC07E-9EBC-43EA-AEAD-F9773D154BFC}.cover|x64.Deploy.0 = Release|x64
		{FB3AC07E-9EBC-43EA-AEAD-F9773D154BFC}.cover|x86.ActiveCfg = Release|x86
		{FB3AC07E-9EBC-43EA-AEAD-F9773D154BFC}.cover|x86.Build.0 = Release|x86
		{FB3AC07E-9EBC-43EA-AEAD-F9773D154BFC}.cover|x86.Deploy.0 = Release|x86
		{FB3AC07E-9EBC-43EA-AEAD-F9773D154BFC}.cube_basis|ARM.ActiveCfg = Release|ARM
		{FB3AC07E-9EBC-43EA-AEAD-F9773D154BFC}.cube_basis|ARM.Build.0 = Release|ARM
		{FB3AC07E-9EBC-43EA-AEAD-F9773D154BFC}.cube_basis|ARM.Deploy.0 = Release|ARM
		{FB3AC07E-9EBC-43EA-AEAD-F9773D154BFC}.cube_basis|ARM64.ActiveCfg = Release|ARM64
		{FB3AC07E-9EBC-43EA-AEAD-F9773D154BFC}.cube_basis|ARM64.Build.0 = Release|ARM64
		{FB3AC07E-9EBC-43EA-AEAD-F9773D154BFC}.cube_basis|ARM64.Deploy.0 = Release|ARM64
		{FB3AC07E-9EBC-43EA-AEAD-F9773D154BFC}.cube_basis|x64.ActiveCfg = Release|x64
		{FB3AC07E-9EBC-43EA-AEAD-F9773D154BFC}.cube_basis|x64.Build.0 = Release|x64
		{FB3AC07E-9EBC-43EA-AEAD-F9773D154BFC}.cube_basis|x64.Deploy.0 = Release|x64
		{FB3AC07E-9EBC-43EA-AEAD-F9773D154BFC}.cube_basis|x86.ActiveCfg = Release|x86
		{FB3AC07E-9EBC-43EA-AEAD-F9773D154BFC}.cube_basis|x86.Build.0 = Release|x86
		{FB3AC07E-9EBC-43EA-AEAD-F9773D154BFC}.cube_basis|x86.Deploy.0 = Release|x86
		{FB3AC07E-9EBC-43EA-AEAD-F9773D154BFC}.cube_stage|ARM.ActiveCfg = Release|ARM
		{FB3AC07E-9EBC-43EA-AEAD-F9773D154BFC}.cube_stage|ARM.Build.0 = Release|ARM
		{FB3AC07E-9EBC-43EA-AEAD-F9773D154BFC}.cube_stage|ARM.Deploy.0 = Release|ARM
		{FB3AC07E-9EBC-43EA-AEAD-F9773D154BFC}.cube_stage|ARM64.ActiveCfg = Release|ARM64
		{FB3AC07E-9EBC-43EA-AEAD-F9773D154BFC}.cube_stage|ARM64.Build.0 = Release|ARM64
		{FB3AC07E-9EBC-43EA-AEAD-F9773D154BFC}.cube_stage|ARM64.Deploy.0 = Release|ARM64
		{FB3AC07E-9EBC-43EA-AEAD-F9773D154BFC}.cube_stage|x64.ActiveCfg = Release|x64
		{FB3AC07E-9EBC-43EA-AEAD-F9773D154BFC}.cube_stage|x64.Build.0 = Release|x64
		{FB3AC07E-9EBC-43EA-AEAD-F9773D154BFC}.cube_stage|x64.Deploy.0 = Release|x64
		{FB3AC07E-9EBC-43EA-AEAD-F9773D154BFC}.cube_stage|x86.ActiveCfg = Release|x86
		{FB3AC07E-9EBC-43EA-AEAD-F9773D154BFC}.cube_stage|x86.Build.0 = Release|x86
		{FB3AC07E-9EBC-43EA-AEAD-F9773D154BFC}.cube_stage|x86.Deploy.0 = Release|x86
		{FB3AC07E-9EBC-43EA-AEAD-F9773D154BFC}.Debug|ARM.ActiveCfg = Debug|ARM
		{FB3AC07E-9EBC-43EA-AEAD-F9773D154BFC}.Debug|ARM.Build.0 = Debug|ARM
		{FB3AC07E-9EBC-43EA-AEAD-F9773D154BFC}.Debug|ARM.Deploy.0 = Debug|ARM
		{FB3AC07E-9EBC-43EA-AEAD-F9773D154BFC}.Debug|ARM64.ActiveCfg = Debug|ARM64
		{FB3AC07E-9EBC-43EA-AEAD-F9773D154BFC}.Debug|ARM64.Build.0 = Debug|ARM64
		{FB3AC07E-9EBC-43EA-AEAD-F9773D154BFC}.Debug|ARM64.Deploy.0 = Debug|ARM64
		{FB3AC07E-9EBC-43EA-AEAD-F9773D154BFC}.Debug|x64.ActiveCfg = Debug|x64
		{FB3AC07E-9EBC-43EA-AEAD-F9773D154BFC}.Debug|x64.Build.0 = Debug|x64
		{FB3AC07E-9EBC-43EA-AEAD-F9773D154BFC}.Debug|x64.Deploy.0 = Debug|x64
		{FB3AC07E-9EBC-43EA-AEAD-F9773D154BFC}.Debug|x86.ActiveCfg = Debug|x86
		{FB3AC07E-9EBC-43EA-AEAD-F9773D154BFC}.Debug|x86.Build.0 = Debug|x86
		{FB3AC07E-9EBC-43EA-AEAD-F9773D154BFC}.Debug|x86.Deploy.0 = Debug|x86
		{FB3AC07E-9EBC-43EA-AEAD-F9773D154BFC}.Release|ARM.ActiveCfg = Release|ARM
		{FB3AC07E-9EBC-43EA-AEAD-F9773D154BFC}.Release|ARM.Build.0 = Release|ARM
		{FB3AC07E-9EBC-43EA-AEAD-F9773D154BFC}.Release|ARM.Deploy.0 = Release|ARM
		{FB3AC07E-9EBC-43EA-AEAD-F9773D154BFC}.Release|ARM64.ActiveCfg = Release|ARM64
		{FB3AC07E-9EBC-43EA-AEAD-F9773D154BFC}.Release|ARM64.Build.0 = Release|ARM64
		{FB3AC07E-9EBC-43EA-AEAD-F9773D154BFC}.Release|ARM64.Deploy.0 = Release|ARM64
		{FB3AC07E-9EBC-43EA-AEAD-F9773D154BFC}.Release|x64.ActiveCfg = Release|x64
		{FB3AC07E-9EBC-43EA-AEAD-F9773D154BFC}.Release|x64.Build.0 = Release|x64
		{FB3AC07E-9EBC-43EA-AEAD-F9773D154BFC}.Release|x64.Deploy.0 = Release|x64
		{FB3AC07E-9EBC-43EA-AEAD-F9773D154BFC}.Release|x86.ActiveCfg = Release|x86
		{FB3AC07E-9EBC-43EA-AEAD-F9773D154BFC}.Release|x86.Build.0 = Release|x86
		{FB3AC07E-9EBC-43EA-AEAD-F9773D154BFC}.Release|x86.Deploy.0 = Release|x86
		{FB3AC07E-9EBC-43EA-AEAD-F9773D154BFC}.stage|ARM.ActiveCfg = Release|ARM
		{FB3AC07E-9EBC-43EA-AEAD-F9773D154BFC}.stage|ARM.Build.0 = Release|ARM
		{FB3AC07E-9EBC-43EA-AEAD-F9773D154BFC}.stage|ARM.Deploy.0 = Release|ARM
		{FB3AC07E-9EBC-43EA-AEAD-F9773D154BFC}.stage|ARM64.ActiveCfg = Release|ARM64
		{FB3AC07E-9EBC-43EA-AEAD-F9773D154BFC}.stage|ARM64.Build.0 = Release|ARM64
		{FB3AC07E-9EBC-43EA-AEAD-F9773D154BFC}.stage|ARM64.Deploy.0 = Release|ARM64
		{FB3AC07E-9EBC-43EA-AEAD-F9773D154BFC}.stage|x64.ActiveCfg = Release|x64
		{FB3AC07E-9EBC-43EA-AEAD-F9773D154BFC}.stage|x64.Build.0 = Release|x64
		{FB3AC07E-9EBC-43EA-AEAD-F9773D154BFC}.stage|x64.Deploy.0 = Release|x64
		{FB3AC07E-9EBC-43EA-AEAD-F9773D154BFC}.stage|x86.ActiveCfg = Release|x86
		{FB3AC07E-9EBC-43EA-AEAD-F9773D154BFC}.stage|x86.Build.0 = Release|x86
		{FB3AC07E-9EBC-43EA-AEAD-F9773D154BFC}.stage|x86.Deploy.0 = Release|x86
		{325DAC08-EB64-4026-9EEE-FBE2D6746955}.basis|ARM.ActiveCfg = Release|ARM
		{325DAC08-EB64-4026-9EEE-FBE2D6746955}.basis|ARM.Build.0 = Release|ARM
		{325DAC08-EB64-4026-9EEE-FBE2D6746955}.basis|ARM.Deploy.0 = Release|ARM
		{325DAC08-EB64-4026-9EEE-FBE2D6746955}.basis|ARM64.ActiveCfg = Release|ARM64
		{325DAC08-EB64-4026-9EEE-FBE2D6746955}.basis|ARM64.Build.0 = Release|ARM64
		{325DAC08-EB64-4026-9EEE-FBE2D6746955}.basis|ARM64.Deploy.0 = Release|ARM64
		{325DAC08-EB64-4026-9EEE-FBE2D6746955}.basis|x64.ActiveCfg = Release|x64
		{325DAC08-EB64-4026-9EEE-FBE2D6746955}.basis|x64.Build.0 = Release|x64
		{325DAC08-EB64-4026-9EEE-FBE2D6746955}.basis|x64.Deploy.0 = Release|x64
		{325DAC08-EB64-4026-9EEE-FBE2D6746955}.basis|x86.ActiveCfg = Release|x86
		{325DAC08-EB64-4026-9EEE-FBE2D6746955}.basis|x86.Build.0 = Release|x86
		{325DAC08-EB64-4026-9EEE-FBE2D6746955}.basis|x86.Deploy.0 = Release|x86
		{325DAC08-EB64-4026-9EEE-FBE2D6746955}.cover|ARM.ActiveCfg = Release|ARM
		{325DAC08-EB64-4026-9EEE-FBE2D6746955}.cover|ARM.Build.0 = Release|ARM
		{325DAC08-EB64-4026-9EEE-FBE2D6746955}.cover|ARM.Deploy.0 = Release|ARM
		{325DAC08-EB64-4026-9EEE-FBE2D6746955}.cover|ARM64.ActiveCfg = Release|ARM64
		{325DAC08-EB64-4026-9EEE-FBE2D6746955}.cover|ARM64.Build.0 = Release|ARM64
		{325DAC08-EB64-4026-9EEE-FBE2D6746955}.cover|ARM64.Deploy.0 = Release|ARM64
		{325DAC08-EB64-4026-9EEE-FBE2D6746955}.cover|x64.ActiveCfg = Release|x64
		{325DAC08-EB64-4026-9EEE-FBE2D6746955}.cover|x64.Build.0 = Release|x64
		{325DAC08-EB64-4026-9EEE-FBE2D6746955}.cover|x64.Deploy.0 = Release|x64
		{325DAC08-EB64-4026-9EEE-FBE2D6746955}.cover|x86.ActiveCfg = Release|x86
		{325DAC08-EB64-4026-9EEE-FBE2D6746955}.cover|x86.Build.0 = Release|x86
		{325DAC08-EB64-4026-9EEE-FBE2D6746955}.cover|x86.Deploy.0 = Release|x86
		{325DAC08-EB64-4026-9EEE-FBE2D6746955}.cube_basis|ARM.ActiveCfg = Release|ARM
		{325DAC08-EB64-4026-9EEE-FBE2D6746955}.cube_basis|ARM.Build.0 = Release|ARM
		{325DAC08-EB64-4026-9EEE-FBE2D6746955}.cube_basis|ARM.Deploy.0 = Release|ARM
		{325DAC08-EB64-4026-9EEE-FBE2D6746955}.cube_basis|ARM64.ActiveCfg = Release|ARM64
		{325DAC08-EB64-4026-9EEE-FBE2D6746955}.cube_basis|ARM64.Build.0 = Release|ARM64
		{325DAC08-EB64-4026-9EEE-FBE2D6746955}.cube_basis|ARM64.Deploy.0 = Release|ARM64
		{325DAC08-EB64-4026-9EEE-FBE2D6746955}.cube_basis|x64.ActiveCfg = Release|x64
		{325DAC08-EB64-4026-9EEE-FBE2D6746955}.cube_basis|x64.Build.0 = Release|x64
		{325DAC08-EB64-4026-9EEE-FBE2D6746955}.cube_basis|x64.Deploy.0 = Release|x64
		{325DAC08-EB64-4026-9EEE-FBE2D6746955}.cube_basis|x86.ActiveCfg = Release|x86
		{325DAC08-EB64-4026-9EEE-FBE2D6746955}.cube_basis|x86.Build.0 = Release|x86
		{325DAC08-EB64-4026-9EEE-FBE2D6746955}.cube_basis|x86.Deploy.0 = Release|x86
		{325DAC08-EB64-4026-9EEE-FBE2D6746955}.cube_stage|ARM.ActiveCfg = Release|ARM
		{325DAC08-EB64-4026-9EEE-FBE2D6746955}.cube_stage|ARM.Build.0 = Release|ARM
		{325DAC08-EB64-4026-9EEE-FBE2D6746955}.cube_stage|ARM.Deploy.0 = Release|ARM
		{325DAC08-EB64-4026-9EEE-FBE2D6746955}.cube_stage|ARM64.ActiveCfg = Release|ARM64
		{325DAC08-EB64-4026-9EEE-FBE2D6746955}.cube_stage|ARM64.Build.0 = Release|ARM64
		{325DAC08-EB64-4026-9EEE-FBE2D6746955}.cube_stage|ARM64.Deploy.0 = Release|ARM64
		{325DAC08-EB64-4026-9EEE-FBE2D6746955}.cube_stage|x64.ActiveCfg = Release|x64
		{325DAC08-EB64-4026-9EEE-FBE2D6746955}.cube_stage|x64.Build.0 = Release|x64
		{325DAC08-EB64-4026-9EEE-FBE2D6746955}.cube_stage|x64.Deploy.0 = Release|x64
		{325DAC08-EB64-4026-9EEE-FBE2D6746955}.cube_stage|x86.ActiveCfg = Release|x86
		{325DAC08-EB64-4026-9EEE-FBE2D6746955}.cube_stage|x86.Build.0 = Release|x86
		{325DAC08-EB64-4026-9EEE-FBE2D6746955}.cube_stage|x86.Deploy.0 = Release|x86
		{325DAC08-EB64-4026-9EEE-FBE2D6746955}.Debug|ARM.ActiveCfg = Debug|ARM
		{325DAC08-EB64-4026-9EEE-FBE2D6746955}.Debug|ARM.Build.0 = Debug|ARM
		{325DAC08-EB64-4026-9EEE-FBE2D6746955}.Debug|ARM.Deploy.0 = Debug|ARM
		{325DAC08-EB64-4026-9EEE-FBE2D6746955}.Debug|ARM64.ActiveCfg = Debug|ARM64
		{325DAC08-EB64-4026-9EEE-FBE2D6746955}.Debug|ARM64.Build.0 = Debug|ARM64
		{325DAC08-EB64-4026-9EEE-FBE2D6746955}.Debug|ARM64.Deploy.0 = Debug|ARM64
		{325DAC08-EB64-4026-9EEE-FBE2D6746955}.Debug|x64.ActiveCfg = Debug|x64
		{325DAC08-EB64-4026-9EEE-FBE2D6746955}.Debug|x64.Build.0 = Debug|x64
		{325DAC08-EB64-4026-9EEE-FBE2D6746955}.Debug|x64.Deploy.0 = Debug|x64
		{325DAC08-EB64-4026-9EEE-FBE2D6746955}.Debug|x86.ActiveCfg = Debug|x86
		{325DAC08-EB64-4026-9EEE-FBE2D6746955}.Debug|x86.Build.0 = Debug|x86
		{325DAC08-EB64-4026-9EEE-FBE2D6746955}.Debug|x86.Deploy.0 = Debug|x86
		{325DAC08-EB64-4026-9EEE-FBE2D6746955}.Release|ARM.ActiveCfg = Release|ARM
		{325DAC08-EB64-4026-9EEE-FBE2D6746955}.Release|ARM.Build.0 = Release|ARM
		{325DAC08-EB64-4026-9EEE-FBE2D6746955}.Release|ARM.Deploy.0 = Release|ARM
		{325DAC08-EB64-4026-9EEE-FBE2D6746955}.Release|ARM64.ActiveCfg = Release|ARM64
		{325DAC08-EB64-4026-9EEE-FBE2D6746955}.Release|ARM64.Build.0 = Release|ARM64
		{325DAC08-EB64-4026-9EEE-FBE2D6746955}.Release|ARM64.Deploy.0 = Release|ARM64
		{325DAC08-EB64-4026-9EEE-FBE2D6746955}.Release|x64.ActiveCfg = Release|x64
		{325DAC08-EB64-4026-9EEE-FBE2D6746955}.Release|x64.Build.0 = Release|x64
		{325DAC08-EB64-4026-9EEE-FBE2D6746955}.Release|x64.Deploy.0 = Release|x64
		{325DAC08-EB64-4026-9EEE-FBE2D6746955}.Release|x86.ActiveCfg = Release|x86
		{325DAC08-EB64-4026-9EEE-FBE2D6746955}.Release|x86.Build.0 = Release|x86
		{325DAC08-EB64-4026-9EEE-FBE2D6746955}.Release|x86.Deploy.0 = Release|x86
		{325DAC08-EB64-4026-9EEE-FBE2D6746955}.stage|ARM.ActiveCfg = Release|ARM
		{325DAC08-EB64-4026-9EEE-FBE2D6746955}.stage|ARM.Build.0 = Release|ARM
		{325DAC08-EB64-4026-9EEE-FBE2D6746955}.stage|ARM.Deploy.0 = Release|ARM
		{325DAC08-EB64-4026-9EEE-FBE2D6746955}.stage|ARM64.ActiveCfg = Release|ARM64
		{325DAC08-EB64-4026-9EEE-FBE2D6746955}.stage|ARM64.Build.0 = Release|ARM64
		{325DAC08-EB64-4026-9EEE-FBE2D6746955}.stage|ARM64.Deploy.0 = Release|ARM64
		{325DAC08-EB64-4026-9EEE-FBE2D6746955}.stage|x64.ActiveCfg = Release|x64
		{325DAC08-EB64-4026-9EEE-FBE2D6746955}.stage|x64.Build.0 = Release|x64
		{325DAC08-EB64-4026-9EEE-FBE2D6746955}.stage|x64.Deploy.0 = Release|x64
		{325DAC08-EB64-4026-9EEE-FBE2D6746955}.stage|x86.ActiveCfg = Release|x86
		{325DAC08-EB64-4026-9EEE-FBE2D6746955}.stage|x86.Build.0 = Release|x86
		{325DAC08-EB64-4026-9EEE-FBE2D6746955}.stage|x86.Deploy.0 = Release|x86
	EndGlobalSection
	GlobalSection(SolutionProperties) = preSolution
		HideSolutionNode = FALSE
	EndGlobalSection
	GlobalSection(ExtensibilityGlobals) = postSolution
		SolutionGuid = {1870EF94-285B-4908-969A-745CB24FDF16}
	EndGlobalSection
EndGlobal
