
Microsoft Visual Studio Solution File, Format Version 12.00
# Visual Studio 14
VisualStudioVersion = 14.0.25420.1
MinimumVisualStudioVersion = 10.0.40219.1
Project("{8BC9CEB8-8B4A-11D0-8D11-00A0C91BC942}") = "aqua", "..\..\..\source\app\aqua\nord_aqua.vcxproj", "{BD207BC4-C08B-4A2D-B754-F3BD46AD3098}"
	ProjectSection(ProjectDependencies) = postProject
		{E99C9D52-0709-4ED7-9F14-180B18F66C46} = {E99C9D52-0709-4ED7-9F14-180B18F66C46}
	EndProjectSection
EndProject
Project("{8BC9CEB8-8B4A-11D0-8D11-00A0C91BC942}") = "axis", "..\..\..\source\app\axis\nord_axis.vcxproj", "{03207BC4-C08B-4A2D-B754-F3BD46AD3098}"
	ProjectSection(ProjectDependencies) = postProject
		{3F63B8BA-14B8-4147-A78A-0894B7207E37} = {3F63B8BA-14B8-4147-A78A-0894B7207E37}
		{02207BC4-C08B-4A2D-B754-F3BD46AD3098} = {02207BC4-C08B-4A2D-B754-F3BD46AD3098}
		{BD207BC4-C08B-4A2D-B754-F3BD46AD3098} = {BD207BC4-C08B-4A2D-B754-F3BD46AD3098}
	EndProjectSection
EndProject
Project("{8BC9CEB8-8B4A-11D0-8D11-00A0C91BC942}") = "base", "..\..\..\source\app\base\nord_base.vcxproj", "{04207BC4-C08B-4A2D-B754-F3BD46AD3098}"
	ProjectSection(ProjectDependencies) = postProject
		{02207BC4-C08B-4A2D-B754-F3BD46AD3098} = {02207BC4-C08B-4A2D-B754-F3BD46AD3098}
		{03207BC4-C08B-4A2D-B754-F3BD46AD3098} = {03207BC4-C08B-4A2D-B754-F3BD46AD3098}
		{BD207BC4-C08B-4A2D-B754-F3BD46AD3098} = {BD207BC4-C08B-4A2D-B754-F3BD46AD3098}
	EndProjectSection
EndProject
Project("{8BC9CEB8-8B4A-11D0-8D11-00A0C91BC942}") = "aura", "..\..\..\source\app\aura\nord_core.vcxproj", "{16AB3478-F401-43C0-8BF1-A19F28802711}"
	ProjectSection(ProjectDependencies) = postProject
		{02207BC4-C08B-4A2D-B754-F3BD46AD3098} = {02207BC4-C08B-4A2D-B754-F3BD46AD3098}
		{03207BC4-C08B-4A2D-B754-F3BD46AD3098} = {03207BC4-C08B-4A2D-B754-F3BD46AD3098}
		{04207BC4-C08B-4A2D-B754-F3BD46AD3098} = {04207BC4-C08B-4A2D-B754-F3BD46AD3098}
		{BD207BC4-C08B-4A2D-B754-F3BD46AD3098} = {BD207BC4-C08B-4A2D-B754-F3BD46AD3098}
	EndProjectSection
EndProject
Project("{8BC9CEB8-8B4A-11D0-8D11-00A0C91BC942}") = "draw2d_cairo", "..\..\..\source\app\draw2d_cairo\nord_draw2d_cairo.vcxproj", "{06207BC4-C08B-4A2D-B754-F3BD46AD3098}"
	ProjectSection(ProjectDependencies) = postProject
		{02207BC4-C08B-4A2D-B754-F3BD46AD3098} = {02207BC4-C08B-4A2D-B754-F3BD46AD3098}
		{03207BC4-C08B-4A2D-B754-F3BD46AD3098} = {03207BC4-C08B-4A2D-B754-F3BD46AD3098}
		{04207BC4-C08B-4A2D-B754-F3BD46AD3098} = {04207BC4-C08B-4A2D-B754-F3BD46AD3098}
	EndProjectSection
EndProject
Project("{8BC9CEB8-8B4A-11D0-8D11-00A0C91BC942}") = "wndfrm_core", "..\..\..\source\app-core\wndfrm_core\nord_wndfrm_core.vcxproj", "{0365BD5F-5C57-4DB4-9270-D850D2A84FBB}"
	ProjectSection(ProjectDependencies) = postProject
		{16AB3478-F401-43C0-8BF1-A19F28802711} = {16AB3478-F401-43C0-8BF1-A19F28802711}
		{02207BC4-C08B-4A2D-B754-F3BD46AD3098} = {02207BC4-C08B-4A2D-B754-F3BD46AD3098}
		{03207BC4-C08B-4A2D-B754-F3BD46AD3098} = {03207BC4-C08B-4A2D-B754-F3BD46AD3098}
		{04207BC4-C08B-4A2D-B754-F3BD46AD3098} = {04207BC4-C08B-4A2D-B754-F3BD46AD3098}
	EndProjectSection
EndProject
Project("{8BC9CEB8-8B4A-11D0-8D11-00A0C91BC942}") = "app_core_hellomultiverse", "..\..\..\source\app-core\hellomultiverse\nord_core_hellomultiverse.vcxproj", "{85DD443E-1930-4C2D-A917-200E09D871E8}"
	ProjectSection(ProjectDependencies) = postProject
		{16AB3478-F401-43C0-8BF1-A19F28802711} = {16AB3478-F401-43C0-8BF1-A19F28802711}
		{02207BC4-C08B-4A2D-B754-F3BD46AD3098} = {02207BC4-C08B-4A2D-B754-F3BD46AD3098}
		{03207BC4-C08B-4A2D-B754-F3BD46AD3098} = {03207BC4-C08B-4A2D-B754-F3BD46AD3098}
		{04207BC4-C08B-4A2D-B754-F3BD46AD3098} = {04207BC4-C08B-4A2D-B754-F3BD46AD3098}
	EndProjectSection
EndProject
Project("{8BC9CEB8-8B4A-11D0-8D11-00A0C91BC942}") = "aura", "..\..\..\source\app\aura\nord_aura.vcxproj", "{02207BC4-C08B-4A2D-B754-F3BD46AD3098}"
	ProjectSection(ProjectDependencies) = postProject
		{BD207BC4-C08B-4A2D-B754-F3BD46AD3098} = {BD207BC4-C08B-4A2D-B754-F3BD46AD3098}
	EndProjectSection
EndProject
Project("{8BC9CEB8-8B4A-11D0-8D11-00A0C91BC942}") = "app.launcher", "..\app.launcher\app.launcher.vcxproj", "{A2A7BC8C-519F-4F38-B7FB-58AF0860D021}"
	ProjectSection(ProjectDependencies) = postProject
		{16AB3478-F401-43C0-8BF1-A19F28802711} = {16AB3478-F401-43C0-8BF1-A19F28802711}
		{02207BC4-C08B-4A2D-B754-F3BD46AD3098} = {02207BC4-C08B-4A2D-B754-F3BD46AD3098}
		{03207BC4-C08B-4A2D-B754-F3BD46AD3098} = {03207BC4-C08B-4A2D-B754-F3BD46AD3098}
		{04207BC4-C08B-4A2D-B754-F3BD46AD3098} = {04207BC4-C08B-4A2D-B754-F3BD46AD3098}
	EndProjectSection
EndProject
Project("{8BC9CEB8-8B4A-11D0-8D11-00A0C91BC942}") = "app.activity", "..\app.activity\app.activity.vcxproj", "{0CEBDB3A-CC7E-4237-8448-FC56095B2173}"
	ProjectSection(ProjectDependencies) = postProject
		{85DD443E-1930-4C2D-A917-200E09D871E8} = {85DD443E-1930-4C2D-A917-200E09D871E8}
		{0365BD5F-5C57-4DB4-9270-D850D2A84FBB} = {0365BD5F-5C57-4DB4-9270-D850D2A84FBB}
		{16AB3478-F401-43C0-8BF1-A19F28802711} = {16AB3478-F401-43C0-8BF1-A19F28802711}
		{A2A7BC8C-519F-4F38-B7FB-58AF0860D021} = {A2A7BC8C-519F-4F38-B7FB-58AF0860D021}
		{02207BC4-C08B-4A2D-B754-F3BD46AD3098} = {02207BC4-C08B-4A2D-B754-F3BD46AD3098}
		{03207BC4-C08B-4A2D-B754-F3BD46AD3098} = {03207BC4-C08B-4A2D-B754-F3BD46AD3098}
		{04207BC4-C08B-4A2D-B754-F3BD46AD3098} = {04207BC4-C08B-4A2D-B754-F3BD46AD3098}
		{06207BC4-C08B-4A2D-B754-F3BD46AD3098} = {06207BC4-C08B-4A2D-B754-F3BD46AD3098}
		{BD207BC4-C08B-4A2D-B754-F3BD46AD3098} = {BD207BC4-C08B-4A2D-B754-F3BD46AD3098}
	EndProjectSection
EndProject
Project("{8BC9CEB8-8B4A-11D0-8D11-00A0C91BC942}") = "gcom", "..\..\..\source\app-core\gcom\nord_gcom.vcxproj", "{7F61A6F3-4ED9-4460-9270-4EA7CB00E634}"
	ProjectSection(ProjectDependencies) = postProject
		{16AB3478-F401-43C0-8BF1-A19F28802711} = {16AB3478-F401-43C0-8BF1-A19F28802711}
		{02207BC4-C08B-4A2D-B754-F3BD46AD3098} = {02207BC4-C08B-4A2D-B754-F3BD46AD3098}
		{03207BC4-C08B-4A2D-B754-F3BD46AD3098} = {03207BC4-C08B-4A2D-B754-F3BD46AD3098}
		{04207BC4-C08B-4A2D-B754-F3BD46AD3098} = {04207BC4-C08B-4A2D-B754-F3BD46AD3098}
	EndProjectSection
EndProject
Project("{8BC9CEB8-8B4A-11D0-8D11-00A0C91BC942}") = "ace", "..\..\..\source\app\ace\nord_ace.vcxproj", "{E99C9D52-0709-4ED7-9F14-180B18F66C46}"
EndProject
Project("{8BC9CEB8-8B4A-11D0-8D11-00A0C91BC942}") = "axisfreeimage", "..\..\..\source\app\freeimage\nord_axisfreeimage.vcxproj", "{3F63B8BA-14B8-4147-A78A-0894B7207E37}"
EndProject
Project("{8BC9CEB8-8B4A-11D0-8D11-00A0C91BC942}") = "image_decode_jpeg", "..\..\..\source\app\image_jpeg\nord_axis_image_jpeg.vcxproj", "{3C4A93D3-9B9B-4EA9-8BCF-A53BE3A0F9B5}"
	ProjectSection(ProjectDependencies) = postProject
		{3F63B8BA-14B8-4147-A78A-0894B7207E37} = {3F63B8BA-14B8-4147-A78A-0894B7207E37}
	EndProjectSection
EndProject
Project("{8BC9CEB8-8B4A-11D0-8D11-00A0C91BC942}") = "image_decode_png", "..\..\..\source\app\image_png\nord_axis_image_png.vcxproj", "{CD2A80BB-5B55-45FD-932D-404D2D76729B}"
	ProjectSection(ProjectDependencies) = postProject
		{3F63B8BA-14B8-4147-A78A-0894B7207E37} = {3F63B8BA-14B8-4147-A78A-0894B7207E37}
	EndProjectSection
EndProject
Project("{39E2626F-3545-4960-A6E8-258AD8476CE5}") = "nord_app_core_hellomultiverse", "..\..\app-core\hellomultiverse\nord_app_core_hellomultiverse.androidproj", "{19841115-1951-0422-AF6D-98A0656F2704}"
EndProject
Project("{8BC9CEB8-8B4A-11D0-8D11-00A0C91BC942}") = "app_core_flag", "..\..\..\source\app-core\flag\nord_core_flag.vcxproj", "{19841115-2E02-4BC0-BF89-D11F8409C8DF}"
EndProject
Project("{39E2626F-3545-4960-A6E8-258AD8476CE5}") = "nord_app_core_flag", "..\..\app-core\flag\nord_app_core_flag.androidproj", "{B9EE40FC-3EBC-4D09-BF3A-0D329B651AC8}"
EndProject
Project("{8BC9CEB8-8B4A-11D0-8D11-00A0C91BC942}") = "app_core_addressbook", "..\..\..\source\app-core\addressbook\nord_core_addressbook.vcxproj", "{5F238C5C-BF82-4F09-A5D2-CB5CFD1CE107}"
EndProject
Project("{39E2626F-3545-4960-A6E8-258AD8476CE5}") = "nord_app_core_addressbook", "..\..\app-core\addressbook\nord_app_core_addressbook.androidproj", "{738497BA-78E0-4C58-A88C-051CF4113040}"
EndProject
Project("{8BC9CEB8-8B4A-11D0-8D11-00A0C91BC942}") = "tesseract", "..\..\..\source\app-core\tesseract\nord_tesseract.vcxproj", "{F1616539-19C9-48FF-831A-FC7B2C0525A8}"
EndProject
Project("{8BC9CEB8-8B4A-11D0-8D11-00A0C91BC942}") = "sphere", "..\..\..\source\app\sphere\nord_sphere.vcxproj", "{5FE121D5-EC49-4809-A658-2B8F3BD21AC8}"
EndProject
Project("{8BC9CEB8-8B4A-11D0-8D11-00A0C91BC942}") = "app_core_verilux", "..\..\..\source\app-core\verilux\nord_core_verilux.vcxproj", "{5CCC9E0F-1E82-4018-96A0-5CB5F6291F23}"
EndProject
Project("{39E2626F-3545-4960-A6E8-258AD8476CE5}") = "nord_app_core_verilux", "..\..\app-core\verilux\nord_app_core_verilux.androidproj", "{118F2054-D9F2-4B58-958F-883259BE85BE}"
EndProject
Project("{8BC9CEB8-8B4A-11D0-8D11-00A0C91BC942}") = "app_core_verifile", "..\..\..\source\app-core\verifile\nord_core_verifile.vcxproj", "{875B2C65-4A72-4DB6-8D79-4658DAEFD446}"
EndProject
Project("{39E2626F-3545-4960-A6E8-258AD8476CE5}") = "nord_app_core_clockverse", "..\..\app-core\clockverse\nord_app_core_clockverse.androidproj", "{8C0A2756-D897-444D-94EC-8DAF4D1825C2}"
EndProject
Project("{39E2626F-3545-4960-A6E8-258AD8476CE5}") = "nord_app_core_verifile", "..\..\app-core\verifile\nord_app_core_verifile.androidproj", "{33A74A7B-A562-4703-B452-1E5B0326F12B}"
EndProject
Project("{39E2626F-3545-4960-A6E8-258AD8476CE5}") = "nord_app_core_veriedit", "..\..\app-core\veriedit\nord_app_core_veriedit.androidproj", "{AB695702-FEC7-48C6-9087-46649C81A9AB}"
EndProject
Project("{8BC9CEB8-8B4A-11D0-8D11-00A0C91BC942}") = "app_core_veriedit", "..\..\..\source\app-core\veriedit\nord_core_veriedit.vcxproj", "{3B4C0A08-12DB-447C-9B22-6A216CD4AB76}"
EndProject
Global
	GlobalSection(SolutionConfigurationPlatforms) = preSolution
		Debug|ARM = Debug|ARM
		Debug|x64 = Debug|x64
		Debug|x86 = Debug|x86
		Release|ARM = Release|ARM
		Release|x64 = Release|x64
		Release|x86 = Release|x86
	EndGlobalSection
	GlobalSection(ProjectConfigurationPlatforms) = postSolution
		{BD207BC4-C08B-4A2D-B754-F3BD46AD3098}.Debug|ARM.ActiveCfg = Debug|ARM
		{BD207BC4-C08B-4A2D-B754-F3BD46AD3098}.Debug|ARM.Build.0 = Debug|ARM
		{BD207BC4-C08B-4A2D-B754-F3BD46AD3098}.Debug|x64.ActiveCfg = Debug|x86
		{BD207BC4-C08B-4A2D-B754-F3BD46AD3098}.Debug|x86.ActiveCfg = Debug|x86
		{BD207BC4-C08B-4A2D-B754-F3BD46AD3098}.Debug|x86.Build.0 = Debug|x86
		{BD207BC4-C08B-4A2D-B754-F3BD46AD3098}.Release|ARM.ActiveCfg = Release|ARM
		{BD207BC4-C08B-4A2D-B754-F3BD46AD3098}.Release|ARM.Build.0 = Release|ARM
		{BD207BC4-C08B-4A2D-B754-F3BD46AD3098}.Release|x64.ActiveCfg = Release|x86
		{BD207BC4-C08B-4A2D-B754-F3BD46AD3098}.Release|x86.ActiveCfg = Release|x86
		{BD207BC4-C08B-4A2D-B754-F3BD46AD3098}.Release|x86.Build.0 = Release|x86
		{03207BC4-C08B-4A2D-B754-F3BD46AD3098}.Debug|ARM.ActiveCfg = Debug|ARM
		{03207BC4-C08B-4A2D-B754-F3BD46AD3098}.Debug|ARM.Build.0 = Debug|ARM
		{03207BC4-C08B-4A2D-B754-F3BD46AD3098}.Debug|x64.ActiveCfg = Debug|x86
		{03207BC4-C08B-4A2D-B754-F3BD46AD3098}.Debug|x86.ActiveCfg = Debug|x86
		{03207BC4-C08B-4A2D-B754-F3BD46AD3098}.Debug|x86.Build.0 = Debug|x86
		{03207BC4-C08B-4A2D-B754-F3BD46AD3098}.Release|ARM.ActiveCfg = Release|ARM
		{03207BC4-C08B-4A2D-B754-F3BD46AD3098}.Release|ARM.Build.0 = Release|ARM
		{03207BC4-C08B-4A2D-B754-F3BD46AD3098}.Release|x64.ActiveCfg = Release|x86
		{03207BC4-C08B-4A2D-B754-F3BD46AD3098}.Release|x86.ActiveCfg = Release|x86
		{03207BC4-C08B-4A2D-B754-F3BD46AD3098}.Release|x86.Build.0 = Release|x86
		{04207BC4-C08B-4A2D-B754-F3BD46AD3098}.Debug|ARM.ActiveCfg = Debug|ARM
		{04207BC4-C08B-4A2D-B754-F3BD46AD3098}.Debug|ARM.Build.0 = Debug|ARM
		{04207BC4-C08B-4A2D-B754-F3BD46AD3098}.Debug|x64.ActiveCfg = Debug|x86
		{04207BC4-C08B-4A2D-B754-F3BD46AD3098}.Debug|x86.ActiveCfg = Debug|x86
		{04207BC4-C08B-4A2D-B754-F3BD46AD3098}.Debug|x86.Build.0 = Debug|x86
		{04207BC4-C08B-4A2D-B754-F3BD46AD3098}.Release|ARM.ActiveCfg = Release|ARM
		{04207BC4-C08B-4A2D-B754-F3BD46AD3098}.Release|ARM.Build.0 = Release|ARM
		{04207BC4-C08B-4A2D-B754-F3BD46AD3098}.Release|x64.ActiveCfg = Release|x86
		{04207BC4-C08B-4A2D-B754-F3BD46AD3098}.Release|x86.ActiveCfg = Release|x86
		{04207BC4-C08B-4A2D-B754-F3BD46AD3098}.Release|x86.Build.0 = Release|x86
		{16AB3478-F401-43C0-8BF1-A19F28802711}.Debug|ARM.ActiveCfg = Debug|ARM
		{16AB3478-F401-43C0-8BF1-A19F28802711}.Debug|ARM.Build.0 = Debug|ARM
		{16AB3478-F401-43C0-8BF1-A19F28802711}.Debug|x64.ActiveCfg = Debug|x86
		{16AB3478-F401-43C0-8BF1-A19F28802711}.Debug|x86.ActiveCfg = Debug|x86
		{16AB3478-F401-43C0-8BF1-A19F28802711}.Debug|x86.Build.0 = Debug|x86
		{16AB3478-F401-43C0-8BF1-A19F28802711}.Release|ARM.ActiveCfg = Release|ARM
		{16AB3478-F401-43C0-8BF1-A19F28802711}.Release|ARM.Build.0 = Release|ARM
		{16AB3478-F401-43C0-8BF1-A19F28802711}.Release|x64.ActiveCfg = Release|x86
		{16AB3478-F401-43C0-8BF1-A19F28802711}.Release|x86.ActiveCfg = Release|x86
		{16AB3478-F401-43C0-8BF1-A19F28802711}.Release|x86.Build.0 = Release|x86
		{06207BC4-C08B-4A2D-B754-F3BD46AD3098}.Debug|ARM.ActiveCfg = Debug|ARM
		{06207BC4-C08B-4A2D-B754-F3BD46AD3098}.Debug|ARM.Build.0 = Debug|ARM
		{06207BC4-C08B-4A2D-B754-F3BD46AD3098}.Debug|x64.ActiveCfg = Debug|x86
		{06207BC4-C08B-4A2D-B754-F3BD46AD3098}.Debug|x86.ActiveCfg = Debug|x86
		{06207BC4-C08B-4A2D-B754-F3BD46AD3098}.Debug|x86.Build.0 = Debug|x86
		{06207BC4-C08B-4A2D-B754-F3BD46AD3098}.Release|ARM.ActiveCfg = Release|ARM
		{06207BC4-C08B-4A2D-B754-F3BD46AD3098}.Release|ARM.Build.0 = Release|ARM
		{06207BC4-C08B-4A2D-B754-F3BD46AD3098}.Release|x64.ActiveCfg = Release|x86
		{06207BC4-C08B-4A2D-B754-F3BD46AD3098}.Release|x86.ActiveCfg = Release|x86
		{06207BC4-C08B-4A2D-B754-F3BD46AD3098}.Release|x86.Build.0 = Release|x86
		{0365BD5F-5C57-4DB4-9270-D850D2A84FBB}.Debug|ARM.ActiveCfg = Debug|ARM
		{0365BD5F-5C57-4DB4-9270-D850D2A84FBB}.Debug|ARM.Build.0 = Debug|ARM
		{0365BD5F-5C57-4DB4-9270-D850D2A84FBB}.Debug|x64.ActiveCfg = Debug|x86
		{0365BD5F-5C57-4DB4-9270-D850D2A84FBB}.Debug|x86.ActiveCfg = Debug|x86
		{0365BD5F-5C57-4DB4-9270-D850D2A84FBB}.Debug|x86.Build.0 = Debug|x86
		{0365BD5F-5C57-4DB4-9270-D850D2A84FBB}.Release|ARM.ActiveCfg = Release|ARM
		{0365BD5F-5C57-4DB4-9270-D850D2A84FBB}.Release|ARM.Build.0 = Release|ARM
		{0365BD5F-5C57-4DB4-9270-D850D2A84FBB}.Release|x64.ActiveCfg = Release|x86
		{0365BD5F-5C57-4DB4-9270-D850D2A84FBB}.Release|x86.ActiveCfg = Release|x86
		{0365BD5F-5C57-4DB4-9270-D850D2A84FBB}.Release|x86.Build.0 = Release|x86
		{85DD443E-1930-4C2D-A917-200E09D871E8}.Debug|ARM.ActiveCfg = Debug|ARM
		{85DD443E-1930-4C2D-A917-200E09D871E8}.Debug|ARM.Build.0 = Debug|ARM
		{85DD443E-1930-4C2D-A917-200E09D871E8}.Debug|x64.ActiveCfg = Debug|x86
		{85DD443E-1930-4C2D-A917-200E09D871E8}.Debug|x86.ActiveCfg = Debug|x86
		{85DD443E-1930-4C2D-A917-200E09D871E8}.Debug|x86.Build.0 = Debug|x86
		{85DD443E-1930-4C2D-A917-200E09D871E8}.Release|ARM.ActiveCfg = Release|ARM
		{85DD443E-1930-4C2D-A917-200E09D871E8}.Release|ARM.Build.0 = Release|ARM
		{85DD443E-1930-4C2D-A917-200E09D871E8}.Release|x64.ActiveCfg = Release|x86
		{85DD443E-1930-4C2D-A917-200E09D871E8}.Release|x86.ActiveCfg = Release|x86
		{85DD443E-1930-4C2D-A917-200E09D871E8}.Release|x86.Build.0 = Release|x86
		{02207BC4-C08B-4A2D-B754-F3BD46AD3098}.Debug|ARM.ActiveCfg = Debug|ARM
		{02207BC4-C08B-4A2D-B754-F3BD46AD3098}.Debug|ARM.Build.0 = Debug|ARM
		{02207BC4-C08B-4A2D-B754-F3BD46AD3098}.Debug|x64.ActiveCfg = Debug|x86
		{02207BC4-C08B-4A2D-B754-F3BD46AD3098}.Debug|x86.ActiveCfg = Debug|x86
		{02207BC4-C08B-4A2D-B754-F3BD46AD3098}.Debug|x86.Build.0 = Debug|x86
		{02207BC4-C08B-4A2D-B754-F3BD46AD3098}.Release|ARM.ActiveCfg = Release|ARM
		{02207BC4-C08B-4A2D-B754-F3BD46AD3098}.Release|ARM.Build.0 = Release|ARM
		{02207BC4-C08B-4A2D-B754-F3BD46AD3098}.Release|x64.ActiveCfg = Release|x86
		{02207BC4-C08B-4A2D-B754-F3BD46AD3098}.Release|x86.ActiveCfg = Release|x86
		{02207BC4-C08B-4A2D-B754-F3BD46AD3098}.Release|x86.Build.0 = Release|x86
		{A2A7BC8C-519F-4F38-B7FB-58AF0860D021}.Debug|ARM.ActiveCfg = Debug|ARM
		{A2A7BC8C-519F-4F38-B7FB-58AF0860D021}.Debug|ARM.Build.0 = Debug|ARM
		{A2A7BC8C-519F-4F38-B7FB-58AF0860D021}.Debug|x64.ActiveCfg = Debug|x86
		{A2A7BC8C-519F-4F38-B7FB-58AF0860D021}.Debug|x86.ActiveCfg = Debug|x86
		{A2A7BC8C-519F-4F38-B7FB-58AF0860D021}.Debug|x86.Build.0 = Debug|x86
		{A2A7BC8C-519F-4F38-B7FB-58AF0860D021}.Release|ARM.ActiveCfg = Release|ARM
		{A2A7BC8C-519F-4F38-B7FB-58AF0860D021}.Release|ARM.Build.0 = Release|ARM
		{A2A7BC8C-519F-4F38-B7FB-58AF0860D021}.Release|x64.ActiveCfg = Release|x86
		{A2A7BC8C-519F-4F38-B7FB-58AF0860D021}.Release|x86.ActiveCfg = Release|x86
		{A2A7BC8C-519F-4F38-B7FB-58AF0860D021}.Release|x86.Build.0 = Release|x86
		{0CEBDB3A-CC7E-4237-8448-FC56095B2173}.Debug|ARM.ActiveCfg = Debug|ARM
		{0CEBDB3A-CC7E-4237-8448-FC56095B2173}.Debug|ARM.Build.0 = Debug|ARM
		{0CEBDB3A-CC7E-4237-8448-FC56095B2173}.Debug|x64.ActiveCfg = Debug|x86
		{0CEBDB3A-CC7E-4237-8448-FC56095B2173}.Debug|x86.ActiveCfg = Debug|x86
		{0CEBDB3A-CC7E-4237-8448-FC56095B2173}.Debug|x86.Build.0 = Debug|x86
		{0CEBDB3A-CC7E-4237-8448-FC56095B2173}.Release|ARM.ActiveCfg = Release|ARM
		{0CEBDB3A-CC7E-4237-8448-FC56095B2173}.Release|ARM.Build.0 = Release|ARM
		{0CEBDB3A-CC7E-4237-8448-FC56095B2173}.Release|x64.ActiveCfg = Release|x86
		{0CEBDB3A-CC7E-4237-8448-FC56095B2173}.Release|x86.ActiveCfg = Release|x86
		{0CEBDB3A-CC7E-4237-8448-FC56095B2173}.Release|x86.Build.0 = Release|x86
		{7F61A6F3-4ED9-4460-9270-4EA7CB00E634}.Debug|ARM.ActiveCfg = Debug|ARM
		{7F61A6F3-4ED9-4460-9270-4EA7CB00E634}.Debug|ARM.Build.0 = Debug|ARM
		{7F61A6F3-4ED9-4460-9270-4EA7CB00E634}.Debug|x64.ActiveCfg = Debug|x86
		{7F61A6F3-4ED9-4460-9270-4EA7CB00E634}.Debug|x86.ActiveCfg = Debug|x86
		{7F61A6F3-4ED9-4460-9270-4EA7CB00E634}.Debug|x86.Build.0 = Debug|x86
		{7F61A6F3-4ED9-4460-9270-4EA7CB00E634}.Release|ARM.ActiveCfg = Release|ARM
		{7F61A6F3-4ED9-4460-9270-4EA7CB00E634}.Release|ARM.Build.0 = Release|ARM
		{7F61A6F3-4ED9-4460-9270-4EA7CB00E634}.Release|x64.ActiveCfg = Release|x86
		{7F61A6F3-4ED9-4460-9270-4EA7CB00E634}.Release|x86.ActiveCfg = Release|x86
		{7F61A6F3-4ED9-4460-9270-4EA7CB00E634}.Release|x86.Build.0 = Release|x86
		{E99C9D52-0709-4ED7-9F14-180B18F66C46}.Debug|ARM.ActiveCfg = Debug|ARM
		{E99C9D52-0709-4ED7-9F14-180B18F66C46}.Debug|ARM.Build.0 = Debug|ARM
		{E99C9D52-0709-4ED7-9F14-180B18F66C46}.Debug|x64.ActiveCfg = Debug|x86
		{E99C9D52-0709-4ED7-9F14-180B18F66C46}.Debug|x86.ActiveCfg = Debug|x86
		{E99C9D52-0709-4ED7-9F14-180B18F66C46}.Debug|x86.Build.0 = Debug|x86
		{E99C9D52-0709-4ED7-9F14-180B18F66C46}.Release|ARM.ActiveCfg = Release|ARM
		{E99C9D52-0709-4ED7-9F14-180B18F66C46}.Release|ARM.Build.0 = Release|ARM
		{E99C9D52-0709-4ED7-9F14-180B18F66C46}.Release|x64.ActiveCfg = Release|x86
		{E99C9D52-0709-4ED7-9F14-180B18F66C46}.Release|x86.ActiveCfg = Release|x86
		{E99C9D52-0709-4ED7-9F14-180B18F66C46}.Release|x86.Build.0 = Release|x86
		{3F63B8BA-14B8-4147-A78A-0894B7207E37}.Debug|ARM.ActiveCfg = Debug|ARM
		{3F63B8BA-14B8-4147-A78A-0894B7207E37}.Debug|ARM.Build.0 = Debug|ARM
		{3F63B8BA-14B8-4147-A78A-0894B7207E37}.Debug|x64.ActiveCfg = Debug|x86
		{3F63B8BA-14B8-4147-A78A-0894B7207E37}.Debug|x86.ActiveCfg = Debug|x86
		{3F63B8BA-14B8-4147-A78A-0894B7207E37}.Debug|x86.Build.0 = Debug|x86
		{3F63B8BA-14B8-4147-A78A-0894B7207E37}.Release|ARM.ActiveCfg = Release|ARM
		{3F63B8BA-14B8-4147-A78A-0894B7207E37}.Release|ARM.Build.0 = Release|ARM
		{3F63B8BA-14B8-4147-A78A-0894B7207E37}.Release|x64.ActiveCfg = Release|x86
		{3F63B8BA-14B8-4147-A78A-0894B7207E37}.Release|x86.ActiveCfg = Release|x86
		{3F63B8BA-14B8-4147-A78A-0894B7207E37}.Release|x86.Build.0 = Release|x86
		{3C4A93D3-9B9B-4EA9-8BCF-A53BE3A0F9B5}.Debug|ARM.ActiveCfg = Debug|ARM
		{3C4A93D3-9B9B-4EA9-8BCF-A53BE3A0F9B5}.Debug|ARM.Build.0 = Debug|ARM
		{3C4A93D3-9B9B-4EA9-8BCF-A53BE3A0F9B5}.Debug|x64.ActiveCfg = Debug|x86
		{3C4A93D3-9B9B-4EA9-8BCF-A53BE3A0F9B5}.Debug|x86.ActiveCfg = Debug|x86
		{3C4A93D3-9B9B-4EA9-8BCF-A53BE3A0F9B5}.Debug|x86.Build.0 = Debug|x86
		{3C4A93D3-9B9B-4EA9-8BCF-A53BE3A0F9B5}.Release|ARM.ActiveCfg = Release|ARM
		{3C4A93D3-9B9B-4EA9-8BCF-A53BE3A0F9B5}.Release|ARM.Build.0 = Release|ARM
		{3C4A93D3-9B9B-4EA9-8BCF-A53BE3A0F9B5}.Release|x64.ActiveCfg = Release|x86
		{3C4A93D3-9B9B-4EA9-8BCF-A53BE3A0F9B5}.Release|x86.ActiveCfg = Release|x86
		{3C4A93D3-9B9B-4EA9-8BCF-A53BE3A0F9B5}.Release|x86.Build.0 = Release|x86
		{CD2A80BB-5B55-45FD-932D-404D2D76729B}.Debug|ARM.ActiveCfg = Debug|ARM
		{CD2A80BB-5B55-45FD-932D-404D2D76729B}.Debug|ARM.Build.0 = Debug|ARM
		{CD2A80BB-5B55-45FD-932D-404D2D76729B}.Debug|x64.ActiveCfg = Debug|x86
		{CD2A80BB-5B55-45FD-932D-404D2D76729B}.Debug|x86.ActiveCfg = Debug|x86
		{CD2A80BB-5B55-45FD-932D-404D2D76729B}.Debug|x86.Build.0 = Debug|x86
		{CD2A80BB-5B55-45FD-932D-404D2D76729B}.Release|ARM.ActiveCfg = Release|ARM
		{CD2A80BB-5B55-45FD-932D-404D2D76729B}.Release|ARM.Build.0 = Release|ARM
		{CD2A80BB-5B55-45FD-932D-404D2D76729B}.Release|x64.ActiveCfg = Release|x86
		{CD2A80BB-5B55-45FD-932D-404D2D76729B}.Release|x86.ActiveCfg = Release|x86
		{CD2A80BB-5B55-45FD-932D-404D2D76729B}.Release|x86.Build.0 = Release|x86
		{19841115-1951-0422-AF6D-98A0656F2704}.Debug|ARM.ActiveCfg = Debug|ARM
		{19841115-1951-0422-AF6D-98A0656F2704}.Debug|ARM.Build.0 = Debug|ARM
		{19841115-1951-0422-AF6D-98A0656F2704}.Debug|ARM.Deploy.0 = Debug|ARM
		{19841115-1951-0422-AF6D-98A0656F2704}.Debug|x64.ActiveCfg = Debug|x86
		{19841115-1951-0422-AF6D-98A0656F2704}.Debug|x86.ActiveCfg = Debug|x86
		{19841115-1951-0422-AF6D-98A0656F2704}.Debug|x86.Build.0 = Debug|x86
		{19841115-1951-0422-AF6D-98A0656F2704}.Debug|x86.Deploy.0 = Debug|x86
		{19841115-1951-0422-AF6D-98A0656F2704}.Release|ARM.ActiveCfg = Release|ARM
		{19841115-1951-0422-AF6D-98A0656F2704}.Release|ARM.Build.0 = Release|ARM
		{19841115-1951-0422-AF6D-98A0656F2704}.Release|ARM.Deploy.0 = Release|ARM
		{19841115-1951-0422-AF6D-98A0656F2704}.Release|x64.ActiveCfg = Release|x86
		{19841115-1951-0422-AF6D-98A0656F2704}.Release|x86.ActiveCfg = Release|x86
		{19841115-1951-0422-AF6D-98A0656F2704}.Release|x86.Build.0 = Release|x86
		{19841115-1951-0422-AF6D-98A0656F2704}.Release|x86.Deploy.0 = Release|x86
		{19841115-2E02-4BC0-BF89-D11F8409C8DF}.Debug|ARM.ActiveCfg = Debug|ARM
		{19841115-2E02-4BC0-BF89-D11F8409C8DF}.Debug|ARM.Build.0 = Debug|ARM
		{19841115-2E02-4BC0-BF89-D11F8409C8DF}.Debug|x64.ActiveCfg = Debug|x86
		{19841115-2E02-4BC0-BF89-D11F8409C8DF}.Debug|x86.ActiveCfg = Debug|x86
		{19841115-2E02-4BC0-BF89-D11F8409C8DF}.Debug|x86.Build.0 = Debug|x86
		{19841115-2E02-4BC0-BF89-D11F8409C8DF}.Release|ARM.ActiveCfg = Release|ARM
		{19841115-2E02-4BC0-BF89-D11F8409C8DF}.Release|ARM.Build.0 = Release|ARM
		{19841115-2E02-4BC0-BF89-D11F8409C8DF}.Release|x64.ActiveCfg = Release|x86
		{19841115-2E02-4BC0-BF89-D11F8409C8DF}.Release|x86.ActiveCfg = Release|x86
		{19841115-2E02-4BC0-BF89-D11F8409C8DF}.Release|x86.Build.0 = Release|x86
		{B9EE40FC-3EBC-4D09-BF3A-0D329B651AC8}.Debug|ARM.ActiveCfg = Debug|ARM
		{B9EE40FC-3EBC-4D09-BF3A-0D329B651AC8}.Debug|ARM.Build.0 = Debug|ARM
		{B9EE40FC-3EBC-4D09-BF3A-0D329B651AC8}.Debug|ARM.Deploy.0 = Debug|ARM
		{B9EE40FC-3EBC-4D09-BF3A-0D329B651AC8}.Debug|x64.ActiveCfg = Debug|x64
		{B9EE40FC-3EBC-4D09-BF3A-0D329B651AC8}.Debug|x64.Build.0 = Debug|x64
		{B9EE40FC-3EBC-4D09-BF3A-0D329B651AC8}.Debug|x64.Deploy.0 = Debug|x64
		{B9EE40FC-3EBC-4D09-BF3A-0D329B651AC8}.Debug|x86.ActiveCfg = Debug|x86
		{B9EE40FC-3EBC-4D09-BF3A-0D329B651AC8}.Debug|x86.Build.0 = Debug|x86
		{B9EE40FC-3EBC-4D09-BF3A-0D329B651AC8}.Debug|x86.Deploy.0 = Debug|x86
		{B9EE40FC-3EBC-4D09-BF3A-0D329B651AC8}.Release|ARM.ActiveCfg = Release|ARM
		{B9EE40FC-3EBC-4D09-BF3A-0D329B651AC8}.Release|ARM.Build.0 = Release|ARM
		{B9EE40FC-3EBC-4D09-BF3A-0D329B651AC8}.Release|ARM.Deploy.0 = Release|ARM
		{B9EE40FC-3EBC-4D09-BF3A-0D329B651AC8}.Release|x64.ActiveCfg = Release|x64
		{B9EE40FC-3EBC-4D09-BF3A-0D329B651AC8}.Release|x64.Build.0 = Release|x64
		{B9EE40FC-3EBC-4D09-BF3A-0D329B651AC8}.Release|x64.Deploy.0 = Release|x64
		{B9EE40FC-3EBC-4D09-BF3A-0D329B651AC8}.Release|x86.ActiveCfg = Release|x86
		{B9EE40FC-3EBC-4D09-BF3A-0D329B651AC8}.Release|x86.Build.0 = Release|x86
		{B9EE40FC-3EBC-4D09-BF3A-0D329B651AC8}.Release|x86.Deploy.0 = Release|x86
		{5F238C5C-BF82-4F09-A5D2-CB5CFD1CE107}.Debug|ARM.ActiveCfg = Debug|ARM
		{5F238C5C-BF82-4F09-A5D2-CB5CFD1CE107}.Debug|ARM.Build.0 = Debug|ARM
		{5F238C5C-BF82-4F09-A5D2-CB5CFD1CE107}.Debug|x64.ActiveCfg = Debug|x86
		{5F238C5C-BF82-4F09-A5D2-CB5CFD1CE107}.Debug|x86.ActiveCfg = Debug|x86
		{5F238C5C-BF82-4F09-A5D2-CB5CFD1CE107}.Debug|x86.Build.0 = Debug|x86
		{5F238C5C-BF82-4F09-A5D2-CB5CFD1CE107}.Release|ARM.ActiveCfg = Release|ARM
		{5F238C5C-BF82-4F09-A5D2-CB5CFD1CE107}.Release|ARM.Build.0 = Release|ARM
		{5F238C5C-BF82-4F09-A5D2-CB5CFD1CE107}.Release|x64.ActiveCfg = Release|x86
		{5F238C5C-BF82-4F09-A5D2-CB5CFD1CE107}.Release|x86.ActiveCfg = Release|x86
		{5F238C5C-BF82-4F09-A5D2-CB5CFD1CE107}.Release|x86.Build.0 = Release|x86
		{738497BA-78E0-4C58-A88C-051CF4113040}.Debug|ARM.ActiveCfg = Debug|ARM
		{738497BA-78E0-4C58-A88C-051CF4113040}.Debug|ARM.Build.0 = Debug|ARM
		{738497BA-78E0-4C58-A88C-051CF4113040}.Debug|ARM.Deploy.0 = Debug|ARM
		{738497BA-78E0-4C58-A88C-051CF4113040}.Debug|x64.ActiveCfg = Debug|x86
		{738497BA-78E0-4C58-A88C-051CF4113040}.Debug|x86.ActiveCfg = Debug|x86
		{738497BA-78E0-4C58-A88C-051CF4113040}.Debug|x86.Build.0 = Debug|x86
		{738497BA-78E0-4C58-A88C-051CF4113040}.Debug|x86.Deploy.0 = Debug|x86
		{738497BA-78E0-4C58-A88C-051CF4113040}.Release|ARM.ActiveCfg = Release|ARM
		{738497BA-78E0-4C58-A88C-051CF4113040}.Release|ARM.Build.0 = Release|ARM
		{738497BA-78E0-4C58-A88C-051CF4113040}.Release|ARM.Deploy.0 = Release|ARM
		{738497BA-78E0-4C58-A88C-051CF4113040}.Release|x64.ActiveCfg = Release|x86
		{738497BA-78E0-4C58-A88C-051CF4113040}.Release|x86.ActiveCfg = Release|x86
		{738497BA-78E0-4C58-A88C-051CF4113040}.Release|x86.Build.0 = Release|x86
		{738497BA-78E0-4C58-A88C-051CF4113040}.Release|x86.Deploy.0 = Release|x86
		{F1616539-19C9-48FF-831A-FC7B2C0525A8}.Debug|ARM.ActiveCfg = Debug|ARM
		{F1616539-19C9-48FF-831A-FC7B2C0525A8}.Debug|ARM.Build.0 = Debug|ARM
		{F1616539-19C9-48FF-831A-FC7B2C0525A8}.Debug|x64.ActiveCfg = Debug|x86
		{F1616539-19C9-48FF-831A-FC7B2C0525A8}.Debug|x86.ActiveCfg = Debug|x86
		{F1616539-19C9-48FF-831A-FC7B2C0525A8}.Debug|x86.Build.0 = Debug|x86
		{F1616539-19C9-48FF-831A-FC7B2C0525A8}.Release|ARM.ActiveCfg = Release|ARM
		{F1616539-19C9-48FF-831A-FC7B2C0525A8}.Release|ARM.Build.0 = Release|ARM
		{F1616539-19C9-48FF-831A-FC7B2C0525A8}.Release|x64.ActiveCfg = Release|x86
		{F1616539-19C9-48FF-831A-FC7B2C0525A8}.Release|x86.ActiveCfg = Release|x86
		{F1616539-19C9-48FF-831A-FC7B2C0525A8}.Release|x86.Build.0 = Release|x86
		{5FE121D5-EC49-4809-A658-2B8F3BD21AC8}.Debug|ARM.ActiveCfg = Debug|ARM
		{5FE121D5-EC49-4809-A658-2B8F3BD21AC8}.Debug|ARM.Build.0 = Debug|ARM
		{5FE121D5-EC49-4809-A658-2B8F3BD21AC8}.Debug|x64.ActiveCfg = Debug|x86
		{5FE121D5-EC49-4809-A658-2B8F3BD21AC8}.Debug|x86.ActiveCfg = Debug|x86
		{5FE121D5-EC49-4809-A658-2B8F3BD21AC8}.Debug|x86.Build.0 = Debug|x86
		{5FE121D5-EC49-4809-A658-2B8F3BD21AC8}.Release|ARM.ActiveCfg = Release|ARM
		{5FE121D5-EC49-4809-A658-2B8F3BD21AC8}.Release|ARM.Build.0 = Release|ARM
		{5FE121D5-EC49-4809-A658-2B8F3BD21AC8}.Release|x64.ActiveCfg = Release|x86
		{5FE121D5-EC49-4809-A658-2B8F3BD21AC8}.Release|x86.ActiveCfg = Release|x86
		{5FE121D5-EC49-4809-A658-2B8F3BD21AC8}.Release|x86.Build.0 = Release|x86
		{5CCC9E0F-1E82-4018-96A0-5CB5F6291F23}.Debug|ARM.ActiveCfg = Debug|ARM
		{5CCC9E0F-1E82-4018-96A0-5CB5F6291F23}.Debug|ARM.Build.0 = Debug|ARM
		{5CCC9E0F-1E82-4018-96A0-5CB5F6291F23}.Debug|x64.ActiveCfg = Debug|x86
		{5CCC9E0F-1E82-4018-96A0-5CB5F6291F23}.Debug|x86.ActiveCfg = Debug|x86
		{5CCC9E0F-1E82-4018-96A0-5CB5F6291F23}.Debug|x86.Build.0 = Debug|x86
		{5CCC9E0F-1E82-4018-96A0-5CB5F6291F23}.Release|ARM.ActiveCfg = Release|ARM
		{5CCC9E0F-1E82-4018-96A0-5CB5F6291F23}.Release|ARM.Build.0 = Release|ARM
		{5CCC9E0F-1E82-4018-96A0-5CB5F6291F23}.Release|x64.ActiveCfg = Release|x86
		{5CCC9E0F-1E82-4018-96A0-5CB5F6291F23}.Release|x86.ActiveCfg = Release|x86
		{5CCC9E0F-1E82-4018-96A0-5CB5F6291F23}.Release|x86.Build.0 = Release|x86
		{118F2054-D9F2-4B58-958F-883259BE85BE}.Debug|ARM.ActiveCfg = Debug|ARM
		{118F2054-D9F2-4B58-958F-883259BE85BE}.Debug|ARM.Build.0 = Debug|ARM
		{118F2054-D9F2-4B58-958F-883259BE85BE}.Debug|ARM.Deploy.0 = Debug|ARM
		{118F2054-D9F2-4B58-958F-883259BE85BE}.Debug|x64.ActiveCfg = Debug|x86
		{118F2054-D9F2-4B58-958F-883259BE85BE}.Debug|x86.ActiveCfg = Debug|x86
		{118F2054-D9F2-4B58-958F-883259BE85BE}.Debug|x86.Build.0 = Debug|x86
		{118F2054-D9F2-4B58-958F-883259BE85BE}.Debug|x86.Deploy.0 = Debug|x86
		{118F2054-D9F2-4B58-958F-883259BE85BE}.Release|ARM.ActiveCfg = Release|ARM
		{118F2054-D9F2-4B58-958F-883259BE85BE}.Release|ARM.Build.0 = Release|ARM
		{118F2054-D9F2-4B58-958F-883259BE85BE}.Release|ARM.Deploy.0 = Release|ARM
		{118F2054-D9F2-4B58-958F-883259BE85BE}.Release|x64.ActiveCfg = Release|x86
		{118F2054-D9F2-4B58-958F-883259BE85BE}.Release|x86.ActiveCfg = Release|x86
		{118F2054-D9F2-4B58-958F-883259BE85BE}.Release|x86.Build.0 = Release|x86
		{118F2054-D9F2-4B58-958F-883259BE85BE}.Release|x86.Deploy.0 = Release|x86
		{875B2C65-4A72-4DB6-8D79-4658DAEFD446}.Debug|ARM.ActiveCfg = Debug|ARM
		{875B2C65-4A72-4DB6-8D79-4658DAEFD446}.Debug|ARM.Build.0 = Debug|ARM
		{875B2C65-4A72-4DB6-8D79-4658DAEFD446}.Debug|x64.ActiveCfg = Debug|x86
		{875B2C65-4A72-4DB6-8D79-4658DAEFD446}.Debug|x86.ActiveCfg = Debug|x86
		{875B2C65-4A72-4DB6-8D79-4658DAEFD446}.Debug|x86.Build.0 = Debug|x86
		{875B2C65-4A72-4DB6-8D79-4658DAEFD446}.Release|ARM.ActiveCfg = Release|ARM
		{875B2C65-4A72-4DB6-8D79-4658DAEFD446}.Release|ARM.Build.0 = Release|ARM
		{875B2C65-4A72-4DB6-8D79-4658DAEFD446}.Release|x64.ActiveCfg = Release|x86
		{875B2C65-4A72-4DB6-8D79-4658DAEFD446}.Release|x86.ActiveCfg = Release|x86
		{875B2C65-4A72-4DB6-8D79-4658DAEFD446}.Release|x86.Build.0 = Release|x86
		{8C0A2756-D897-444D-94EC-8DAF4D1825C2}.Debug|ARM.ActiveCfg = Debug|ARM
		{8C0A2756-D897-444D-94EC-8DAF4D1825C2}.Debug|ARM.Build.0 = Debug|ARM
		{8C0A2756-D897-444D-94EC-8DAF4D1825C2}.Debug|ARM.Deploy.0 = Debug|ARM
		{8C0A2756-D897-444D-94EC-8DAF4D1825C2}.Debug|x64.ActiveCfg = Debug|x86
		{8C0A2756-D897-444D-94EC-8DAF4D1825C2}.Debug|x86.ActiveCfg = Debug|x86
		{8C0A2756-D897-444D-94EC-8DAF4D1825C2}.Debug|x86.Build.0 = Debug|x86
		{8C0A2756-D897-444D-94EC-8DAF4D1825C2}.Debug|x86.Deploy.0 = Debug|x86
		{8C0A2756-D897-444D-94EC-8DAF4D1825C2}.Release|ARM.ActiveCfg = Release|ARM
		{8C0A2756-D897-444D-94EC-8DAF4D1825C2}.Release|ARM.Build.0 = Release|ARM
		{8C0A2756-D897-444D-94EC-8DAF4D1825C2}.Release|ARM.Deploy.0 = Release|ARM
		{8C0A2756-D897-444D-94EC-8DAF4D1825C2}.Release|x64.ActiveCfg = Release|x86
		{8C0A2756-D897-444D-94EC-8DAF4D1825C2}.Release|x86.ActiveCfg = Release|x86
		{8C0A2756-D897-444D-94EC-8DAF4D1825C2}.Release|x86.Build.0 = Release|x86
		{8C0A2756-D897-444D-94EC-8DAF4D1825C2}.Release|x86.Deploy.0 = Release|x86
		{33A74A7B-A562-4703-B452-1E5B0326F12B}.Debug|ARM.ActiveCfg = Debug|ARM
		{33A74A7B-A562-4703-B452-1E5B0326F12B}.Debug|ARM.Build.0 = Debug|ARM
		{33A74A7B-A562-4703-B452-1E5B0326F12B}.Debug|ARM.Deploy.0 = Debug|ARM
		{33A74A7B-A562-4703-B452-1E5B0326F12B}.Debug|x64.ActiveCfg = Debug|x86
		{33A74A7B-A562-4703-B452-1E5B0326F12B}.Debug|x86.ActiveCfg = Debug|x86
		{33A74A7B-A562-4703-B452-1E5B0326F12B}.Debug|x86.Build.0 = Debug|x86
		{33A74A7B-A562-4703-B452-1E5B0326F12B}.Debug|x86.Deploy.0 = Debug|x86
		{33A74A7B-A562-4703-B452-1E5B0326F12B}.Release|ARM.ActiveCfg = Release|ARM
		{33A74A7B-A562-4703-B452-1E5B0326F12B}.Release|ARM.Build.0 = Release|ARM
		{33A74A7B-A562-4703-B452-1E5B0326F12B}.Release|ARM.Deploy.0 = Release|ARM
		{33A74A7B-A562-4703-B452-1E5B0326F12B}.Release|x64.ActiveCfg = Release|x86
		{33A74A7B-A562-4703-B452-1E5B0326F12B}.Release|x86.ActiveCfg = Release|x86
		{33A74A7B-A562-4703-B452-1E5B0326F12B}.Release|x86.Build.0 = Release|x86
		{33A74A7B-A562-4703-B452-1E5B0326F12B}.Release|x86.Deploy.0 = Release|x86
		{AB695702-FEC7-48C6-9087-46649C81A9AB}.Debug|ARM.ActiveCfg = Debug|ARM
		{AB695702-FEC7-48C6-9087-46649C81A9AB}.Debug|ARM.Build.0 = Debug|ARM
		{AB695702-FEC7-48C6-9087-46649C81A9AB}.Debug|ARM.Deploy.0 = Debug|ARM
		{AB695702-FEC7-48C6-9087-46649C81A9AB}.Debug|x64.ActiveCfg = Debug|x86
		{AB695702-FEC7-48C6-9087-46649C81A9AB}.Debug|x86.ActiveCfg = Debug|x86
		{AB695702-FEC7-48C6-9087-46649C81A9AB}.Debug|x86.Build.0 = Debug|x86
		{AB695702-FEC7-48C6-9087-46649C81A9AB}.Debug|x86.Deploy.0 = Debug|x86
		{AB695702-FEC7-48C6-9087-46649C81A9AB}.Release|ARM.ActiveCfg = Release|ARM
		{AB695702-FEC7-48C6-9087-46649C81A9AB}.Release|ARM.Build.0 = Release|ARM
		{AB695702-FEC7-48C6-9087-46649C81A9AB}.Release|ARM.Deploy.0 = Release|ARM
		{AB695702-FEC7-48C6-9087-46649C81A9AB}.Release|x64.ActiveCfg = Release|x86
		{AB695702-FEC7-48C6-9087-46649C81A9AB}.Release|x86.ActiveCfg = Release|x86
		{AB695702-FEC7-48C6-9087-46649C81A9AB}.Release|x86.Build.0 = Release|x86
		{AB695702-FEC7-48C6-9087-46649C81A9AB}.Release|x86.Deploy.0 = Release|x86
		{3B4C0A08-12DB-447C-9B22-6A216CD4AB76}.Debug|ARM.ActiveCfg = Debug|ARM
		{3B4C0A08-12DB-447C-9B22-6A216CD4AB76}.Debug|ARM.Build.0 = Debug|ARM
		{3B4C0A08-12DB-447C-9B22-6A216CD4AB76}.Debug|x64.ActiveCfg = Debug|x86
		{3B4C0A08-12DB-447C-9B22-6A216CD4AB76}.Debug|x86.ActiveCfg = Debug|x86
		{3B4C0A08-12DB-447C-9B22-6A216CD4AB76}.Debug|x86.Build.0 = Debug|x86
		{3B4C0A08-12DB-447C-9B22-6A216CD4AB76}.Release|ARM.ActiveCfg = Release|ARM
		{3B4C0A08-12DB-447C-9B22-6A216CD4AB76}.Release|ARM.Build.0 = Release|ARM
		{3B4C0A08-12DB-447C-9B22-6A216CD4AB76}.Release|x64.ActiveCfg = Release|x86
		{3B4C0A08-12DB-447C-9B22-6A216CD4AB76}.Release|x86.ActiveCfg = Release|x86
		{3B4C0A08-12DB-447C-9B22-6A216CD4AB76}.Release|x86.Build.0 = Release|x86
	EndGlobalSection
	GlobalSection(SolutionProperties) = preSolution
		HideSolutionNode = FALSE
	EndGlobalSection
EndGlobal
